lockfileVersion: '9.0'

settings:
  autoInstallPeers: true
  excludeLinksFromLockfile: false

importers:

  .:
    dependencies:
      '@arcgis/core':
        specifier: ^4.32.10
        version: 4.32.10
      vue:
        specifier: ^3.5.16
        version: 3.5.16(typescript@5.8.3)
    devDependencies:
      '@vitejs/plugin-vue':
        specifier: ^5.2.4
        version: 5.2.4(vite@6.3.5)(vue@3.5.16(typescript@5.8.3))
      typescript:
        specifier: ^5.8.3
        version: 5.8.3
      vite:
        specifier: ^6.3.5
        version: 6.3.5
      vue-tsc:
        specifier: ^2.2.10
        version: 2.2.10(typescript@5.8.3)

packages:

  '@arcgis/components-utils@4.33.0-next.152':
    resolution: {integrity: sha512-90eWoS/oF16hkSes0zsr2XZX5cK0adUxFnQBZPcf9Q17cV8hYmOssBvdsq1/5/L1exe+VBj9rorN6VRLDSLnhg==}

  '@arcgis/core@4.32.10':
    resolution: {integrity: sha512-dcYbISxjsrBUBmrIx1dlTV4ynrl1CrvqLcd2fYtFgc0WNTqx3V7lFNmpBbT9wu15wqaTUA8kVXmN9HCoUppA4w==}

  '@arcgis/lumina@4.33.0-next.152':
    resolution: {integrity: sha512-1K/mYRPh1bcORCszZh2NRRy7kRsUCpPM78jj+N7glrf+ortkMlR1xpUOnDq306fYpEl1HbqvtehWq7rRd1wlIQ==}

  '@babel/helper-string-parser@7.27.1':
    resolution: {integrity: sha512-qMlSxKbpRlAridDExk92nSobyDdpPijUq2DW6oDnUqd0iOGxmQjyqhMIihI9+zv4LPyZdRje2cavWPbCbWm3eA==}
    engines: {node: '>=6.9.0'}

  '@babel/helper-validator-identifier@7.27.1':
    resolution: {integrity: sha512-D2hP9eA+Sqx1kBZgzxZh0y1trbuU+JoDkiEwqhQ36nodYqJwyEIhPSdMNd7lOm/4io72luTPWH20Yda0xOuUow==}
    engines: {node: '>=6.9.0'}

  '@babel/parser@7.27.5':
    resolution: {integrity: sha512-OsQd175SxWkGlzbny8J3K8TnnDD0N3lrIUtB92xwyRpzaenGZhxDvxN/JgU00U3CDZNj9tPuDJ5H0WS4Nt3vKg==}
    engines: {node: '>=6.0.0'}
    hasBin: true

  '@babel/types@7.27.6':
    resolution: {integrity: sha512-ETyHEk2VHHvl9b9jZP5IHPavHYk57EhanlRRuae9XCpb/j5bDCbPPMOBfCWhnl/7EDJz0jEMCi/RhccCE8r1+Q==}
    engines: {node: '>=6.9.0'}

  '@esbuild/aix-ppc64@0.25.5':
    resolution: {integrity: sha512-9o3TMmpmftaCMepOdA5k/yDw8SfInyzWWTjYTFCX3kPSDJMROQTb8jg+h9Cnwnmm1vOzvxN7gIfB5V2ewpjtGA==}
    engines: {node: '>=18'}
    cpu: [ppc64]
    os: [aix]

  '@esbuild/android-arm64@0.25.5':
    resolution: {integrity: sha512-VGzGhj4lJO+TVGV1v8ntCZWJktV7SGCs3Pn1GRWI1SBFtRALoomm8k5E9Pmwg3HOAal2VDc2F9+PM/rEY6oIDg==}
    engines: {node: '>=18'}
    cpu: [arm64]
    os: [android]

  '@esbuild/android-arm@0.25.5':
    resolution: {integrity: sha512-AdJKSPeEHgi7/ZhuIPtcQKr5RQdo6OO2IL87JkianiMYMPbCtot9fxPbrMiBADOWWm3T2si9stAiVsGbTQFkbA==}
    engines: {node: '>=18'}
    cpu: [arm]
    os: [android]

  '@esbuild/android-x64@0.25.5':
    resolution: {integrity: sha512-D2GyJT1kjvO//drbRT3Hib9XPwQeWd9vZoBJn+bu/lVsOZ13cqNdDeqIF/xQ5/VmWvMduP6AmXvylO/PIc2isw==}
    engines: {node: '>=18'}
    cpu: [x64]
    os: [android]

  '@esbuild/darwin-arm64@0.25.5':
    resolution: {integrity: sha512-GtaBgammVvdF7aPIgH2jxMDdivezgFu6iKpmT+48+F8Hhg5J/sfnDieg0aeG/jfSvkYQU2/pceFPDKlqZzwnfQ==}
    engines: {node: '>=18'}
    cpu: [arm64]
    os: [darwin]

  '@esbuild/darwin-x64@0.25.5':
    resolution: {integrity: sha512-1iT4FVL0dJ76/q1wd7XDsXrSW+oLoquptvh4CLR4kITDtqi2e/xwXwdCVH8hVHU43wgJdsq7Gxuzcs6Iq/7bxQ==}
    engines: {node: '>=18'}
    cpu: [x64]
    os: [darwin]

  '@esbuild/freebsd-arm64@0.25.5':
    resolution: {integrity: sha512-nk4tGP3JThz4La38Uy/gzyXtpkPW8zSAmoUhK9xKKXdBCzKODMc2adkB2+8om9BDYugz+uGV7sLmpTYzvmz6Sw==}
    engines: {node: '>=18'}
    cpu: [arm64]
    os: [freebsd]

  '@esbuild/freebsd-x64@0.25.5':
    resolution: {integrity: sha512-PrikaNjiXdR2laW6OIjlbeuCPrPaAl0IwPIaRv+SMV8CiM8i2LqVUHFC1+8eORgWyY7yhQY+2U2fA55mBzReaw==}
    engines: {node: '>=18'}
    cpu: [x64]
    os: [freebsd]

  '@esbuild/linux-arm64@0.25.5':
    resolution: {integrity: sha512-Z9kfb1v6ZlGbWj8EJk9T6czVEjjq2ntSYLY2cw6pAZl4oKtfgQuS4HOq41M/BcoLPzrUbNd+R4BXFyH//nHxVg==}
    engines: {node: '>=18'}
    cpu: [arm64]
    os: [linux]

  '@esbuild/linux-arm@0.25.5':
    resolution: {integrity: sha512-cPzojwW2okgh7ZlRpcBEtsX7WBuqbLrNXqLU89GxWbNt6uIg78ET82qifUy3W6OVww6ZWobWub5oqZOVtwolfw==}
    engines: {node: '>=18'}
    cpu: [arm]
    os: [linux]

  '@esbuild/linux-ia32@0.25.5':
    resolution: {integrity: sha512-sQ7l00M8bSv36GLV95BVAdhJ2QsIbCuCjh/uYrWiMQSUuV+LpXwIqhgJDcvMTj+VsQmqAHL2yYaasENvJ7CDKA==}
    engines: {node: '>=18'}
    cpu: [ia32]
    os: [linux]

  '@esbuild/linux-loong64@0.25.5':
    resolution: {integrity: sha512-0ur7ae16hDUC4OL5iEnDb0tZHDxYmuQyhKhsPBV8f99f6Z9KQM02g33f93rNH5A30agMS46u2HP6qTdEt6Q1kg==}
    engines: {node: '>=18'}
    cpu: [loong64]
    os: [linux]

  '@esbuild/linux-mips64el@0.25.5':
    resolution: {integrity: sha512-kB/66P1OsHO5zLz0i6X0RxlQ+3cu0mkxS3TKFvkb5lin6uwZ/ttOkP3Z8lfR9mJOBk14ZwZ9182SIIWFGNmqmg==}
    engines: {node: '>=18'}
    cpu: [mips64el]
    os: [linux]

  '@esbuild/linux-ppc64@0.25.5':
    resolution: {integrity: sha512-UZCmJ7r9X2fe2D6jBmkLBMQetXPXIsZjQJCjgwpVDz+YMcS6oFR27alkgGv3Oqkv07bxdvw7fyB71/olceJhkQ==}
    engines: {node: '>=18'}
    cpu: [ppc64]
    os: [linux]

  '@esbuild/linux-riscv64@0.25.5':
    resolution: {integrity: sha512-kTxwu4mLyeOlsVIFPfQo+fQJAV9mh24xL+y+Bm6ej067sYANjyEw1dNHmvoqxJUCMnkBdKpvOn0Ahql6+4VyeA==}
    engines: {node: '>=18'}
    cpu: [riscv64]
    os: [linux]

  '@esbuild/linux-s390x@0.25.5':
    resolution: {integrity: sha512-K2dSKTKfmdh78uJ3NcWFiqyRrimfdinS5ErLSn3vluHNeHVnBAFWC8a4X5N+7FgVE1EjXS1QDZbpqZBjfrqMTQ==}
    engines: {node: '>=18'}
    cpu: [s390x]
    os: [linux]

  '@esbuild/linux-x64@0.25.5':
    resolution: {integrity: sha512-uhj8N2obKTE6pSZ+aMUbqq+1nXxNjZIIjCjGLfsWvVpy7gKCOL6rsY1MhRh9zLtUtAI7vpgLMK6DxjO8Qm9lJw==}
    engines: {node: '>=18'}
    cpu: [x64]
    os: [linux]

  '@esbuild/netbsd-arm64@0.25.5':
    resolution: {integrity: sha512-pwHtMP9viAy1oHPvgxtOv+OkduK5ugofNTVDilIzBLpoWAM16r7b/mxBvfpuQDpRQFMfuVr5aLcn4yveGvBZvw==}
    engines: {node: '>=18'}
    cpu: [arm64]
    os: [netbsd]

  '@esbuild/netbsd-x64@0.25.5':
    resolution: {integrity: sha512-WOb5fKrvVTRMfWFNCroYWWklbnXH0Q5rZppjq0vQIdlsQKuw6mdSihwSo4RV/YdQ5UCKKvBy7/0ZZYLBZKIbwQ==}
    engines: {node: '>=18'}
    cpu: [x64]
    os: [netbsd]

  '@esbuild/openbsd-arm64@0.25.5':
    resolution: {integrity: sha512-7A208+uQKgTxHd0G0uqZO8UjK2R0DDb4fDmERtARjSHWxqMTye4Erz4zZafx7Di9Cv+lNHYuncAkiGFySoD+Mw==}
    engines: {node: '>=18'}
    cpu: [arm64]
    os: [openbsd]

  '@esbuild/openbsd-x64@0.25.5':
    resolution: {integrity: sha512-G4hE405ErTWraiZ8UiSoesH8DaCsMm0Cay4fsFWOOUcz8b8rC6uCvnagr+gnioEjWn0wC+o1/TAHt+It+MpIMg==}
    engines: {node: '>=18'}
    cpu: [x64]
    os: [openbsd]

  '@esbuild/sunos-x64@0.25.5':
    resolution: {integrity: sha512-l+azKShMy7FxzY0Rj4RCt5VD/q8mG/e+mDivgspo+yL8zW7qEwctQ6YqKX34DTEleFAvCIUviCFX1SDZRSyMQA==}
    engines: {node: '>=18'}
    cpu: [x64]
    os: [sunos]

  '@esbuild/win32-arm64@0.25.5':
    resolution: {integrity: sha512-O2S7SNZzdcFG7eFKgvwUEZ2VG9D/sn/eIiz8XRZ1Q/DO5a3s76Xv0mdBzVM5j5R639lXQmPmSo0iRpHqUUrsxw==}
    engines: {node: '>=18'}
    cpu: [arm64]
    os: [win32]

  '@esbuild/win32-ia32@0.25.5':
    resolution: {integrity: sha512-onOJ02pqs9h1iMJ1PQphR+VZv8qBMQ77Klcsqv9CNW2w6yLqoURLcgERAIurY6QE63bbLuqgP9ATqajFLK5AMQ==}
    engines: {node: '>=18'}
    cpu: [ia32]
    os: [win32]

  '@esbuild/win32-x64@0.25.5':
    resolution: {integrity: sha512-TXv6YnJ8ZMVdX+SXWVBo/0p8LTcrUYngpWjvm91TMjjBQii7Oz11Lw5lbDV5Y0TzuhSJHwiH4hEtC1I42mMS0g==}
    engines: {node: '>=18'}
    cpu: [x64]
    os: [win32]

  '@esri/arcgis-html-sanitizer@4.1.0':
    resolution: {integrity: sha512-einEveDJ/k1180NOp78PB/4Hje9eBy3dyOGLLtLn6bSkizpUfCwuYBIXOA7Y3F/k/BsTQXgKqUVwQ0eiscWMdA==}
    engines: {node: '>=18.0.0'}

  '@esri/calcite-components@3.2.1':
    resolution: {integrity: sha512-NRBW/bhT4sQM5RAZF7W8/VymaOLgIzaR6yTZFI270Ig4NiQ4DRexjdeo/SwDMBlswFtBw5iya+/h+fAur2+Hlg==}

  '@esri/calcite-ui-icons@4.2.0':
    resolution: {integrity: sha512-GS41gUt1tgnqG+U1a6yDRiKOHmuLST2uyOI7+cJ83JtLJ7CGduH9K6RERabTE2vRYbudaebI8jZgKNSNOHdGzw==}
    hasBin: true

  '@floating-ui/core@1.7.1':
    resolution: {integrity: sha512-azI0DrjMMfIug/ExbBaeDVJXcY0a7EPvPjb2xAJPa4HeimBX+Z18HK8QQR3jb6356SnDDdxx+hinMLcJEDdOjw==}

  '@floating-ui/dom@1.7.1':
    resolution: {integrity: sha512-cwsmW/zyw5ltYTUeeYJ60CnQuPqmGwuGVhG9w0PRaRKkAyi38BT5CKrpIbb+jtahSwUl04cWzSx9ZOIxeS6RsQ==}

  '@floating-ui/utils@0.2.9':
    resolution: {integrity: sha512-MDWhGtE+eHw5JW7lq4qhc5yRLS11ERl1c7Z6Xd0a58DozHES6EnNNwUWbMiG4J9Cgj053Bhk8zvlhFYKVhULwg==}

  '@interactjs/types@1.10.27':
    resolution: {integrity: sha512-BUdv0cvs4H5ODuwft2Xp4eL8Vmi3LcihK42z0Ft/FbVJZoRioBsxH+LlsBdK4tAie7PqlKGy+1oyOncu1nQ6eA==}

  '@jridgewell/sourcemap-codec@1.5.0':
    resolution: {integrity: sha512-gv3ZRaISU3fjPAgNsriBRqGWQL6quFx04YMPW/zD8XMLsU32mhCCbfbO6KZFLjvYpCZ8zyDEgqsgf+PwPaM7GQ==}

  '@lit-labs/ssr-client@1.1.7':
    resolution: {integrity: sha512-VvqhY/iif3FHrlhkzEPsuX/7h/NqnfxLwVf0p8ghNIlKegRyRqgeaJevZ57s/u/LiFyKgqksRP5n+LmNvpxN+A==}

  '@lit-labs/ssr-dom-shim@1.3.0':
    resolution: {integrity: sha512-nQIWonJ6eFAvUUrSlwyHDm/aE8PBDu5kRpL0vHMg6K8fK3Diq1xdPjTnsJSwxABhaZ+5eBi1btQB5ShUTKo4nQ==}

  '@lit-labs/ssr@3.3.1':
    resolution: {integrity: sha512-JlF1PempxvzrGEpRFrF+Ki0MHzR3HA51SK8Zv0cFpW9p0bPW4k0FeCwrElCu371UEpXF7RcaE2wgYaE1az0XKg==}
    engines: {node: '>=13.9.0'}

  '@lit/context@1.1.5':
    resolution: {integrity: sha512-57KyQD9of4RlBXkOIF1N40/BLY1j+1wLB5wRmB207+VtwNIRfXbanLsB6BsnFYXrycOUIp2d8gqTNGwuW1lE9Q==}

  '@lit/reactive-element@2.1.0':
    resolution: {integrity: sha512-L2qyoZSQClcBmq0qajBVbhYEcG6iK0XfLn66ifLe/RfC0/ihpc+pl0Wdn8bJ8o+hj38cG0fGXRgSS20MuXn7qA==}

  '@open-wc/dedupe-mixin@1.4.0':
    resolution: {integrity: sha512-Sj7gKl1TLcDbF7B6KUhtvr+1UCxdhMbNY5KxdU5IfMFWqL8oy1ZeAcCANjoB1TL0AJTcPmcCFsCbHf8X2jGDUA==}

  '@parse5/tools@0.3.0':
    resolution: {integrity: sha512-zxRyTHkqb7WQMV8kTNBKWb1BeOFUKXBXTBWuxg9H9hfvQB3IwP6Iw2U75Ia5eyRxPNltmY7E8YAlz6zWwUnjKg==}

  '@polymer/polymer@3.5.2':
    resolution: {integrity: sha512-fWwImY/UH4bb2534DVSaX+Azs2yKg8slkMBHOyGeU2kKx7Xmxp6Lee0jP8p6B3d7c1gFUPB2Z976dTUtX81pQA==}

  '@rollup/rollup-android-arm-eabi@4.42.0':
    resolution: {integrity: sha512-gldmAyS9hpj+H6LpRNlcjQWbuKUtb94lodB9uCz71Jm+7BxK1VIOo7y62tZZwxhA7j1ylv/yQz080L5WkS+LoQ==}
    cpu: [arm]
    os: [android]

  '@rollup/rollup-android-arm64@4.42.0':
    resolution: {integrity: sha512-bpRipfTgmGFdCZDFLRvIkSNO1/3RGS74aWkJJTFJBH7h3MRV4UijkaEUeOMbi9wxtxYmtAbVcnMtHTPBhLEkaw==}
    cpu: [arm64]
    os: [android]

  '@rollup/rollup-darwin-arm64@4.42.0':
    resolution: {integrity: sha512-JxHtA081izPBVCHLKnl6GEA0w3920mlJPLh89NojpU2GsBSB6ypu4erFg/Wx1qbpUbepn0jY4dVWMGZM8gplgA==}
    cpu: [arm64]
    os: [darwin]

  '@rollup/rollup-darwin-x64@4.42.0':
    resolution: {integrity: sha512-rv5UZaWVIJTDMyQ3dCEK+m0SAn6G7H3PRc2AZmExvbDvtaDc+qXkei0knQWcI3+c9tEs7iL/4I4pTQoPbNL2SA==}
    cpu: [x64]
    os: [darwin]

  '@rollup/rollup-freebsd-arm64@4.42.0':
    resolution: {integrity: sha512-fJcN4uSGPWdpVmvLuMtALUFwCHgb2XiQjuECkHT3lWLZhSQ3MBQ9pq+WoWeJq2PrNxr9rPM1Qx+IjyGj8/c6zQ==}
    cpu: [arm64]
    os: [freebsd]

  '@rollup/rollup-freebsd-x64@4.42.0':
    resolution: {integrity: sha512-CziHfyzpp8hJpCVE/ZdTizw58gr+m7Y2Xq5VOuCSrZR++th2xWAz4Nqk52MoIIrV3JHtVBhbBsJcAxs6NammOQ==}
    cpu: [x64]
    os: [freebsd]

  '@rollup/rollup-linux-arm-gnueabihf@4.42.0':
    resolution: {integrity: sha512-UsQD5fyLWm2Fe5CDM7VPYAo+UC7+2Px4Y+N3AcPh/LdZu23YcuGPegQly++XEVaC8XUTFVPscl5y5Cl1twEI4A==}
    cpu: [arm]
    os: [linux]
    libc: [glibc]

  '@rollup/rollup-linux-arm-musleabihf@4.42.0':
    resolution: {integrity: sha512-/i8NIrlgc/+4n1lnoWl1zgH7Uo0XK5xK3EDqVTf38KvyYgCU/Rm04+o1VvvzJZnVS5/cWSd07owkzcVasgfIkQ==}
    cpu: [arm]
    os: [linux]
    libc: [musl]

  '@rollup/rollup-linux-arm64-gnu@4.42.0':
    resolution: {integrity: sha512-eoujJFOvoIBjZEi9hJnXAbWg+Vo1Ov8n/0IKZZcPZ7JhBzxh2A+2NFyeMZIRkY9iwBvSjloKgcvnjTbGKHE44Q==}
    cpu: [arm64]
    os: [linux]
    libc: [glibc]

  '@rollup/rollup-linux-arm64-musl@4.42.0':
    resolution: {integrity: sha512-/3NrcOWFSR7RQUQIuZQChLND36aTU9IYE4j+TB40VU78S+RA0IiqHR30oSh6P1S9f9/wVOenHQnacs/Byb824g==}
    cpu: [arm64]
    os: [linux]
    libc: [musl]

  '@rollup/rollup-linux-loongarch64-gnu@4.42.0':
    resolution: {integrity: sha512-O8AplvIeavK5ABmZlKBq9/STdZlnQo7Sle0LLhVA7QT+CiGpNVe197/t8Aph9bhJqbDVGCHpY2i7QyfEDDStDg==}
    cpu: [loong64]
    os: [linux]
    libc: [glibc]

  '@rollup/rollup-linux-powerpc64le-gnu@4.42.0':
    resolution: {integrity: sha512-6Qb66tbKVN7VyQrekhEzbHRxXXFFD8QKiFAwX5v9Xt6FiJ3BnCVBuyBxa2fkFGqxOCSGGYNejxd8ht+q5SnmtA==}
    cpu: [ppc64]
    os: [linux]
    libc: [glibc]

  '@rollup/rollup-linux-riscv64-gnu@4.42.0':
    resolution: {integrity: sha512-KQETDSEBamQFvg/d8jajtRwLNBlGc3aKpaGiP/LvEbnmVUKlFta1vqJqTrvPtsYsfbE/DLg5CC9zyXRX3fnBiA==}
    cpu: [riscv64]
    os: [linux]
    libc: [glibc]

  '@rollup/rollup-linux-riscv64-musl@4.42.0':
    resolution: {integrity: sha512-qMvnyjcU37sCo/tuC+JqeDKSuukGAd+pVlRl/oyDbkvPJ3awk6G6ua7tyum02O3lI+fio+eM5wsVd66X0jQtxw==}
    cpu: [riscv64]
    os: [linux]
    libc: [musl]

  '@rollup/rollup-linux-s390x-gnu@4.42.0':
    resolution: {integrity: sha512-I2Y1ZUgTgU2RLddUHXTIgyrdOwljjkmcZ/VilvaEumtS3Fkuhbw4p4hgHc39Ypwvo2o7sBFNl2MquNvGCa55Iw==}
    cpu: [s390x]
    os: [linux]
    libc: [glibc]

  '@rollup/rollup-linux-x64-gnu@4.42.0':
    resolution: {integrity: sha512-Gfm6cV6mj3hCUY8TqWa63DB8Mx3NADoFwiJrMpoZ1uESbK8FQV3LXkhfry+8bOniq9pqY1OdsjFWNsSbfjPugw==}
    cpu: [x64]
    os: [linux]
    libc: [glibc]

  '@rollup/rollup-linux-x64-musl@4.42.0':
    resolution: {integrity: sha512-g86PF8YZ9GRqkdi0VoGlcDUb4rYtQKyTD1IVtxxN4Hpe7YqLBShA7oHMKU6oKTCi3uxwW4VkIGnOaH/El8de3w==}
    cpu: [x64]
    os: [linux]
    libc: [musl]

  '@rollup/rollup-win32-arm64-msvc@4.42.0':
    resolution: {integrity: sha512-+axkdyDGSp6hjyzQ5m1pgcvQScfHnMCcsXkx8pTgy/6qBmWVhtRVlgxjWwDp67wEXXUr0x+vD6tp5W4x6V7u1A==}
    cpu: [arm64]
    os: [win32]

  '@rollup/rollup-win32-ia32-msvc@4.42.0':
    resolution: {integrity: sha512-F+5J9pelstXKwRSDq92J0TEBXn2nfUrQGg+HK1+Tk7VOL09e0gBqUHugZv7SW4MGrYj41oNCUe3IKCDGVlis2g==}
    cpu: [ia32]
    os: [win32]

  '@rollup/rollup-win32-x64-msvc@4.42.0':
    resolution: {integrity: sha512-LpHiJRwkaVz/LqjHjK8LCi8osq7elmpwujwbXKNW88bM8eeGxavJIKKjkjpMHAh/2xfnrt1ZSnhTv41WYUHYmA==}
    cpu: [x64]
    os: [win32]

  '@types/estree@1.0.7':
    resolution: {integrity: sha512-w28IoSUCJpidD/TGviZwwMJckNESJZXFu7NBZ5YJ4mEUnNraUn9Pm8HSZm/jDF1pDWYKspWE7oVphigUPRakIQ==}

  '@types/node@16.18.126':
    resolution: {integrity: sha512-OTcgaiwfGFBKacvfwuHzzn1KLxH/er8mluiy8/uM3sGXHaRe73RrSIj01jow9t4kJEW633Ov+cOexXeiApTyAw==}

  '@types/sortablejs@1.15.8':
    resolution: {integrity: sha512-b79830lW+RZfwaztgs1aVPgbasJ8e7AXtZYHTELNXZPsERt4ymJdjV4OccDbHQAvHrCcFpbF78jkm0R6h/pZVg==}

  '@types/trusted-types@2.0.7':
    resolution: {integrity: sha512-ScaPdn1dQczgbl0QFTeTOmVHFULt394XJgOQNoyVhZ6r2vLnMLJfBPd53SB52T/3G36VI1/g2MZaX0cwDuXsfw==}

  '@vaadin/a11y-base@24.6.11':
    resolution: {integrity: sha512-yBZ0QGPngbItIJQx3FRIa9IXDW2Ftf6SFFPGhbdAZafJPBlFi6FElP9cVtL3qjJlI5KKBp/UXEcC8ehPK207gw==}

  '@vaadin/checkbox@24.6.11':
    resolution: {integrity: sha512-Uvd6gZ3xQQrZTtCJL6f4uLbg6mXsAKjiZto7Je39yJwUHz8r5MIQr+4mLF4zc6mYVSH/Ihj/a4n9FOuTwSEuQw==}

  '@vaadin/component-base@24.6.11':
    resolution: {integrity: sha512-7jR6vcJeCBgY2CNbAPLOcUTsxYspqdkA0slUGk3GwfgsRDD5FLkzqQDSM5+yE6O2+4Wah2Tk+kG/GsKGtlUlwg==}

  '@vaadin/field-base@24.6.11':
    resolution: {integrity: sha512-dRjxKzbW3xQAau1xuO8uZepVWaImS2wEyKDK9Oh+y8iiu4smYEmo9e4aqMqQN/sOHU6OSa4YtbyJZlvD1sBXrA==}

  '@vaadin/grid@24.6.11':
    resolution: {integrity: sha512-10ra384y81iIPwrVCsJwZda4vrdVeDk7SaZSXHe+pM8dVNAvBfmCNomdc9XdC6Q289GHt1AHn/3SaN+G3Wr7FQ==}

  '@vaadin/icon@24.6.11':
    resolution: {integrity: sha512-CKOh+I84+GZRfMHrhtATtrw3bSW5eUArgGT4cKsOY3asoCZXUdTObPD/PqKfP4e2uAA1bgLl27kOc+W8dmibJA==}

  '@vaadin/input-container@24.6.11':
    resolution: {integrity: sha512-fT1DK1QDp6VNKaHKkHxuuF3OlbNWbZOtK9IcLs3Q78/9jzhs8gg/nhIbQbyvhIhvjjHncIhzp0vPiw1l7Xxl+Q==}

  '@vaadin/lit-renderer@24.6.11':
    resolution: {integrity: sha512-JugFumbBQP4r28+HcbdDUVVGs5VRsqanLsifjkVrz/xb4saWv460lEYco5ES+StH+xZ2IuJZmEjEFUBSrVR/tA==}

  '@vaadin/text-field@24.6.11':
    resolution: {integrity: sha512-pqDPTf5AGwz5CcMfyFmF2215WzwWpjfudKlCje6u2qOcA/9kqBYCTQolemVYCtMDwn0yHXFSp4dU8UasxMCUJA==}

  '@vaadin/vaadin-development-mode-detector@2.0.7':
    resolution: {integrity: sha512-9FhVhr0ynSR3X2ao+vaIEttcNU5XfzCbxtmYOV8uIRnUCtNgbvMOIcyGBvntsX9I5kvIP2dV3cFAOG9SILJzEA==}

  '@vaadin/vaadin-lumo-styles@24.6.11':
    resolution: {integrity: sha512-WRluczao8lZgImdtl66v09YjFULb1iLAhcU48aiR9igAT7h6aLeHYBvRH3AA/gBlUNwHd4xlBSl89p4HP2GGog==}

  '@vaadin/vaadin-material-styles@24.6.11':
    resolution: {integrity: sha512-tDumwlaDp/s9u++MPi64I1o2ls/drWOZf4xVPhztUjt3NwYJUeVXtwu39q0wBRIeRM7UBrs06kug2CVT72U4qQ==}

  '@vaadin/vaadin-themable-mixin@24.6.11':
    resolution: {integrity: sha512-xCmn3X+2C7nI9LQn2OqLLkLw7VeJOCo99DlHwnxeLZpJJ/s8bjDXcIWflS+IOChzHixgEFkDSoLcNYoCR1RvYg==}

  '@vaadin/vaadin-usage-statistics@2.1.3':
    resolution: {integrity: sha512-8r4TNknD7OJQADe3VygeofFR7UNAXZ2/jjBFP5dgI8+2uMfnuGYgbuHivasKr9WSQ64sPej6m8rDoM1uSllXjQ==}
    engines: {node: ^12.20.0 || ^14.13.1 || >=16.0.0}

  '@vitejs/plugin-vue@5.2.4':
    resolution: {integrity: sha512-7Yx/SXSOcQq5HiiV3orevHUFn+pmMB4cgbEkDYgnkUWb0WfeQ/wa2yFv6D5ICiCQOVpjA7vYDXrC7AGO8yjDHA==}
    engines: {node: ^18.0.0 || >=20.0.0}
    peerDependencies:
      vite: ^5.0.0 || ^6.0.0
      vue: ^3.2.25

  '@volar/language-core@2.4.14':
    resolution: {integrity: sha512-X6beusV0DvuVseaOEy7GoagS4rYHgDHnTrdOj5jeUb49fW5ceQyP9Ej5rBhqgz2wJggl+2fDbbojq1XKaxDi6w==}

  '@volar/source-map@2.4.14':
    resolution: {integrity: sha512-5TeKKMh7Sfxo8021cJfmBzcjfY1SsXsPMMjMvjY7ivesdnybqqS+GxGAoXHAOUawQTwtdUxgP65Im+dEmvWtYQ==}

  '@volar/typescript@2.4.14':
    resolution: {integrity: sha512-p8Z6f/bZM3/HyCdRNFZOEEzts51uV8WHeN8Tnfnm2EBv6FDB2TQLzfVx7aJvnl8ofKAOnS64B2O8bImBFaauRw==}

  '@vue/compiler-core@3.5.16':
    resolution: {integrity: sha512-AOQS2eaQOaaZQoL1u+2rCJIKDruNXVBZSiUD3chnUrsoX5ZTQMaCvXlWNIfxBJuU15r1o7+mpo5223KVtIhAgQ==}

  '@vue/compiler-dom@3.5.16':
    resolution: {integrity: sha512-SSJIhBr/teipXiXjmWOVWLnxjNGo65Oj/8wTEQz0nqwQeP75jWZ0n4sF24Zxoht1cuJoWopwj0J0exYwCJ0dCQ==}

  '@vue/compiler-sfc@3.5.16':
    resolution: {integrity: sha512-rQR6VSFNpiinDy/DVUE0vHoIDUF++6p910cgcZoaAUm3POxgNOOdS/xgoll3rNdKYTYPnnbARDCZOyZ+QSe6Pw==}

  '@vue/compiler-ssr@3.5.16':
    resolution: {integrity: sha512-d2V7kfxbdsjrDSGlJE7my1ZzCXViEcqN6w14DOsDrUCHEA6vbnVCpRFfrc4ryCP/lCKzX2eS1YtnLE/BuC9f/A==}

  '@vue/compiler-vue2@2.7.16':
    resolution: {integrity: sha512-qYC3Psj9S/mfu9uVi5WvNZIzq+xnXMhOwbTFKKDD7b1lhpnn71jXSFdTQ+WsIEk0ONCd7VV2IMm7ONl6tbQ86A==}

  '@vue/language-core@2.2.10':
    resolution: {integrity: sha512-+yNoYx6XIKuAO8Mqh1vGytu8jkFEOH5C8iOv3i8Z/65A7x9iAOXA97Q+PqZ3nlm2lxf5rOJuIGI/wDtx/riNYw==}
    peerDependencies:
      typescript: '*'
    peerDependenciesMeta:
      typescript:
        optional: true

  '@vue/reactivity@3.5.16':
    resolution: {integrity: sha512-FG5Q5ee/kxhIm1p2bykPpPwqiUBV3kFySsHEQha5BJvjXdZTUfmya7wP7zC39dFuZAcf/PD5S4Lni55vGLMhvA==}

  '@vue/runtime-core@3.5.16':
    resolution: {integrity: sha512-bw5Ykq6+JFHYxrQa7Tjr+VSzw7Dj4ldR/udyBZbq73fCdJmyy5MPIFR9IX/M5Qs+TtTjuyUTCnmK3lWWwpAcFQ==}

  '@vue/runtime-dom@3.5.16':
    resolution: {integrity: sha512-T1qqYJsG2xMGhImRUV9y/RseB9d0eCYZQ4CWca9ztCuiPj/XWNNN+lkNBuzVbia5z4/cgxdL28NoQCvC0Xcfww==}

  '@vue/server-renderer@3.5.16':
    resolution: {integrity: sha512-BrX0qLiv/WugguGsnQUJiYOE0Fe5mZTwi6b7X/ybGB0vfrPH9z0gD/Y6WOR1sGCgX4gc25L1RYS5eYQKDMoNIg==}
    peerDependencies:
      vue: 3.5.16

  '@vue/shared@3.5.16':
    resolution: {integrity: sha512-c/0fWy3Jw6Z8L9FmTyYfkpM5zklnqqa9+a6dz3DvONRKW2NEbh46BP0FHuLFSWi2TnQEtp91Z6zOWNrU6QiyPg==}

  '@webcomponents/shadycss@1.11.2':
    resolution: {integrity: sha512-vRq+GniJAYSBmTRnhCYPAPq6THYqovJ/gzGThWbgEZUQaBccndGTi1hdiUP15HzEco0I6t4RCtXyX0rsSmwgPw==}

  '@zip.js/zip.js@2.7.62':
    resolution: {integrity: sha512-OaLvZ8j4gCkLn048ypkZu29KX30r8/OfFF2w4Jo5WXFr+J04J+lzJ5TKZBVgFXhlvSkqNFQdfnY1Q8TMTCyBVA==}
    engines: {bun: '>=0.7.0', deno: '>=1.0.0', node: '>=16.5.0'}

  alien-signals@1.0.13:
    resolution: {integrity: sha512-OGj9yyTnJEttvzhTUWuscOvtqxq5vrhF7vL9oS0xJ2mK0ItPYP1/y+vCFebfxoEyAz0++1AIwJ5CMr+Fk3nDmg==}

  balanced-match@1.0.2:
    resolution: {integrity: sha512-3oSeUO0TMV67hN1AmbXsK4yaqU7tjiHlbxRDZOpH0KW9+CeX4bRAaX0Anxt0tx2MrpRpWwQaPwIlISEJhYU5Pw==}

  brace-expansion@2.0.1:
    resolution: {integrity: sha512-XnAIvQ8eM+kC6aULx6wuQiwVsnzsi9d3WxzV3FpWTGA19F621kwdbsAcFKXgKUHZWsy+mY6iL1sHTxWEFCytDA==}

  color-convert@3.1.0:
    resolution: {integrity: sha512-TVoqAq8ZDIpK5lsQY874DDnu65CSsc9vzq0wLpNQ6UMBq81GSZocVazPiBbYGzngzBOIRahpkTzCLVe2at4MfA==}
    engines: {node: '>=14.6'}

  color-name@2.0.0:
    resolution: {integrity: sha512-SbtvAMWvASO5TE2QP07jHBMXKafgdZz8Vrsrn96fiL+O92/FN/PLARzUW5sKt013fjAprK2d2iCn2hk2Xb5oow==}
    engines: {node: '>=12.20'}

  color-string@2.0.1:
    resolution: {integrity: sha512-5z9FbYTZPAo8iKsNEqRNv+OlpBbDcoE+SY9GjLfDUHEfcNNV7tS9eSAlFHEaub/r5tBL9LtskAeq1l9SaoZ5tQ==}
    engines: {node: '>=18'}

  color@5.0.0:
    resolution: {integrity: sha512-16BlyiuyLq3MLxpRWyOTiWsO3ii/eLQLJUQXBSNcxMBBSnyt1ee9YUdaozQp03ifwm5woztEZGDbk9RGVuCsdw==}
    engines: {node: '>=18'}

  commander@2.20.3:
    resolution: {integrity: sha512-GpVkmM8vF2vQUkj2LvZmD35JxeJOLCwJ9cUkugyk2nuhbv3+mJvpLYYt+0+USMxE+oj+ey/lJEnhZw75x/OMcQ==}

  composed-offset-position@0.0.6:
    resolution: {integrity: sha512-Q7dLompI6lUwd7LWyIcP66r4WcS9u7AL2h8HaeipiRfCRPLMWqRx8fYsjb4OHi6UQFifO7XtNC2IlEJ1ozIFxw==}
    peerDependencies:
      '@floating-ui/utils': ^0.2.5

  cssfilter@0.0.10:
    resolution: {integrity: sha512-FAaLDaplstoRsDR8XGYH51znUN0UY7nMc6Z9/fvE8EXGwvJE9hu7W2vHwx1+bd6gCYnln9nLbzxFTrcO9YQDZw==}

  csstype@3.1.3:
    resolution: {integrity: sha512-M1uQkMl8rQK/szD0LNhtqxIPLpimGm8sOBwU7lLnCpSbTyY3yeU1Vc7l4KT5zT4s/yOxHH5O7tIuuLOCnLADRw==}

  data-uri-to-buffer@4.0.1:
    resolution: {integrity: sha512-0R9ikRb668HB7QDxT1vkpuUBtqc53YyAwMwGeUFKRojY/NWKvdZ+9UYtRfGmhqNbRkTSVpMbmyhXipFFv2cb/A==}
    engines: {node: '>= 12'}

  dayjs@1.11.13:
    resolution: {integrity: sha512-oaMBel6gjolK862uaPQOVTA7q3TZhuSvuMQAAglQDOWYO9A91IrAOUJEyKVlqJlHE0vq5p5UXxzdPfMH/x6xNg==}

  de-indent@1.0.2:
    resolution: {integrity: sha512-e/1zu3xH5MQryN2zdVaF0OrdNLUbvWxzMbi+iNA6Bky7l1RoP8a2fIbRocyHclXt/arDrrR6lL3TqFD9pMQTsg==}

  enhanced-resolve@5.18.1:
    resolution: {integrity: sha512-ZSW3ma5GkcQBIpwZTSRAI8N71Uuwgs93IezB7mf7R60tC8ZbJideoDNKjHn2O9KIlx6rkGTTEk1xUCK2E1Y2Yg==}
    engines: {node: '>=10.13.0'}

  entities@4.5.0:
    resolution: {integrity: sha512-V0hjH4dGPh9Ao5p0MoRY6BVqtwCjhz6vI5LT8AJ55H+4g9/4vbHx1I54fS0XuclLhDHArPQCiMjDxjaL8fPxhw==}
    engines: {node: '>=0.12'}

  entities@6.0.0:
    resolution: {integrity: sha512-aKstq2TDOndCn4diEyp9Uq/Flu2i1GlLkc6XIDQSDMuaFE3OPW5OphLCyQ5SpSJZTb4reN+kTcYru5yIfXoRPw==}
    engines: {node: '>=0.12'}

  esbuild@0.25.5:
    resolution: {integrity: sha512-P8OtKZRv/5J5hhz0cUAdu/cLuPIKXpQl1R9pZtvmHWQvrAUVd0UNIPT4IB4W3rNOqVO0rlqHmCIbSwxh/c9yUQ==}
    engines: {node: '>=18'}
    hasBin: true

  estree-walker@2.0.2:
    resolution: {integrity: sha512-Rfkk/Mp/DL7JVje3u18FxFujQlTNR2q6QfMSMB7AvCBx91NGj/ba3kCfza0f6dVDbw7YlRf/nDrn7pQrCCyQ/w==}

  fdir@6.4.5:
    resolution: {integrity: sha512-4BG7puHpVsIYxZUbiUE3RqGloLaSSwzYie5jvasC4LWuBWzZawynvYouhjbQKw2JuIGYdm0DzIxl8iVidKlUEw==}
    peerDependencies:
      picomatch: ^3 || ^4
    peerDependenciesMeta:
      picomatch:
        optional: true

  fetch-blob@3.2.0:
    resolution: {integrity: sha512-7yAQpD2UMJzLi1Dqv7qFYnPbaPx7ZfFK6PiIxQ4PfkGPyNyl2Ugx+a/umUonmKqjhM4DnfbMvdX6otXq83soQQ==}
    engines: {node: ^12.20 || >= 14.13}

  focus-trap@7.6.5:
    resolution: {integrity: sha512-7Ke1jyybbbPZyZXFxEftUtxFGLMpE2n6A+z//m4CRDlj0hW+o3iYSmh8nFlYMurOiJVDmJRilUQtJr08KfIxlg==}

  formdata-polyfill@4.0.10:
    resolution: {integrity: sha512-buewHzMvYL29jdeQTVILecSaZKnt/RJWjoZCF5OW60Z67/GmSLBkOFM7qh1PI3zFNtJbaZL5eQu1vLfazOwj4g==}
    engines: {node: '>=12.20.0'}

  fsevents@2.3.3:
    resolution: {integrity: sha512-5xoDfX+fL7faATnagmWPpbFtwh/R77WmMMqqHGS65C3vvB0YHrgF+B1YmZ3441tMj5n63k0212XNoJwzlhffQw==}
    engines: {node: ^8.16.0 || ^10.6.0 || >=11.0.0}
    os: [darwin]

  graceful-fs@4.2.11:
    resolution: {integrity: sha512-RbJ5/jmFcNNCcDV5o9eTnBLJ/HszWV0P73bc+Ff4nS/rJj+YaS6IGyiOL0VoBYX+l1Wrl3k63h/KrH+nhJ0XvQ==}

  he@1.2.0:
    resolution: {integrity: sha512-F/1DnUGPopORZi0ni+CvrCgHQ5FyEAHRLSApuYWMmrbSwoN2Mn/7k+Gl38gJnR7yyDZk6WLXwiGod1JOWNDKGw==}
    hasBin: true

  interactjs@1.10.27:
    resolution: {integrity: sha512-y/8RcCftGAF24gSp76X2JS3XpHiUvDQyhF8i7ujemBz77hwiHDuJzftHx7thY8cxGogwGiPJ+o97kWB6eAXnsA==}

  lit-element@4.2.0:
    resolution: {integrity: sha512-MGrXJVAI5x+Bfth/pU9Kst1iWID6GHDLEzFEnyULB/sFiRLgkd8NPK/PeeXxktA3T6EIIaq8U3KcbTU5XFcP2Q==}

  lit-html@3.3.0:
    resolution: {integrity: sha512-RHoswrFAxY2d8Cf2mm4OZ1DgzCoBKUKSPvA1fhtSELxUERq2aQQ2h05pO9j81gS1o7RIRJ+CePLogfyahwmynw==}

  lit@3.3.0:
    resolution: {integrity: sha512-DGVsqsOIHBww2DqnuZzW7QsuCdahp50ojuDaBPC7jUDRpYoH0z7kHBBYZewRzer75FwtrkmkKk7iOAwSaWdBmw==}

  lodash-es@4.17.21:
    resolution: {integrity: sha512-mKnC+QJ9pWVzv+C4/U3rRsHapFfHvQFoFB92e52xeyGMcX6/OlIl78je1u8vePzYZSkkogMPJ2yjxxsb89cxyw==}

  luxon@3.5.0:
    resolution: {integrity: sha512-rh+Zjr6DNfUYR3bPwJEnuwDdqMbxZW7LOQfUN4B54+Cl+0o5zaU9RJ6bcidfDtC1cWCZXQ+nvX8bf6bAji37QQ==}
    engines: {node: '>=12'}

  magic-string@0.30.17:
    resolution: {integrity: sha512-sNPKHvyjVf7gyjwS4xGTaW/mCnF8wnjtifKBEhxfZ7E/S8tQ0rssrwGNn6q8JH/ohItJfSQp9mBtQYuTlH5QnA==}

  marked@15.0.12:
    resolution: {integrity: sha512-8dD6FusOQSrpv9Z1rdNMdlSgQOIP880DHqnohobOmYLElGEqAL/JvxvuxZO16r4HtjTlfPRDC1hbvxC9dPN2nA==}
    engines: {node: '>= 18'}
    hasBin: true

  minimatch@9.0.5:
    resolution: {integrity: sha512-G6T0ZX48xgozx7587koeX9Ys2NYy6Gmv//P89sEte9V9whIapMNF4idKxnW2QtCcLiTWlb/wfCabAtAFWhhBow==}
    engines: {node: '>=16 || 14 >=14.17'}

  muggle-string@0.4.1:
    resolution: {integrity: sha512-VNTrAak/KhO2i8dqqnqnAHOa3cYBwXEZe9h+D5h/1ZqFSTEFHdM65lR7RoIqq3tBBYavsOXV84NoHXZ0AkPyqQ==}

  nanoid@3.3.11:
    resolution: {integrity: sha512-N8SpfPUnUp1bK+PMYW8qSWdl9U+wwNWI4QKxOYDy9JAro3WMX7p2OeVRF9v+347pnakNevPmiHhNmZ2HbFA76w==}
    engines: {node: ^10 || ^12 || ^13.7 || ^14 || >=15.0.1}
    hasBin: true

  node-domexception@1.0.0:
    resolution: {integrity: sha512-/jKZoMpw0F8GRwl4/eLROPA3cfcXtLApP0QzLmUT/HuPCZWyB7IY9ZrMeKw2O/nFIqPQB3PVM9aYm0F312AXDQ==}
    engines: {node: '>=10.5.0'}
    deprecated: Use your platform's native DOMException instead

  node-fetch@3.3.2:
    resolution: {integrity: sha512-dRB78srN/l6gqWulah9SrxeYnxeddIG30+GOqK/9OlLVyLg3HPnr6SqOWTWOXKRwC2eGYCkZ59NNuSgvSrpgOA==}
    engines: {node: ^12.20.0 || ^14.13.1 || >=16.0.0}

  parse5@7.3.0:
    resolution: {integrity: sha512-IInvU7fabl34qmi9gY8XOVxhYyMyuH2xUNpb2q8/Y+7552KlejkRvqvD19nMoUW/uQGGbqNpA6Tufu5FL5BZgw==}

  path-browserify@1.0.1:
    resolution: {integrity: sha512-b7uo2UCUOYZcnF/3ID0lulOJi/bafxa1xPe7ZPsammBSpjSWQkjNxlt635YGS2MiR9GjvuXCtz2emr3jbsz98g==}

  picocolors@1.1.1:
    resolution: {integrity: sha512-xceH2snhtb5M9liqDsmEw56le376mTZkEX/jEb/RxNFyegNul7eNslCXP9FDj/Lcu0X8KEyMceP2ntpaHrDEVA==}

  picomatch@4.0.2:
    resolution: {integrity: sha512-M7BAV6Rlcy5u+m6oPhAPFgJTzAioX/6B0DxyvDlo9l8+T3nLKbrczg2WLUyzd45L8RqfUMyGPzekbMvX2Ldkwg==}
    engines: {node: '>=12'}

  postcss@8.5.4:
    resolution: {integrity: sha512-QSa9EBe+uwlGTFmHsPKokv3B/oEMQZxfqW0QqNCyhpa6mB1afzulwn8hihglqAb2pOw+BJgNlmXQ8la2VeHB7w==}
    engines: {node: ^10 || ^12 || >=14}

  rollup@4.42.0:
    resolution: {integrity: sha512-LW+Vse3BJPyGJGAJt1j8pWDKPd73QM8cRXYK1IxOBgL2AGLu7Xd2YOW0M2sLUBCkF5MshXXtMApyEAEzMVMsnw==}
    engines: {node: '>=18.0.0', npm: '>=8.0.0'}
    hasBin: true

  sortablejs@1.15.6:
    resolution: {integrity: sha512-aNfiuwMEpfBM/CN6LY0ibyhxPfPbyFeBTYJKCvzkJ2GkUpazIt3H+QIPAMHwqQ7tMKaHz1Qj+rJJCqljnf4p3A==}

  source-map-js@1.2.1:
    resolution: {integrity: sha512-UXWMKhLOwVKb728IUtQPXxfYU+usdybtUrK/8uGE8CQMvrhOpwvzDBwj0QhSL7MQc7vIsISBG8VQ8+IDQxpfQA==}
    engines: {node: '>=0.10.0'}

  tabbable@6.2.0:
    resolution: {integrity: sha512-Cat63mxsVJlzYvN51JmVXIgNoUokrIaT2zLclCXjRd8boZ0004U4KCs/sToJ75C6sdlByWxpYnb5Boif1VSFew==}

  tapable@2.2.2:
    resolution: {integrity: sha512-Re10+NauLTMCudc7T5WLFLAwDhQ0JWdrMK+9B2M8zR5hRExKmsRDCBA7/aV/pNJFltmBFO5BAMlQFi/vq3nKOg==}
    engines: {node: '>=6'}

  timezone-groups@0.10.4:
    resolution: {integrity: sha512-AnkJYrbb7uPkDCEqGeVJiawZNiwVlSkkeX4jZg1gTEguClhyX+/Ezn07KB6DT29tG3UN418ldmS/W6KqGOTDjg==}
    engines: {node: '>=18.12.0'}

  tinyglobby@0.2.14:
    resolution: {integrity: sha512-tX5e7OM1HnYr2+a2C/4V0htOcSQcoSTH9KgJnVvNm5zm/cyEWKJ7j7YutsH9CxMdtOkkLFy2AHrMci9IM8IPZQ==}
    engines: {node: '>=12.0.0'}

  tslib@2.8.1:
    resolution: {integrity: sha512-oJFu94HQb+KVduSUQL7wnpmqnfmLsOA/nAh6b6EH0wCEoK0/mPeXU6c3wKDV83MkOuHPRHtSXKKU99IBazS/2w==}

  type-fest@4.41.0:
    resolution: {integrity: sha512-TeTSQ6H5YHvpqVwBRcnLDCBnDOHWYu7IvGbHT6N8AOymcr9PJGjc1GTtiWZTYg0NCgYwvnYWEkVChQAr9bjfwA==}
    engines: {node: '>=16'}

  typescript@5.8.3:
    resolution: {integrity: sha512-p1diW6TqL9L07nNxvRMM7hMMw4c5XOo/1ibL4aAIGmSAt9slTE1Xgw5KWuof2uTOvCg9BY7ZRi+GaF+7sfgPeQ==}
    engines: {node: '>=14.17'}
    hasBin: true

  vite@6.3.5:
    resolution: {integrity: sha512-cZn6NDFE7wdTpINgs++ZJ4N49W2vRp8LCKrn3Ob1kYNtOo21vfDoaV5GzBfLU4MovSAB8uNRm4jgzVQZ+mBzPQ==}
    engines: {node: ^18.0.0 || ^20.0.0 || >=22.0.0}
    hasBin: true
    peerDependencies:
      '@types/node': ^18.0.0 || ^20.0.0 || >=22.0.0
      jiti: '>=1.21.0'
      less: '*'
      lightningcss: ^1.21.0
      sass: '*'
      sass-embedded: '*'
      stylus: '*'
      sugarss: '*'
      terser: ^5.16.0
      tsx: ^4.8.1
      yaml: ^2.4.2
    peerDependenciesMeta:
      '@types/node':
        optional: true
      jiti:
        optional: true
      less:
        optional: true
      lightningcss:
        optional: true
      sass:
        optional: true
      sass-embedded:
        optional: true
      stylus:
        optional: true
      sugarss:
        optional: true
      terser:
        optional: true
      tsx:
        optional: true
      yaml:
        optional: true

  vscode-uri@3.1.0:
    resolution: {integrity: sha512-/BpdSx+yCQGnCvecbyXdxHDkuk55/G3xwnC0GqY4gmQ3j+A+g8kzzgB4Nk/SINjqn6+waqw3EgbVF2QKExkRxQ==}

  vue-tsc@2.2.10:
    resolution: {integrity: sha512-jWZ1xSaNbabEV3whpIDMbjVSVawjAyW+x1n3JeGQo7S0uv2n9F/JMgWW90tGWNFRKya4YwKMZgCtr0vRAM7DeQ==}
    hasBin: true
    peerDependencies:
      typescript: '>=5.0.0'

  vue@3.5.16:
    resolution: {integrity: sha512-rjOV2ecxMd5SiAmof2xzh2WxntRcigkX/He4YFJ6WdRvVUrbt6DxC1Iujh10XLl8xCDRDtGKMeO3D+pRQ1PP9w==}
    peerDependencies:
      typescript: '*'
    peerDependenciesMeta:
      typescript:
        optional: true

  web-streams-polyfill@3.3.3:
    resolution: {integrity: sha512-d2JWLCivmZYTSIoge9MsgFCZrt571BikcWGYkjC1khllbTeDlGqZ2D8vD8E/lJa8WGWbb7Plm8/XJYV7IJHZZw==}
    engines: {node: '>= 8'}

  xss@1.0.13:
    resolution: {integrity: sha512-clu7dxTm1e8Mo5fz3n/oW3UCXBfV89xZ72jM8yzo1vR/pIS0w3sgB3XV2H8Vm6zfGnHL0FzvLJPJEBhd86/z4Q==}
    engines: {node: '>= 0.10.0'}
    hasBin: true

snapshots:

  '@arcgis/components-utils@4.33.0-next.152':
    dependencies:
      tslib: 2.8.1

  '@arcgis/core@4.32.10':
    dependencies:
      '@esri/arcgis-html-sanitizer': 4.1.0
      '@esri/calcite-components': 3.2.1
      '@vaadin/grid': 24.6.11
      '@zip.js/zip.js': 2.7.62
      luxon: 3.5.0
      marked: 15.0.12

  '@arcgis/lumina@4.33.0-next.152':
    dependencies:
      '@arcgis/components-utils': 4.33.0-next.152
      '@lit-labs/ssr': 3.3.1
      '@lit-labs/ssr-client': 1.1.7
      '@lit/context': 1.1.5
      csstype: 3.1.3
      lit: 3.3.0
      tslib: 2.8.1

  '@babel/helper-string-parser@7.27.1': {}

  '@babel/helper-validator-identifier@7.27.1': {}

  '@babel/parser@7.27.5':
    dependencies:
      '@babel/types': 7.27.6

  '@babel/types@7.27.6':
    dependencies:
      '@babel/helper-string-parser': 7.27.1
      '@babel/helper-validator-identifier': 7.27.1

  '@esbuild/aix-ppc64@0.25.5':
    optional: true

  '@esbuild/android-arm64@0.25.5':
    optional: true

  '@esbuild/android-arm@0.25.5':
    optional: true

  '@esbuild/android-x64@0.25.5':
    optional: true

  '@esbuild/darwin-arm64@0.25.5':
    optional: true

  '@esbuild/darwin-x64@0.25.5':
    optional: true

  '@esbuild/freebsd-arm64@0.25.5':
    optional: true

  '@esbuild/freebsd-x64@0.25.5':
    optional: true

  '@esbuild/linux-arm64@0.25.5':
    optional: true

  '@esbuild/linux-arm@0.25.5':
    optional: true

  '@esbuild/linux-ia32@0.25.5':
    optional: true

  '@esbuild/linux-loong64@0.25.5':
    optional: true

  '@esbuild/linux-mips64el@0.25.5':
    optional: true

  '@esbuild/linux-ppc64@0.25.5':
    optional: true

  '@esbuild/linux-riscv64@0.25.5':
    optional: true

  '@esbuild/linux-s390x@0.25.5':
    optional: true

  '@esbuild/linux-x64@0.25.5':
    optional: true

  '@esbuild/netbsd-arm64@0.25.5':
    optional: true

  '@esbuild/netbsd-x64@0.25.5':
    optional: true

  '@esbuild/openbsd-arm64@0.25.5':
    optional: true

  '@esbuild/openbsd-x64@0.25.5':
    optional: true

  '@esbuild/sunos-x64@0.25.5':
    optional: true

  '@esbuild/win32-arm64@0.25.5':
    optional: true

  '@esbuild/win32-ia32@0.25.5':
    optional: true

  '@esbuild/win32-x64@0.25.5':
    optional: true

  '@esri/arcgis-html-sanitizer@4.1.0':
    dependencies:
      xss: 1.0.13

  '@esri/calcite-components@3.2.1':
    dependencies:
      '@arcgis/components-utils': 4.33.0-next.152
      '@arcgis/lumina': 4.33.0-next.152
      '@esri/calcite-ui-icons': 4.2.0
      '@floating-ui/dom': 1.7.1
      '@floating-ui/utils': 0.2.9
      '@types/sortablejs': 1.15.8
      color: 5.0.0
      composed-offset-position: 0.0.6(@floating-ui/utils@0.2.9)
      dayjs: 1.11.13
      focus-trap: 7.6.5
      interactjs: 1.10.27
      lodash-es: 4.17.21
      sortablejs: 1.15.6
      timezone-groups: 0.10.4
      type-fest: 4.41.0

  '@esri/calcite-ui-icons@4.2.0': {}

  '@floating-ui/core@1.7.1':
    dependencies:
      '@floating-ui/utils': 0.2.9

  '@floating-ui/dom@1.7.1':
    dependencies:
      '@floating-ui/core': 1.7.1
      '@floating-ui/utils': 0.2.9

  '@floating-ui/utils@0.2.9': {}

  '@interactjs/types@1.10.27': {}

  '@jridgewell/sourcemap-codec@1.5.0': {}

  '@lit-labs/ssr-client@1.1.7':
    dependencies:
      '@lit/reactive-element': 2.1.0
      lit: 3.3.0
      lit-html: 3.3.0

  '@lit-labs/ssr-dom-shim@1.3.0': {}

  '@lit-labs/ssr@3.3.1':
    dependencies:
      '@lit-labs/ssr-client': 1.1.7
      '@lit-labs/ssr-dom-shim': 1.3.0
      '@lit/reactive-element': 2.1.0
      '@parse5/tools': 0.3.0
      '@types/node': 16.18.126
      enhanced-resolve: 5.18.1
      lit: 3.3.0
      lit-element: 4.2.0
      lit-html: 3.3.0
      node-fetch: 3.3.2
      parse5: 7.3.0

  '@lit/context@1.1.5':
    dependencies:
      '@lit/reactive-element': 2.1.0

  '@lit/reactive-element@2.1.0':
    dependencies:
      '@lit-labs/ssr-dom-shim': 1.3.0

  '@open-wc/dedupe-mixin@1.4.0': {}

  '@parse5/tools@0.3.0':
    dependencies:
      parse5: 7.3.0

  '@polymer/polymer@3.5.2':
    dependencies:
      '@webcomponents/shadycss': 1.11.2

  '@rollup/rollup-android-arm-eabi@4.42.0':
    optional: true

  '@rollup/rollup-android-arm64@4.42.0':
    optional: true

  '@rollup/rollup-darwin-arm64@4.42.0':
    optional: true

  '@rollup/rollup-darwin-x64@4.42.0':
    optional: true

  '@rollup/rollup-freebsd-arm64@4.42.0':
    optional: true

  '@rollup/rollup-freebsd-x64@4.42.0':
    optional: true

  '@rollup/rollup-linux-arm-gnueabihf@4.42.0':
    optional: true

  '@rollup/rollup-linux-arm-musleabihf@4.42.0':
    optional: true

  '@rollup/rollup-linux-arm64-gnu@4.42.0':
    optional: true

  '@rollup/rollup-linux-arm64-musl@4.42.0':
    optional: true

  '@rollup/rollup-linux-loongarch64-gnu@4.42.0':
    optional: true

  '@rollup/rollup-linux-powerpc64le-gnu@4.42.0':
    optional: true

  '@rollup/rollup-linux-riscv64-gnu@4.42.0':
    optional: true

  '@rollup/rollup-linux-riscv64-musl@4.42.0':
    optional: true

  '@rollup/rollup-linux-s390x-gnu@4.42.0':
    optional: true

  '@rollup/rollup-linux-x64-gnu@4.42.0':
    optional: true

  '@rollup/rollup-linux-x64-musl@4.42.0':
    optional: true

  '@rollup/rollup-win32-arm64-msvc@4.42.0':
    optional: true

  '@rollup/rollup-win32-ia32-msvc@4.42.0':
    optional: true

  '@rollup/rollup-win32-x64-msvc@4.42.0':
    optional: true

  '@types/estree@1.0.7': {}

  '@types/node@16.18.126': {}

  '@types/sortablejs@1.15.8': {}

  '@types/trusted-types@2.0.7': {}

  '@vaadin/a11y-base@24.6.11':
    dependencies:
      '@open-wc/dedupe-mixin': 1.4.0
      '@polymer/polymer': 3.5.2
      '@vaadin/component-base': 24.6.11
      lit: 3.3.0

  '@vaadin/checkbox@24.6.11':
    dependencies:
      '@open-wc/dedupe-mixin': 1.4.0
      '@polymer/polymer': 3.5.2
      '@vaadin/a11y-base': 24.6.11
      '@vaadin/component-base': 24.6.11
      '@vaadin/field-base': 24.6.11
      '@vaadin/vaadin-lumo-styles': 24.6.11
      '@vaadin/vaadin-material-styles': 24.6.11
      '@vaadin/vaadin-themable-mixin': 24.6.11
      lit: 3.3.0

  '@vaadin/component-base@24.6.11':
    dependencies:
      '@open-wc/dedupe-mixin': 1.4.0
      '@polymer/polymer': 3.5.2
      '@vaadin/vaadin-development-mode-detector': 2.0.7
      '@vaadin/vaadin-usage-statistics': 2.1.3
      lit: 3.3.0

  '@vaadin/field-base@24.6.11':
    dependencies:
      '@open-wc/dedupe-mixin': 1.4.0
      '@polymer/polymer': 3.5.2
      '@vaadin/a11y-base': 24.6.11
      '@vaadin/component-base': 24.6.11
      lit: 3.3.0

  '@vaadin/grid@24.6.11':
    dependencies:
      '@open-wc/dedupe-mixin': 1.4.0
      '@polymer/polymer': 3.5.2
      '@vaadin/a11y-base': 24.6.11
      '@vaadin/checkbox': 24.6.11
      '@vaadin/component-base': 24.6.11
      '@vaadin/lit-renderer': 24.6.11
      '@vaadin/text-field': 24.6.11
      '@vaadin/vaadin-lumo-styles': 24.6.11
      '@vaadin/vaadin-material-styles': 24.6.11
      '@vaadin/vaadin-themable-mixin': 24.6.11
      lit: 3.3.0

  '@vaadin/icon@24.6.11':
    dependencies:
      '@open-wc/dedupe-mixin': 1.4.0
      '@polymer/polymer': 3.5.2
      '@vaadin/component-base': 24.6.11
      '@vaadin/vaadin-lumo-styles': 24.6.11
      '@vaadin/vaadin-themable-mixin': 24.6.11
      lit: 3.3.0

  '@vaadin/input-container@24.6.11':
    dependencies:
      '@polymer/polymer': 3.5.2
      '@vaadin/component-base': 24.6.11
      '@vaadin/vaadin-lumo-styles': 24.6.11
      '@vaadin/vaadin-material-styles': 24.6.11
      '@vaadin/vaadin-themable-mixin': 24.6.11
      lit: 3.3.0

  '@vaadin/lit-renderer@24.6.11':
    dependencies:
      lit: 3.3.0

  '@vaadin/text-field@24.6.11':
    dependencies:
      '@open-wc/dedupe-mixin': 1.4.0
      '@polymer/polymer': 3.5.2
      '@vaadin/a11y-base': 24.6.11
      '@vaadin/component-base': 24.6.11
      '@vaadin/field-base': 24.6.11
      '@vaadin/input-container': 24.6.11
      '@vaadin/vaadin-lumo-styles': 24.6.11
      '@vaadin/vaadin-material-styles': 24.6.11
      '@vaadin/vaadin-themable-mixin': 24.6.11
      lit: 3.3.0

  '@vaadin/vaadin-development-mode-detector@2.0.7': {}

  '@vaadin/vaadin-lumo-styles@24.6.11':
    dependencies:
      '@polymer/polymer': 3.5.2
      '@vaadin/component-base': 24.6.11
      '@vaadin/icon': 24.6.11
      '@vaadin/vaadin-themable-mixin': 24.6.11

  '@vaadin/vaadin-material-styles@24.6.11':
    dependencies:
      '@polymer/polymer': 3.5.2
      '@vaadin/component-base': 24.6.11
      '@vaadin/vaadin-themable-mixin': 24.6.11

  '@vaadin/vaadin-themable-mixin@24.6.11':
    dependencies:
      '@open-wc/dedupe-mixin': 1.4.0
      lit: 3.3.0

  '@vaadin/vaadin-usage-statistics@2.1.3':
    dependencies:
      '@vaadin/vaadin-development-mode-detector': 2.0.7

  '@vitejs/plugin-vue@5.2.4(vite@6.3.5)(vue@3.5.16(typescript@5.8.3))':
    dependencies:
      vite: 6.3.5
      vue: 3.5.16(typescript@5.8.3)

  '@volar/language-core@2.4.14':
    dependencies:
      '@volar/source-map': 2.4.14

  '@volar/source-map@2.4.14': {}

  '@volar/typescript@2.4.14':
    dependencies:
      '@volar/language-core': 2.4.14
      path-browserify: 1.0.1
      vscode-uri: 3.1.0

  '@vue/compiler-core@3.5.16':
    dependencies:
      '@babel/parser': 7.27.5
      '@vue/shared': 3.5.16
      entities: 4.5.0
      estree-walker: 2.0.2
      source-map-js: 1.2.1

  '@vue/compiler-dom@3.5.16':
    dependencies:
      '@vue/compiler-core': 3.5.16
      '@vue/shared': 3.5.16

  '@vue/compiler-sfc@3.5.16':
    dependencies:
      '@babel/parser': 7.27.5
      '@vue/compiler-core': 3.5.16
      '@vue/compiler-dom': 3.5.16
      '@vue/compiler-ssr': 3.5.16
      '@vue/shared': 3.5.16
      estree-walker: 2.0.2
      magic-string: 0.30.17
      postcss: 8.5.4
      source-map-js: 1.2.1

  '@vue/compiler-ssr@3.5.16':
    dependencies:
      '@vue/compiler-dom': 3.5.16
      '@vue/shared': 3.5.16

  '@vue/compiler-vue2@2.7.16':
    dependencies:
      de-indent: 1.0.2
      he: 1.2.0

  '@vue/language-core@2.2.10(typescript@5.8.3)':
    dependencies:
      '@volar/language-core': 2.4.14
      '@vue/compiler-dom': 3.5.16
      '@vue/compiler-vue2': 2.7.16
      '@vue/shared': 3.5.16
      alien-signals: 1.0.13
      minimatch: 9.0.5
      muggle-string: 0.4.1
      path-browserify: 1.0.1
    optionalDependencies:
      typescript: 5.8.3

  '@vue/reactivity@3.5.16':
    dependencies:
      '@vue/shared': 3.5.16

  '@vue/runtime-core@3.5.16':
    dependencies:
      '@vue/reactivity': 3.5.16
      '@vue/shared': 3.5.16

  '@vue/runtime-dom@3.5.16':
    dependencies:
      '@vue/reactivity': 3.5.16
      '@vue/runtime-core': 3.5.16
      '@vue/shared': 3.5.16
      csstype: 3.1.3

  '@vue/server-renderer@3.5.16(vue@3.5.16(typescript@5.8.3))':
    dependencies:
      '@vue/compiler-ssr': 3.5.16
      '@vue/shared': 3.5.16
      vue: 3.5.16(typescript@5.8.3)

  '@vue/shared@3.5.16': {}

  '@webcomponents/shadycss@1.11.2': {}

  '@zip.js/zip.js@2.7.62': {}

  alien-signals@1.0.13: {}

  balanced-match@1.0.2: {}

  brace-expansion@2.0.1:
    dependencies:
      balanced-match: 1.0.2

  color-convert@3.1.0:
    dependencies:
      color-name: 2.0.0

  color-name@2.0.0: {}

  color-string@2.0.1:
    dependencies:
      color-name: 2.0.0

  color@5.0.0:
    dependencies:
      color-convert: 3.1.0
      color-string: 2.0.1

  commander@2.20.3: {}

  composed-offset-position@0.0.6(@floating-ui/utils@0.2.9):
    dependencies:
      '@floating-ui/utils': 0.2.9

  cssfilter@0.0.10: {}

  csstype@3.1.3: {}

  data-uri-to-buffer@4.0.1: {}

  dayjs@1.11.13: {}

  de-indent@1.0.2: {}

  enhanced-resolve@5.18.1:
    dependencies:
      graceful-fs: 4.2.11
      tapable: 2.2.2

  entities@4.5.0: {}

  entities@6.0.0: {}

  esbuild@0.25.5:
    optionalDependencies:
      '@esbuild/aix-ppc64': 0.25.5
      '@esbuild/android-arm': 0.25.5
      '@esbuild/android-arm64': 0.25.5
      '@esbuild/android-x64': 0.25.5
      '@esbuild/darwin-arm64': 0.25.5
      '@esbuild/darwin-x64': 0.25.5
      '@esbuild/freebsd-arm64': 0.25.5
      '@esbuild/freebsd-x64': 0.25.5
      '@esbuild/linux-arm': 0.25.5
      '@esbuild/linux-arm64': 0.25.5
      '@esbuild/linux-ia32': 0.25.5
      '@esbuild/linux-loong64': 0.25.5
      '@esbuild/linux-mips64el': 0.25.5
      '@esbuild/linux-ppc64': 0.25.5
      '@esbuild/linux-riscv64': 0.25.5
      '@esbuild/linux-s390x': 0.25.5
      '@esbuild/linux-x64': 0.25.5
      '@esbuild/netbsd-arm64': 0.25.5
      '@esbuild/netbsd-x64': 0.25.5
      '@esbuild/openbsd-arm64': 0.25.5
      '@esbuild/openbsd-x64': 0.25.5
      '@esbuild/sunos-x64': 0.25.5
      '@esbuild/win32-arm64': 0.25.5
      '@esbuild/win32-ia32': 0.25.5
      '@esbuild/win32-x64': 0.25.5

  estree-walker@2.0.2: {}

  fdir@6.4.5(picomatch@4.0.2):
    optionalDependencies:
      picomatch: 4.0.2

  fetch-blob@3.2.0:
    dependencies:
      node-domexception: 1.0.0
      web-streams-polyfill: 3.3.3

  focus-trap@7.6.5:
    dependencies:
      tabbable: 6.2.0

  formdata-polyfill@4.0.10:
    dependencies:
      fetch-blob: 3.2.0

  fsevents@2.3.3:
    optional: true

  graceful-fs@4.2.11: {}

  he@1.2.0: {}

  interactjs@1.10.27:
    dependencies:
      '@interactjs/types': 1.10.27

  lit-element@4.2.0:
    dependencies:
      '@lit-labs/ssr-dom-shim': 1.3.0
      '@lit/reactive-element': 2.1.0
      lit-html: 3.3.0

  lit-html@3.3.0:
    dependencies:
      '@types/trusted-types': 2.0.7

  lit@3.3.0:
    dependencies:
      '@lit/reactive-element': 2.1.0
      lit-element: 4.2.0
      lit-html: 3.3.0

  lodash-es@4.17.21: {}

  luxon@3.5.0: {}

  magic-string@0.30.17:
    dependencies:
      '@jridgewell/sourcemap-codec': 1.5.0

  marked@15.0.12: {}

  minimatch@9.0.5:
    dependencies:
      brace-expansion: 2.0.1

  muggle-string@0.4.1: {}

  nanoid@3.3.11: {}

  node-domexception@1.0.0: {}

  node-fetch@3.3.2:
    dependencies:
      data-uri-to-buffer: 4.0.1
      fetch-blob: 3.2.0
      formdata-polyfill: 4.0.10

  parse5@7.3.0:
    dependencies:
      entities: 6.0.0

  path-browserify@1.0.1: {}

  picocolors@1.1.1: {}

  picomatch@4.0.2: {}

  postcss@8.5.4:
    dependencies:
      nanoid: 3.3.11
      picocolors: 1.1.1
      source-map-js: 1.2.1

  rollup@4.42.0:
    dependencies:
      '@types/estree': 1.0.7
    optionalDependencies:
      '@rollup/rollup-android-arm-eabi': 4.42.0
      '@rollup/rollup-android-arm64': 4.42.0
      '@rollup/rollup-darwin-arm64': 4.42.0
      '@rollup/rollup-darwin-x64': 4.42.0
      '@rollup/rollup-freebsd-arm64': 4.42.0
      '@rollup/rollup-freebsd-x64': 4.42.0
      '@rollup/rollup-linux-arm-gnueabihf': 4.42.0
      '@rollup/rollup-linux-arm-musleabihf': 4.42.0
      '@rollup/rollup-linux-arm64-gnu': 4.42.0
      '@rollup/rollup-linux-arm64-musl': 4.42.0
      '@rollup/rollup-linux-loongarch64-gnu': 4.42.0
      '@rollup/rollup-linux-powerpc64le-gnu': 4.42.0
      '@rollup/rollup-linux-riscv64-gnu': 4.42.0
      '@rollup/rollup-linux-riscv64-musl': 4.42.0
      '@rollup/rollup-linux-s390x-gnu': 4.42.0
      '@rollup/rollup-linux-x64-gnu': 4.42.0
      '@rollup/rollup-linux-x64-musl': 4.42.0
      '@rollup/rollup-win32-arm64-msvc': 4.42.0
      '@rollup/rollup-win32-ia32-msvc': 4.42.0
      '@rollup/rollup-win32-x64-msvc': 4.42.0
      fsevents: 2.3.3

  sortablejs@1.15.6: {}

  source-map-js@1.2.1: {}

  tabbable@6.2.0: {}

  tapable@2.2.2: {}

  timezone-groups@0.10.4: {}

  tinyglobby@0.2.14:
    dependencies:
      fdir: 6.4.5(picomatch@4.0.2)
      picomatch: 4.0.2

  tslib@2.8.1: {}

  type-fest@4.41.0: {}

  typescript@5.8.3: {}

  vite@6.3.5:
    dependencies:
      esbuild: 0.25.5
      fdir: 6.4.5(picomatch@4.0.2)
      picomatch: 4.0.2
      postcss: 8.5.4
      rollup: 4.42.0
      tinyglobby: 0.2.14
    optionalDependencies:
      fsevents: 2.3.3

  vscode-uri@3.1.0: {}

  vue-tsc@2.2.10(typescript@5.8.3):
    dependencies:
      '@volar/typescript': 2.4.14
      '@vue/language-core': 2.2.10(typescript@5.8.3)
      typescript: 5.8.3

  vue@3.5.16(typescript@5.8.3):
    dependencies:
      '@vue/compiler-dom': 3.5.16
      '@vue/compiler-sfc': 3.5.16
      '@vue/runtime-dom': 3.5.16
      '@vue/server-renderer': 3.5.16(vue@3.5.16(typescript@5.8.3))
      '@vue/shared': 3.5.16
    optionalDependencies:
      typescript: 5.8.3

  web-streams-polyfill@3.3.3: {}

  xss@1.0.13:
    dependencies:
      commander: 2.20.3
      cssfilter: 0.0.10
