lockfileVersion: '9.0'

settings:
  autoInstallPeers: true
  excludeLinksFromLockfile: false

importers:

  .:
    dependencies:
      '@arcgis/core':
        specifier: ^4.30.5
        version: 4.30.5
      vue:
        specifier: ^3.4.31
        version: 3.4.31(typescript@5.5.3)
    devDependencies:
      '@vitejs/plugin-vue':
        specifier: ^5.0.5
        version: 5.0.5(vite@5.4.6)(vue@3.4.31(typescript@5.5.3))
      typescript:
        specifier: ^5.5.3
        version: 5.5.3
      vite:
        specifier: 5.4.6
        version: 5.4.6
      vue-tsc:
        specifier: ^2.0.26
        version: 2.0.26(typescript@5.5.3)

packages:

  '@arcgis/core@4.30.5':
    resolution: {integrity: sha512-ES/L1e1MuSZgG4mj960n0VRc5F/cW1gRLXpzJvRdhxXjsLWC/zsc4syW6CdQ09NjQFM1pd5IxuXz9U/tpWbjJg==}

  '@babel/helper-string-parser@7.24.7':
    resolution: {integrity: sha512-7MbVt6xrwFQbunH2DNQsAP5sTGxfqQtErvBIvIMi6EQnbgUOuVYanvREcmFrOPhoXBrTtjhhP+lW+o5UfK+tDg==}
    engines: {node: '>=6.9.0'}

  '@babel/helper-validator-identifier@7.24.7':
    resolution: {integrity: sha512-rR+PBcQ1SMQDDyF6X0wxtG8QyLCgUB0eRAGguqRLfkCA87l7yAP7ehq8SNj96OOGTO8OBV70KhuFYcIkHXOg0w==}
    engines: {node: '>=6.9.0'}

  '@babel/parser@7.24.7':
    resolution: {integrity: sha512-9uUYRm6OqQrCqQdG1iCBwBPZgN8ciDBro2nIOFaiRz1/BCxaI7CNvQbDHvsArAC7Tw9Hda/B3U+6ui9u4HWXPw==}
    engines: {node: '>=6.0.0'}
    hasBin: true

  '@babel/types@7.24.7':
    resolution: {integrity: sha512-XEFXSlxiG5td2EJRe8vOmRbaXVgfcBlszKujvVmWIK/UpywWljQCfzAv3RQCGujWQ1RD4YYWEAqDXfuJiy8f5Q==}
    engines: {node: '>=6.9.0'}

  '@esbuild/aix-ppc64@0.21.5':
    resolution: {integrity: sha512-1SDgH6ZSPTlggy1yI6+Dbkiz8xzpHJEVAlF/AM1tHPLsf5STom9rwtjE4hKAF20FfXXNTFqEYXyJNWh1GiZedQ==}
    engines: {node: '>=12'}
    cpu: [ppc64]
    os: [aix]

  '@esbuild/android-arm64@0.21.5':
    resolution: {integrity: sha512-c0uX9VAUBQ7dTDCjq+wdyGLowMdtR/GoC2U5IYk/7D1H1JYC0qseD7+11iMP2mRLN9RcCMRcjC4YMclCzGwS/A==}
    engines: {node: '>=12'}
    cpu: [arm64]
    os: [android]

  '@esbuild/android-arm@0.21.5':
    resolution: {integrity: sha512-vCPvzSjpPHEi1siZdlvAlsPxXl7WbOVUBBAowWug4rJHb68Ox8KualB+1ocNvT5fjv6wpkX6o/iEpbDrf68zcg==}
    engines: {node: '>=12'}
    cpu: [arm]
    os: [android]

  '@esbuild/android-x64@0.21.5':
    resolution: {integrity: sha512-D7aPRUUNHRBwHxzxRvp856rjUHRFW1SdQATKXH2hqA0kAZb1hKmi02OpYRacl0TxIGz/ZmXWlbZgjwWYaCakTA==}
    engines: {node: '>=12'}
    cpu: [x64]
    os: [android]

  '@esbuild/darwin-arm64@0.21.5':
    resolution: {integrity: sha512-DwqXqZyuk5AiWWf3UfLiRDJ5EDd49zg6O9wclZ7kUMv2WRFr4HKjXp/5t8JZ11QbQfUS6/cRCKGwYhtNAY88kQ==}
    engines: {node: '>=12'}
    cpu: [arm64]
    os: [darwin]

  '@esbuild/darwin-x64@0.21.5':
    resolution: {integrity: sha512-se/JjF8NlmKVG4kNIuyWMV/22ZaerB+qaSi5MdrXtd6R08kvs2qCN4C09miupktDitvh8jRFflwGFBQcxZRjbw==}
    engines: {node: '>=12'}
    cpu: [x64]
    os: [darwin]

  '@esbuild/freebsd-arm64@0.21.5':
    resolution: {integrity: sha512-5JcRxxRDUJLX8JXp/wcBCy3pENnCgBR9bN6JsY4OmhfUtIHe3ZW0mawA7+RDAcMLrMIZaf03NlQiX9DGyB8h4g==}
    engines: {node: '>=12'}
    cpu: [arm64]
    os: [freebsd]

  '@esbuild/freebsd-x64@0.21.5':
    resolution: {integrity: sha512-J95kNBj1zkbMXtHVH29bBriQygMXqoVQOQYA+ISs0/2l3T9/kj42ow2mpqerRBxDJnmkUDCaQT/dfNXWX/ZZCQ==}
    engines: {node: '>=12'}
    cpu: [x64]
    os: [freebsd]

  '@esbuild/linux-arm64@0.21.5':
    resolution: {integrity: sha512-ibKvmyYzKsBeX8d8I7MH/TMfWDXBF3db4qM6sy+7re0YXya+K1cem3on9XgdT2EQGMu4hQyZhan7TeQ8XkGp4Q==}
    engines: {node: '>=12'}
    cpu: [arm64]
    os: [linux]

  '@esbuild/linux-arm@0.21.5':
    resolution: {integrity: sha512-bPb5AHZtbeNGjCKVZ9UGqGwo8EUu4cLq68E95A53KlxAPRmUyYv2D6F0uUI65XisGOL1hBP5mTronbgo+0bFcA==}
    engines: {node: '>=12'}
    cpu: [arm]
    os: [linux]

  '@esbuild/linux-ia32@0.21.5':
    resolution: {integrity: sha512-YvjXDqLRqPDl2dvRODYmmhz4rPeVKYvppfGYKSNGdyZkA01046pLWyRKKI3ax8fbJoK5QbxblURkwK/MWY18Tg==}
    engines: {node: '>=12'}
    cpu: [ia32]
    os: [linux]

  '@esbuild/linux-loong64@0.21.5':
    resolution: {integrity: sha512-uHf1BmMG8qEvzdrzAqg2SIG/02+4/DHB6a9Kbya0XDvwDEKCoC8ZRWI5JJvNdUjtciBGFQ5PuBlpEOXQj+JQSg==}
    engines: {node: '>=12'}
    cpu: [loong64]
    os: [linux]

  '@esbuild/linux-mips64el@0.21.5':
    resolution: {integrity: sha512-IajOmO+KJK23bj52dFSNCMsz1QP1DqM6cwLUv3W1QwyxkyIWecfafnI555fvSGqEKwjMXVLokcV5ygHW5b3Jbg==}
    engines: {node: '>=12'}
    cpu: [mips64el]
    os: [linux]

  '@esbuild/linux-ppc64@0.21.5':
    resolution: {integrity: sha512-1hHV/Z4OEfMwpLO8rp7CvlhBDnjsC3CttJXIhBi+5Aj5r+MBvy4egg7wCbe//hSsT+RvDAG7s81tAvpL2XAE4w==}
    engines: {node: '>=12'}
    cpu: [ppc64]
    os: [linux]

  '@esbuild/linux-riscv64@0.21.5':
    resolution: {integrity: sha512-2HdXDMd9GMgTGrPWnJzP2ALSokE/0O5HhTUvWIbD3YdjME8JwvSCnNGBnTThKGEB91OZhzrJ4qIIxk/SBmyDDA==}
    engines: {node: '>=12'}
    cpu: [riscv64]
    os: [linux]

  '@esbuild/linux-s390x@0.21.5':
    resolution: {integrity: sha512-zus5sxzqBJD3eXxwvjN1yQkRepANgxE9lgOW2qLnmr8ikMTphkjgXu1HR01K4FJg8h1kEEDAqDcZQtbrRnB41A==}
    engines: {node: '>=12'}
    cpu: [s390x]
    os: [linux]

  '@esbuild/linux-x64@0.21.5':
    resolution: {integrity: sha512-1rYdTpyv03iycF1+BhzrzQJCdOuAOtaqHTWJZCWvijKD2N5Xu0TtVC8/+1faWqcP9iBCWOmjmhoH94dH82BxPQ==}
    engines: {node: '>=12'}
    cpu: [x64]
    os: [linux]

  '@esbuild/netbsd-x64@0.21.5':
    resolution: {integrity: sha512-Woi2MXzXjMULccIwMnLciyZH4nCIMpWQAs049KEeMvOcNADVxo0UBIQPfSmxB3CWKedngg7sWZdLvLczpe0tLg==}
    engines: {node: '>=12'}
    cpu: [x64]
    os: [netbsd]

  '@esbuild/openbsd-x64@0.21.5':
    resolution: {integrity: sha512-HLNNw99xsvx12lFBUwoT8EVCsSvRNDVxNpjZ7bPn947b8gJPzeHWyNVhFsaerc0n3TsbOINvRP2byTZ5LKezow==}
    engines: {node: '>=12'}
    cpu: [x64]
    os: [openbsd]

  '@esbuild/sunos-x64@0.21.5':
    resolution: {integrity: sha512-6+gjmFpfy0BHU5Tpptkuh8+uw3mnrvgs+dSPQXQOv3ekbordwnzTVEb4qnIvQcYXq6gzkyTnoZ9dZG+D4garKg==}
    engines: {node: '>=12'}
    cpu: [x64]
    os: [sunos]

  '@esbuild/win32-arm64@0.21.5':
    resolution: {integrity: sha512-Z0gOTd75VvXqyq7nsl93zwahcTROgqvuAcYDUr+vOv8uHhNSKROyU961kgtCD1e95IqPKSQKH7tBTslnS3tA8A==}
    engines: {node: '>=12'}
    cpu: [arm64]
    os: [win32]

  '@esbuild/win32-ia32@0.21.5':
    resolution: {integrity: sha512-SWXFF1CL2RVNMaVs+BBClwtfZSvDgtL//G/smwAc5oVK/UPu2Gu9tIaRgFmYFFKrmg3SyAjSrElf0TiJ1v8fYA==}
    engines: {node: '>=12'}
    cpu: [ia32]
    os: [win32]

  '@esbuild/win32-x64@0.21.5':
    resolution: {integrity: sha512-tQd/1efJuzPC6rCFwEvLtci/xNFcTZknmXs98FYDfGE4wP9ClFV98nyKrzJKVPMhdDnjzLhdUyMX4PsQAPjwIw==}
    engines: {node: '>=12'}
    cpu: [x64]
    os: [win32]

  '@esri/arcgis-html-sanitizer@4.0.3':
    resolution: {integrity: sha512-B06V4Spjhcy2zcKH9SaTrZwRGjUTlsCSGImdCpe7fN/Q3HxLa4QosMgrRJQ+Q8guLhBA177+6Fjwzl/xIrmY7A==}
    engines: {node: '>=18.0.0'}

  '@esri/calcite-colors@6.1.0':
    resolution: {integrity: sha512-wHQYWFtDa6c328EraXEVZvgOiaQyYr0yuaaZ0G3cB4C3lSkWefW34L/e5TLAhtuG3zJ/wR6pl5X1YYNfBc0/4Q==}

  '@esri/calcite-components@2.10.1':
    resolution: {integrity: sha512-8M2ZBYcEk20x34TDxZ6H5rLCWtGrOJLtHA/k6yWL/GJTC85/gvY153XxbGN8F1ywJb/3imvhy/SlfNRPnVPQNQ==}

  '@floating-ui/core@1.6.4':
    resolution: {integrity: sha512-a4IowK4QkXl4SCWTGUR0INAfEOX3wtsYw3rKK5InQEHMGObkR8Xk44qYQD9P4r6HHw0iIfK6GUKECmY8sTkqRA==}

  '@floating-ui/dom@1.6.5':
    resolution: {integrity: sha512-Nsdud2X65Dz+1RHjAIP0t8z5e2ff/IRbei6BqFrl1urT8sDVzM1HMQ+R0XcU5ceRfyO3I6ayeqIfh+6Wb8LGTw==}

  '@floating-ui/utils@0.2.4':
    resolution: {integrity: sha512-dWO2pw8hhi+WrXq1YJy2yCuWoL20PddgGaqTgVe4cOS9Q6qklXCiA1tJEqX6BEwRNSCP84/afac9hd4MS+zEUA==}

  '@jridgewell/sourcemap-codec@1.4.15':
    resolution: {integrity: sha512-eF2rxCRulEKXHTRiDrDy6erMYWqNw4LPdQ8UQA4huuxaQsVeRPFl2oM8oDGxMFhJUWZf9McpLtJasDDZb/Bpeg==}

  '@lit-labs/ssr-dom-shim@1.2.0':
    resolution: {integrity: sha512-yWJKmpGE6lUURKAaIltoPIE/wrbY3TEkqQt+X0m+7fQNnAv0keydnYvbiJFP1PnMhizmIWRWOG5KLhYyc/xl+g==}

  '@lit/reactive-element@2.0.4':
    resolution: {integrity: sha512-GFn91inaUa2oHLak8awSIigYz0cU0Payr1rcFsrkf5OJ5eSPxElyZfKh0f2p9FsTiZWXQdWGJeXZICEfXXYSXQ==}

  '@open-wc/dedupe-mixin@1.4.0':
    resolution: {integrity: sha512-Sj7gKl1TLcDbF7B6KUhtvr+1UCxdhMbNY5KxdU5IfMFWqL8oy1ZeAcCANjoB1TL0AJTcPmcCFsCbHf8X2jGDUA==}

  '@polymer/polymer@3.5.1':
    resolution: {integrity: sha512-JlAHuy+1qIC6hL1ojEUfIVD58fzTpJAoCxFwV5yr0mYTXV1H8bz5zy0+rC963Cgr9iNXQ4T9ncSjC2fkF9BQfw==}

  '@rollup/rollup-android-arm-eabi@4.24.0':
    resolution: {integrity: sha512-Q6HJd7Y6xdB48x8ZNVDOqsbh2uByBhgK8PiQgPhwkIw/HC/YX5Ghq2mQY5sRMZWHb3VsFkWooUVOZHKr7DmDIA==}
    cpu: [arm]
    os: [android]

  '@rollup/rollup-android-arm64@4.24.0':
    resolution: {integrity: sha512-ijLnS1qFId8xhKjT81uBHuuJp2lU4x2yxa4ctFPtG+MqEE6+C5f/+X/bStmxapgmwLwiL3ih122xv8kVARNAZA==}
    cpu: [arm64]
    os: [android]

  '@rollup/rollup-darwin-arm64@4.24.0':
    resolution: {integrity: sha512-bIv+X9xeSs1XCk6DVvkO+S/z8/2AMt/2lMqdQbMrmVpgFvXlmde9mLcbQpztXm1tajC3raFDqegsH18HQPMYtA==}
    cpu: [arm64]
    os: [darwin]

  '@rollup/rollup-darwin-x64@4.24.0':
    resolution: {integrity: sha512-X6/nOwoFN7RT2svEQWUsW/5C/fYMBe4fnLK9DQk4SX4mgVBiTA9h64kjUYPvGQ0F/9xwJ5U5UfTbl6BEjaQdBQ==}
    cpu: [x64]
    os: [darwin]

  '@rollup/rollup-linux-arm-gnueabihf@4.24.0':
    resolution: {integrity: sha512-0KXvIJQMOImLCVCz9uvvdPgfyWo93aHHp8ui3FrtOP57svqrF/roSSR5pjqL2hcMp0ljeGlU4q9o/rQaAQ3AYA==}
    cpu: [arm]
    os: [linux]
    libc: [glibc]

  '@rollup/rollup-linux-arm-musleabihf@4.24.0':
    resolution: {integrity: sha512-it2BW6kKFVh8xk/BnHfakEeoLPv8STIISekpoF+nBgWM4d55CZKc7T4Dx1pEbTnYm/xEKMgy1MNtYuoA8RFIWw==}
    cpu: [arm]
    os: [linux]
    libc: [musl]

  '@rollup/rollup-linux-arm64-gnu@4.24.0':
    resolution: {integrity: sha512-i0xTLXjqap2eRfulFVlSnM5dEbTVque/3Pi4g2y7cxrs7+a9De42z4XxKLYJ7+OhE3IgxvfQM7vQc43bwTgPwA==}
    cpu: [arm64]
    os: [linux]
    libc: [glibc]

  '@rollup/rollup-linux-arm64-musl@4.24.0':
    resolution: {integrity: sha512-9E6MKUJhDuDh604Qco5yP/3qn3y7SLXYuiC0Rpr89aMScS2UAmK1wHP2b7KAa1nSjWJc/f/Lc0Wl1L47qjiyQw==}
    cpu: [arm64]
    os: [linux]
    libc: [musl]

  '@rollup/rollup-linux-powerpc64le-gnu@4.24.0':
    resolution: {integrity: sha512-2XFFPJ2XMEiF5Zi2EBf4h73oR1V/lycirxZxHZNc93SqDN/IWhYYSYj8I9381ikUFXZrz2v7r2tOVk2NBwxrWw==}
    cpu: [ppc64]
    os: [linux]
    libc: [glibc]

  '@rollup/rollup-linux-riscv64-gnu@4.24.0':
    resolution: {integrity: sha512-M3Dg4hlwuntUCdzU7KjYqbbd+BLq3JMAOhCKdBE3TcMGMZbKkDdJ5ivNdehOssMCIokNHFOsv7DO4rlEOfyKpg==}
    cpu: [riscv64]
    os: [linux]
    libc: [glibc]

  '@rollup/rollup-linux-s390x-gnu@4.24.0':
    resolution: {integrity: sha512-mjBaoo4ocxJppTorZVKWFpy1bfFj9FeCMJqzlMQGjpNPY9JwQi7OuS1axzNIk0nMX6jSgy6ZURDZ2w0QW6D56g==}
    cpu: [s390x]
    os: [linux]
    libc: [glibc]

  '@rollup/rollup-linux-x64-gnu@4.24.0':
    resolution: {integrity: sha512-ZXFk7M72R0YYFN5q13niV0B7G8/5dcQ9JDp8keJSfr3GoZeXEoMHP/HlvqROA3OMbMdfr19IjCeNAnPUG93b6A==}
    cpu: [x64]
    os: [linux]
    libc: [glibc]

  '@rollup/rollup-linux-x64-musl@4.24.0':
    resolution: {integrity: sha512-w1i+L7kAXZNdYl+vFvzSZy8Y1arS7vMgIy8wusXJzRrPyof5LAb02KGr1PD2EkRcl73kHulIID0M501lN+vobQ==}
    cpu: [x64]
    os: [linux]
    libc: [musl]

  '@rollup/rollup-win32-arm64-msvc@4.24.0':
    resolution: {integrity: sha512-VXBrnPWgBpVDCVY6XF3LEW0pOU51KbaHhccHw6AS6vBWIC60eqsH19DAeeObl+g8nKAz04QFdl/Cefta0xQtUQ==}
    cpu: [arm64]
    os: [win32]

  '@rollup/rollup-win32-ia32-msvc@4.24.0':
    resolution: {integrity: sha512-xrNcGDU0OxVcPTH/8n/ShH4UevZxKIO6HJFK0e15XItZP2UcaiLFd5kiX7hJnqCbSztUF8Qot+JWBC/QXRPYWQ==}
    cpu: [ia32]
    os: [win32]

  '@rollup/rollup-win32-x64-msvc@4.24.0':
    resolution: {integrity: sha512-fbMkAF7fufku0N2dE5TBXcNlg0pt0cJue4xBRE2Qc5Vqikxr4VCgKj/ht6SMdFcOacVA9rqF70APJ8RN/4vMJw==}
    cpu: [x64]
    os: [win32]

  '@stencil/core@4.18.3':
    resolution: {integrity: sha512-8yoG5AFQYEPocVtuoc5kvRS0Hku0MoDWDUpADRaXPVHsOFLmxR16LJENj25ucCz5GEfeTGQ/tCE8JAypPmr/fQ==}
    engines: {node: '>=16.0.0', npm: '>=7.10.0'}
    hasBin: true

  '@types/color-convert@2.0.3':
    resolution: {integrity: sha512-2Q6wzrNiuEvYxVQqhh7sXM2mhIhvZR/Paq4FdsQkOMgWsCIkKvSGj8Le1/XalulrmgOzPMqNa0ix+ePY4hTrfg==}

  '@types/color-name@1.1.4':
    resolution: {integrity: sha512-hulKeREDdLFesGQjl96+4aoJSHY5b2GRjagzzcqCfIrWhe5vkCqIvrLbqzBaI1q94Vg8DNJZZqTR5ocdWmWclg==}

  '@types/color@3.0.6':
    resolution: {integrity: sha512-NMiNcZFRUAiUUCCf7zkAelY8eV3aKqfbzyFQlXpPIEeoNDbsEHGpb854V3gzTsGKYj830I5zPuOwU/TP5/cW6A==}

  '@types/estree@1.0.6':
    resolution: {integrity: sha512-AYnb1nQyY49te+VRAVgmzfcgjYS91mY5P0TKUDCLEM+gNnA+3T6rWITXRLYCpahpqSQbN5cE+gHpnPyXjHWxcw==}

  '@types/trusted-types@2.0.7':
    resolution: {integrity: sha512-ScaPdn1dQczgbl0QFTeTOmVHFULt394XJgOQNoyVhZ6r2vLnMLJfBPd53SB52T/3G36VI1/g2MZaX0cwDuXsfw==}

  '@vaadin/a11y-base@24.3.15':
    resolution: {integrity: sha512-gFLt2Hh49SGS1w7vni+txLhoSxLNpd89gBRzXyx61ug3G0u9ydKb96feyUR1eKjfN0gVDO9urRJy0h49+1p3WQ==}

  '@vaadin/checkbox@24.3.15':
    resolution: {integrity: sha512-2LJ95fKBSgSi6dmuhFTXknp/zfmDGXnBV+e+ewdM8wYOFimSlCslhrkZNyXXb6T91TcZPx7qmjmGp4KF+PZR5Q==}

  '@vaadin/component-base@24.3.15':
    resolution: {integrity: sha512-b5wQhrRZw5Ur+mK7IDm/j441Vv0Ww+RpgjTJfBgW3kT+4mJu1gqsO6VkhmxafVfaWM6AorcMB2cHmQwCZJzhSQ==}

  '@vaadin/field-base@24.3.15':
    resolution: {integrity: sha512-2om/73h41qC0S3AX6TgwZIEPikoGHUoPgFnBv0/30fjF5aqTMlQ7Ldw2g+oIaR+YDeCOfkB/3idoNogpz1QSQQ==}

  '@vaadin/grid@24.3.15':
    resolution: {integrity: sha512-qJI1pZBfGvwAtiE5Zk9DmjVuw/2DAslzhouhgNziBxyHmEj3jb1BStLJ+aXGytgvJ0aHY6fMr92KAGVOmKcsAw==}

  '@vaadin/icon@24.3.15':
    resolution: {integrity: sha512-KS36B+G9lIj0NBnwz1BDAXU5vNsRKQXEbV5SjXLbQC7PwP0HpAz8Y61W1U9lqHtd9hG/forQd+znQYeDaubs1A==}

  '@vaadin/input-container@24.3.15':
    resolution: {integrity: sha512-5Bm8fMnIJRHfWBVIYVXGKcEF7NInJ9F1Z9k9fwBjJSFesd2KQ02IzqzOLd2+iVr8+ozp8dE0wQZQHXiAxoA4wg==}

  '@vaadin/lit-renderer@24.3.15':
    resolution: {integrity: sha512-nJxHRjXb1JgcgNF4MYtYopAtIs+9RLhQ56TKyEfcRWXC6Eq6yZcKPN0mxCRalSnCZYUORuc0gvzfnZCMIdfa1Q==}

  '@vaadin/text-field@24.3.15':
    resolution: {integrity: sha512-x0Z7O4zf24+XL7Zs7qghL1twBs79JvhhiFCLfttKG8j1njxr01QsoxlrxPrUJDP9T9hTSZAlJ8WkDE/+wWU25g==}

  '@vaadin/vaadin-development-mode-detector@2.0.7':
    resolution: {integrity: sha512-9FhVhr0ynSR3X2ao+vaIEttcNU5XfzCbxtmYOV8uIRnUCtNgbvMOIcyGBvntsX9I5kvIP2dV3cFAOG9SILJzEA==}

  '@vaadin/vaadin-lumo-styles@24.3.15':
    resolution: {integrity: sha512-W/CBtratSQrRzeren8R0rOtSlavSpy8FlLu4MM9E8CWzbPCVmg+jhATNKBSVQzcY991yE2qws44B/awuXpuhbg==}

  '@vaadin/vaadin-material-styles@24.3.15':
    resolution: {integrity: sha512-CSzHBunOYbfTOM9ZTl2xBAqU9FF9lGwog9p7wiSOxD1LEs2KqjlEnJ4sZ9tlwSjNEMQHopT0Fh5INUB1YBgUmw==}

  '@vaadin/vaadin-themable-mixin@24.3.15':
    resolution: {integrity: sha512-V/AQj4EL5SiDtGImqhFYMgE4g3WNZdcvgWBa57wlny83ThdcxJtc/vLLC1bRYlaLV9DTa93wW9N9tyt2qsexcA==}

  '@vaadin/vaadin-usage-statistics@2.1.2':
    resolution: {integrity: sha512-xKs1PvRfTXsG0eWWcImLXWjv7D+f1vfoIvovppv6pZ5QX8xgcxWUdNgERlOOdGt3CTuxQXukTBW3+Qfva+OXSg==}
    engines: {node: ^12.20.0 || ^14.13.1 || >=16.0.0}

  '@vitejs/plugin-vue@5.0.5':
    resolution: {integrity: sha512-LOjm7XeIimLBZyzinBQ6OSm3UBCNVCpLkxGC0oWmm2YPzVZoxMsdvNVimLTBzpAnR9hl/yn1SHGuRfe6/Td9rQ==}
    engines: {node: ^18.0.0 || >=20.0.0}
    peerDependencies:
      vite: ^5.0.0
      vue: ^3.2.25

  '@volar/language-core@2.4.0-alpha.15':
    resolution: {integrity: sha512-mt8z4Fm2WxfQYoQHPcKVjLQV6PgPqyKLbkCVY2cr5RSaamqCHjhKEpsFX66aL4D/7oYguuaUw9Bx03Vt0TpIIA==}

  '@volar/source-map@2.4.0-alpha.15':
    resolution: {integrity: sha512-8Htngw5TmBY4L3ClDqBGyfLhsB8EmoEXUH1xydyEtEoK0O6NX5ur4Jw8jgvscTlwzizyl/wsN1vn0cQXVbbXYg==}

  '@volar/typescript@2.4.0-alpha.15':
    resolution: {integrity: sha512-U3StRBbDuxV6Woa4hvGS4kz3XcOzrWUKgFdEFN+ba1x3eaYg7+ytau8ul05xgA+UNGLXXsKur7fTUhDFyISk0w==}

  '@vue/compiler-core@3.4.31':
    resolution: {integrity: sha512-skOiodXWTV3DxfDhB4rOf3OGalpITLlgCeOwb+Y9GJpfQ8ErigdBUHomBzvG78JoVE8MJoQsb+qhZiHfKeNeEg==}

  '@vue/compiler-dom@3.4.31':
    resolution: {integrity: sha512-wK424WMXsG1IGMyDGyLqB+TbmEBFM78hIsOJ9QwUVLGrcSk0ak6zYty7Pj8ftm7nEtdU/DGQxAXp0/lM/2cEpQ==}

  '@vue/compiler-sfc@3.4.31':
    resolution: {integrity: sha512-einJxqEw8IIJxzmnxmJBuK2usI+lJonl53foq+9etB2HAzlPjAS/wa7r0uUpXw5ByX3/0uswVSrjNb17vJm1kQ==}

  '@vue/compiler-ssr@3.4.31':
    resolution: {integrity: sha512-RtefmITAje3fJ8FSg1gwgDhdKhZVntIVbwupdyZDSifZTRMiWxWehAOTCc8/KZDnBOcYQ4/9VWxsTbd3wT0hAA==}

  '@vue/language-core@2.0.26':
    resolution: {integrity: sha512-/lt6SfQ3O1yDAhPsnLv9iSUgXd1dMHqUm/t3RctfqjuwQf1LnftZ414X3UBn6aXT4MiwXWtbNJ4Z0NZWwDWgJQ==}
    peerDependencies:
      typescript: '*'
    peerDependenciesMeta:
      typescript:
        optional: true

  '@vue/reactivity@3.4.31':
    resolution: {integrity: sha512-VGkTani8SOoVkZNds1PfJ/T1SlAIOf8E58PGAhIOUDYPC4GAmFA2u/E14TDAFcf3vVDKunc4QqCe/SHr8xC65Q==}

  '@vue/runtime-core@3.4.31':
    resolution: {integrity: sha512-LDkztxeUPazxG/p8c5JDDKPfkCDBkkiNLVNf7XZIUnJ+66GVGkP+TIh34+8LtPisZ+HMWl2zqhIw0xN5MwU1cw==}

  '@vue/runtime-dom@3.4.31':
    resolution: {integrity: sha512-2Auws3mB7+lHhTFCg8E9ZWopA6Q6L455EcU7bzcQ4x6Dn4cCPuqj6S2oBZgN2a8vJRS/LSYYxwFFq2Hlx3Fsaw==}

  '@vue/server-renderer@3.4.31':
    resolution: {integrity: sha512-D5BLbdvrlR9PE3by9GaUp1gQXlCNadIZytMIb8H2h3FMWJd4oUfkUTEH2wAr3qxoRz25uxbTcbqd3WKlm9EHQA==}
    peerDependencies:
      vue: 3.4.31

  '@vue/shared@3.4.31':
    resolution: {integrity: sha512-Yp3wtJk//8cO4NItOPpi3QkLExAr/aLBGZMmTtW9WpdwBCJpRM6zj9WgWktXAl8IDIozwNMByT45JP3tO3ACWA==}

  '@webcomponents/shadycss@1.11.2':
    resolution: {integrity: sha512-vRq+GniJAYSBmTRnhCYPAPq6THYqovJ/gzGThWbgEZUQaBccndGTi1hdiUP15HzEco0I6t4RCtXyX0rsSmwgPw==}

  '@zip.js/zip.js@2.7.45':
    resolution: {integrity: sha512-Mm2EXF33DJQ/3GWWEWeP1UCqzpQ5+fiMvT3QWspsXY05DyqqxWu7a9awSzU4/spHMHVFrTjani1PR0vprgZpow==}
    engines: {bun: '>=0.7.0', deno: '>=1.0.0', node: '>=16.5.0'}

  balanced-match@1.0.2:
    resolution: {integrity: sha512-3oSeUO0TMV67hN1AmbXsK4yaqU7tjiHlbxRDZOpH0KW9+CeX4bRAaX0Anxt0tx2MrpRpWwQaPwIlISEJhYU5Pw==}

  brace-expansion@2.0.1:
    resolution: {integrity: sha512-XnAIvQ8eM+kC6aULx6wuQiwVsnzsi9d3WxzV3FpWTGA19F621kwdbsAcFKXgKUHZWsy+mY6iL1sHTxWEFCytDA==}

  color-convert@2.0.1:
    resolution: {integrity: sha512-RRECPsj7iu/xb5oKYcsFHSppFNnsj/52OVTRKb4zP5onXwVF3zVmmToNcOfGC+CRDpfK/U584fMg38ZHCaElKQ==}
    engines: {node: '>=7.0.0'}

  color-name@1.1.4:
    resolution: {integrity: sha512-dOy+3AuW3a2wNbZHIuMZpTcgjGuLU/uBL/ubcZF9OXbDo8ff4O8yVp5Bf0efS8uEoYo5q4Fx7dY9OgQGXgAsQA==}

  color-string@1.9.1:
    resolution: {integrity: sha512-shrVawQFojnZv6xM40anx4CkoDP+fZsw/ZerEMsW/pyzsRbElpsL/DBVW7q3ExxwusdNXI3lXpuhEZkzs8p5Eg==}

  color@4.2.3:
    resolution: {integrity: sha512-1rXeuUUiGGrykh+CeBdu5Ie7OJwinCgQY0bc7GCRxy5xVHy+moaqkpL/jqQq0MtQOeYcrqEz4abc5f0KtU7W4A==}
    engines: {node: '>=12.5.0'}

  commander@2.20.3:
    resolution: {integrity: sha512-GpVkmM8vF2vQUkj2LvZmD35JxeJOLCwJ9cUkugyk2nuhbv3+mJvpLYYt+0+USMxE+oj+ey/lJEnhZw75x/OMcQ==}

  composed-offset-position@0.0.4:
    resolution: {integrity: sha512-vMlvu1RuNegVE0YsCDSV/X4X10j56mq7PCIyOKK74FxkXzGLwhOUmdkJLSdOBOMwWycobGUMgft2lp+YgTe8hw==}

  computeds@0.0.1:
    resolution: {integrity: sha512-7CEBgcMjVmitjYo5q8JTJVra6X5mQ20uTThdK+0kR7UEaDrAWEQcRiBtWJzga4eRpP6afNwwLsX2SET2JhVB1Q==}

  cssfilter@0.0.10:
    resolution: {integrity: sha1-xtJnJjKi5cg+AT5oZKQs6N79IK4=, tarball: https://registry.npmmirror.com/cssfilter/download/cssfilter-0.0.10.tgz}

  csstype@3.1.3:
    resolution: {integrity: sha512-M1uQkMl8rQK/szD0LNhtqxIPLpimGm8sOBwU7lLnCpSbTyY3yeU1Vc7l4KT5zT4s/yOxHH5O7tIuuLOCnLADRw==}

  dayjs@1.11.11:
    resolution: {integrity: sha512-okzr3f11N6WuqYtZSvm+F776mB41wRZMhKP+hc34YdW+KmtYYK9iqvHSwo2k9FEH3fhGXvOPV6yz2IcSrfRUDg==}

  de-indent@1.0.2:
    resolution: {integrity: sha512-e/1zu3xH5MQryN2zdVaF0OrdNLUbvWxzMbi+iNA6Bky7l1RoP8a2fIbRocyHclXt/arDrrR6lL3TqFD9pMQTsg==}

  entities@4.5.0:
    resolution: {integrity: sha512-V0hjH4dGPh9Ao5p0MoRY6BVqtwCjhz6vI5LT8AJ55H+4g9/4vbHx1I54fS0XuclLhDHArPQCiMjDxjaL8fPxhw==}
    engines: {node: '>=0.12'}

  esbuild@0.21.5:
    resolution: {integrity: sha512-mg3OPMV4hXywwpoDxu3Qda5xCKQi+vCTZq8S9J/EpkhB2HzKXq4SNFZE3+NK93JYxc8VMSep+lOUSC/RVKaBqw==}
    engines: {node: '>=12'}
    hasBin: true

  estree-walker@2.0.2:
    resolution: {integrity: sha512-Rfkk/Mp/DL7JVje3u18FxFujQlTNR2q6QfMSMB7AvCBx91NGj/ba3kCfza0f6dVDbw7YlRf/nDrn7pQrCCyQ/w==}

  focus-trap@7.5.4:
    resolution: {integrity: sha512-N7kHdlgsO/v+iD/dMoJKtsSqs5Dz/dXZVebRgJw23LDk+jMi/974zyiOYDziY2JPp8xivq9BmUGwIJMiuSBi7w==}

  fsevents@2.3.3:
    resolution: {integrity: sha512-5xoDfX+fL7faATnagmWPpbFtwh/R77WmMMqqHGS65C3vvB0YHrgF+B1YmZ3441tMj5n63k0212XNoJwzlhffQw==}
    engines: {node: ^8.16.0 || ^10.6.0 || >=11.0.0}
    os: [darwin]

  he@1.2.0:
    resolution: {integrity: sha512-F/1DnUGPopORZi0ni+CvrCgHQ5FyEAHRLSApuYWMmrbSwoN2Mn/7k+Gl38gJnR7yyDZk6WLXwiGod1JOWNDKGw==}
    hasBin: true

  is-arrayish@0.3.2:
    resolution: {integrity: sha512-eVRqCvVlZbuw3GrM63ovNSNAeA1K16kaR/LRY/92w0zxQ5/1YzwblUX652i4Xs9RwAGjW9d9y6X88t8OaAJfWQ==}

  lit-element@4.0.6:
    resolution: {integrity: sha512-U4sdJ3CSQip7sLGZ/uJskO5hGiqtlpxndsLr6mt3IQIjheg93UKYeGQjWMRql1s/cXNOaRrCzC2FQwjIwSUqkg==}

  lit-html@3.1.4:
    resolution: {integrity: sha512-yKKO2uVv7zYFHlWMfZmqc+4hkmSbFp8jgjdZY9vvR9jr4J8fH6FUMXhr+ljfELgmjpvlF7Z1SJ5n5/Jeqtc9YA==}

  lit@3.1.4:
    resolution: {integrity: sha512-q6qKnKXHy2g1kjBaNfcoLlgbI3+aSOZ9Q4tiGa9bGYXq5RBXxkVTqTIVmP2VWMp29L4GyvCFm8ZQ2o56eUAMyA==}

  lodash-es@4.17.21:
    resolution: {integrity: sha512-mKnC+QJ9pWVzv+C4/U3rRsHapFfHvQFoFB92e52xeyGMcX6/OlIl78je1u8vePzYZSkkogMPJ2yjxxsb89cxyw==}

  luxon@3.4.4:
    resolution: {integrity: sha512-zobTr7akeGHnv7eBOXcRgMeCP6+uyYsczwmeRCauvpvaAltgNyTbLH/+VaEAPUeWBT+1GuNmz4wC/6jtQzbbVA==}
    engines: {node: '>=12'}

  magic-string@0.30.10:
    resolution: {integrity: sha512-iIRwTIf0QKV3UAnYK4PU8uiEc4SRh5jX0mwpIwETPpHdhVM4f53RSwS/vXvN1JhGX+Cs7B8qIq3d6AH49O5fAQ==}

  marked@12.0.2:
    resolution: {integrity: sha512-qXUm7e/YKFoqFPYPa3Ukg9xlI5cyAtGmyEIzMfW//m6kXwCy2Ps9DYf5ioijFKQ8qyuscrHoY04iJGctu2Kg0Q==}
    engines: {node: '>= 18'}
    hasBin: true

  minimatch@9.0.5:
    resolution: {integrity: sha512-G6T0ZX48xgozx7587koeX9Ys2NYy6Gmv//P89sEte9V9whIapMNF4idKxnW2QtCcLiTWlb/wfCabAtAFWhhBow==}
    engines: {node: '>=16 || 14 >=14.17'}

  muggle-string@0.4.1:
    resolution: {integrity: sha512-VNTrAak/KhO2i8dqqnqnAHOa3cYBwXEZe9h+D5h/1ZqFSTEFHdM65lR7RoIqq3tBBYavsOXV84NoHXZ0AkPyqQ==}

  nanoid@3.3.7:
    resolution: {integrity: sha512-eSRppjcPIatRIMC1U6UngP8XFcz8MQWGQdt1MTBQ7NaAmvXDfvNxbvWV3x2y6CdEUciCSsDHDQZbhYaB8QEo2g==}
    engines: {node: ^10 || ^12 || ^13.7 || ^14 || >=15.0.1}
    hasBin: true

  path-browserify@1.0.1:
    resolution: {integrity: sha512-b7uo2UCUOYZcnF/3ID0lulOJi/bafxa1xPe7ZPsammBSpjSWQkjNxlt635YGS2MiR9GjvuXCtz2emr3jbsz98g==}

  picocolors@1.0.1:
    resolution: {integrity: sha512-anP1Z8qwhkbmu7MFP5iTt+wQKXgwzf7zTyGlcdzabySa9vd0Xt392U0rVmz9poOaBj0uHJKyyo9/upk0HrEQew==}

  picocolors@1.1.1:
    resolution: {integrity: sha512-xceH2snhtb5M9liqDsmEw56le376mTZkEX/jEb/RxNFyegNul7eNslCXP9FDj/Lcu0X8KEyMceP2ntpaHrDEVA==}

  postcss@8.4.39:
    resolution: {integrity: sha512-0vzE+lAiG7hZl1/9I8yzKLx3aR9Xbof3fBHKunvMfOCYAtMhrsnccJY2iTURb9EZd5+pLuiNV9/c/GZJOHsgIw==}
    engines: {node: ^10 || ^12 || >=14}

  postcss@8.4.47:
    resolution: {integrity: sha512-56rxCq7G/XfB4EkXq9Egn5GCqugWvDFjafDOThIdMBsI15iqPqR5r15TfSr1YPYeEI19YeaXMCbY6u88Y76GLQ==}
    engines: {node: ^10 || ^12 || >=14}

  rollup@4.24.0:
    resolution: {integrity: sha512-DOmrlGSXNk1DM0ljiQA+i+o0rSLhtii1je5wgk60j49d1jHT5YYttBv1iWOnYSTG+fZZESUOSNiAl89SIet+Cg==}
    engines: {node: '>=18.0.0', npm: '>=8.0.0'}
    hasBin: true

  semver@7.6.2:
    resolution: {integrity: sha512-FNAIBWCx9qcRhoHcgcJ0gvU7SN1lYU2ZXuSfl04bSC5OpvDHFyJCjdNHomPXxjQlCBU67YW64PzY7/VIEH7F2w==}
    engines: {node: '>=10'}
    hasBin: true

  simple-swizzle@0.2.2:
    resolution: {integrity: sha512-JA//kQgZtbuY83m+xT+tXJkmJncGMTFT+C+g2h2R9uxkYIrE2yy9sgmcLhCnw57/WSD+Eh3J97FPEDFnbXnDUg==}

  sortablejs@1.15.1:
    resolution: {integrity: sha512-P5Cjvb0UG1ZVNiDPj/n4V+DinttXG6K8n7vM/HQf0C25K3YKQTQY6fsr/sEGsJGpQ9exmPxluHxKBc0mLKU1lQ==}

  sortablejs@1.15.2:
    resolution: {integrity: sha512-FJF5jgdfvoKn1MAKSdGs33bIqLi3LmsgVTliuX6iITj834F+JRQZN90Z93yql8h0K2t0RwDPBmxwlbZfDcxNZA==}

  source-map-js@1.2.0:
    resolution: {integrity: sha512-itJW8lvSA0TXEphiRoawsCksnlf8SyvmFzIhltqAHluXd88pkCd+cXJVHTDwdCr0IzwptSm035IHQktUu1QUMg==}
    engines: {node: '>=0.10.0'}

  source-map-js@1.2.1:
    resolution: {integrity: sha512-UXWMKhLOwVKb728IUtQPXxfYU+usdybtUrK/8uGE8CQMvrhOpwvzDBwj0QhSL7MQc7vIsISBG8VQ8+IDQxpfQA==}
    engines: {node: '>=0.10.0'}

  tabbable@6.2.0:
    resolution: {integrity: sha512-Cat63mxsVJlzYvN51JmVXIgNoUokrIaT2zLclCXjRd8boZ0004U4KCs/sToJ75C6sdlByWxpYnb5Boif1VSFew==}

  timezone-groups@0.8.0:
    resolution: {integrity: sha512-t7E/9sPfCU0m0ZbS7Cqw52D6CB/UyeaiIBmyJCokI1SyOyOgA/ESiQ/fbreeFaUG9QSenGlZSSk/7rEbkipbOA==}
    hasBin: true

  to-fast-properties@2.0.0:
    resolution: {integrity: sha512-/OaKK0xYrs3DmxRYqL/yDc+FxFUVYhDlXMhRmv3z915w2HF1tnN1omB354j8VUGO/hbRzyD6Y3sA7v7GS/ceog==}
    engines: {node: '>=4'}

  type-fest@4.18.2:
    resolution: {integrity: sha512-+suCYpfJLAe4OXS6+PPXjW3urOS4IoP9waSiLuXfLgqZODKw/aWwASvzqE886wA0kQgGy0mIWyhd87VpqIy6Xg==}
    engines: {node: '>=16'}

  typescript@5.5.3:
    resolution: {integrity: sha512-/hreyEujaB0w76zKo6717l3L0o/qEUtRgdvUBvlkhoWeOVMjMuHNHk0BRBzikzuGDqNmPQbg5ifMEqsHLiIUcQ==}
    engines: {node: '>=14.17'}
    hasBin: true

  vite@5.4.6:
    resolution: {integrity: sha512-IeL5f8OO5nylsgzd9tq4qD2QqI0k2CQLGrWD0rCN0EQJZpBK5vJAx0I+GDkMOXxQX/OfFHMuLIx6ddAxGX/k+Q==}
    engines: {node: ^18.0.0 || >=20.0.0}
    hasBin: true
    peerDependencies:
      '@types/node': ^18.0.0 || >=20.0.0
      less: '*'
      lightningcss: ^1.21.0
      sass: '*'
      sass-embedded: '*'
      stylus: '*'
      sugarss: '*'
      terser: ^5.4.0
    peerDependenciesMeta:
      '@types/node':
        optional: true
      less:
        optional: true
      lightningcss:
        optional: true
      sass:
        optional: true
      sass-embedded:
        optional: true
      stylus:
        optional: true
      sugarss:
        optional: true
      terser:
        optional: true

  vscode-uri@3.0.8:
    resolution: {integrity: sha512-AyFQ0EVmsOZOlAnxoFOGOq1SQDWAB7C6aqMGS23svWAllfOaxbuFvcT8D1i8z3Gyn8fraVeZNNmN6e9bxxXkKw==}

  vue-template-compiler@2.7.16:
    resolution: {integrity: sha512-AYbUWAJHLGGQM7+cNTELw+KsOG9nl2CnSv467WobS5Cv9uk3wFcnr1Etsz2sEIHEZvw1U+o9mRlEO6QbZvUPGQ==}

  vue-tsc@2.0.26:
    resolution: {integrity: sha512-tOhuwy2bIXbMhz82ef37qeiaQHMXKQkD6mOF6CCPl3/uYtST3l6fdNyfMxipudrQTxTfXVPlgJdMENBFfC1CfQ==}
    hasBin: true
    peerDependencies:
      typescript: '>=5.0.0'

  vue@3.4.31:
    resolution: {integrity: sha512-njqRrOy7W3YLAlVqSKpBebtZpDVg21FPoaq1I7f/+qqBThK9ChAIjkRWgeP6Eat+8C+iia4P3OYqpATP21BCoQ==}
    peerDependencies:
      typescript: '*'
    peerDependenciesMeta:
      typescript:
        optional: true

  xss@1.0.13:
    resolution: {integrity: sha512-clu7dxTm1e8Mo5fz3n/oW3UCXBfV89xZ72jM8yzo1vR/pIS0w3sgB3XV2H8Vm6zfGnHL0FzvLJPJEBhd86/z4Q==}
    engines: {node: '>= 0.10.0'}
    hasBin: true

snapshots:

  '@arcgis/core@4.30.5':
    dependencies:
      '@esri/arcgis-html-sanitizer': 4.0.3
      '@esri/calcite-colors': 6.1.0
      '@esri/calcite-components': 2.10.1
      '@vaadin/grid': 24.3.15
      '@zip.js/zip.js': 2.7.45
      luxon: 3.4.4
      marked: 12.0.2
      sortablejs: 1.15.2

  '@babel/helper-string-parser@7.24.7': {}

  '@babel/helper-validator-identifier@7.24.7': {}

  '@babel/parser@7.24.7':
    dependencies:
      '@babel/types': 7.24.7

  '@babel/types@7.24.7':
    dependencies:
      '@babel/helper-string-parser': 7.24.7
      '@babel/helper-validator-identifier': 7.24.7
      to-fast-properties: 2.0.0

  '@esbuild/aix-ppc64@0.21.5':
    optional: true

  '@esbuild/android-arm64@0.21.5':
    optional: true

  '@esbuild/android-arm@0.21.5':
    optional: true

  '@esbuild/android-x64@0.21.5':
    optional: true

  '@esbuild/darwin-arm64@0.21.5':
    optional: true

  '@esbuild/darwin-x64@0.21.5':
    optional: true

  '@esbuild/freebsd-arm64@0.21.5':
    optional: true

  '@esbuild/freebsd-x64@0.21.5':
    optional: true

  '@esbuild/linux-arm64@0.21.5':
    optional: true

  '@esbuild/linux-arm@0.21.5':
    optional: true

  '@esbuild/linux-ia32@0.21.5':
    optional: true

  '@esbuild/linux-loong64@0.21.5':
    optional: true

  '@esbuild/linux-mips64el@0.21.5':
    optional: true

  '@esbuild/linux-ppc64@0.21.5':
    optional: true

  '@esbuild/linux-riscv64@0.21.5':
    optional: true

  '@esbuild/linux-s390x@0.21.5':
    optional: true

  '@esbuild/linux-x64@0.21.5':
    optional: true

  '@esbuild/netbsd-x64@0.21.5':
    optional: true

  '@esbuild/openbsd-x64@0.21.5':
    optional: true

  '@esbuild/sunos-x64@0.21.5':
    optional: true

  '@esbuild/win32-arm64@0.21.5':
    optional: true

  '@esbuild/win32-ia32@0.21.5':
    optional: true

  '@esbuild/win32-x64@0.21.5':
    optional: true

  '@esri/arcgis-html-sanitizer@4.0.3':
    dependencies:
      xss: 1.0.13

  '@esri/calcite-colors@6.1.0': {}

  '@esri/calcite-components@2.10.1':
    dependencies:
      '@floating-ui/dom': 1.6.5
      '@stencil/core': 4.18.3
      '@types/color': 3.0.6
      color: 4.2.3
      composed-offset-position: 0.0.4
      dayjs: 1.11.11
      focus-trap: 7.5.4
      lodash-es: 4.17.21
      sortablejs: 1.15.1
      timezone-groups: 0.8.0
      type-fest: 4.18.2

  '@floating-ui/core@1.6.4':
    dependencies:
      '@floating-ui/utils': 0.2.4

  '@floating-ui/dom@1.6.5':
    dependencies:
      '@floating-ui/core': 1.6.4
      '@floating-ui/utils': 0.2.4

  '@floating-ui/utils@0.2.4': {}

  '@jridgewell/sourcemap-codec@1.4.15': {}

  '@lit-labs/ssr-dom-shim@1.2.0': {}

  '@lit/reactive-element@2.0.4':
    dependencies:
      '@lit-labs/ssr-dom-shim': 1.2.0

  '@open-wc/dedupe-mixin@1.4.0': {}

  '@polymer/polymer@3.5.1':
    dependencies:
      '@webcomponents/shadycss': 1.11.2

  '@rollup/rollup-android-arm-eabi@4.24.0':
    optional: true

  '@rollup/rollup-android-arm64@4.24.0':
    optional: true

  '@rollup/rollup-darwin-arm64@4.24.0':
    optional: true

  '@rollup/rollup-darwin-x64@4.24.0':
    optional: true

  '@rollup/rollup-linux-arm-gnueabihf@4.24.0':
    optional: true

  '@rollup/rollup-linux-arm-musleabihf@4.24.0':
    optional: true

  '@rollup/rollup-linux-arm64-gnu@4.24.0':
    optional: true

  '@rollup/rollup-linux-arm64-musl@4.24.0':
    optional: true

  '@rollup/rollup-linux-powerpc64le-gnu@4.24.0':
    optional: true

  '@rollup/rollup-linux-riscv64-gnu@4.24.0':
    optional: true

  '@rollup/rollup-linux-s390x-gnu@4.24.0':
    optional: true

  '@rollup/rollup-linux-x64-gnu@4.24.0':
    optional: true

  '@rollup/rollup-linux-x64-musl@4.24.0':
    optional: true

  '@rollup/rollup-win32-arm64-msvc@4.24.0':
    optional: true

  '@rollup/rollup-win32-ia32-msvc@4.24.0':
    optional: true

  '@rollup/rollup-win32-x64-msvc@4.24.0':
    optional: true

  '@stencil/core@4.18.3': {}

  '@types/color-convert@2.0.3':
    dependencies:
      '@types/color-name': 1.1.4

  '@types/color-name@1.1.4': {}

  '@types/color@3.0.6':
    dependencies:
      '@types/color-convert': 2.0.3

  '@types/estree@1.0.6': {}

  '@types/trusted-types@2.0.7': {}

  '@vaadin/a11y-base@24.3.15':
    dependencies:
      '@open-wc/dedupe-mixin': 1.4.0
      '@polymer/polymer': 3.5.1
      '@vaadin/component-base': 24.3.15
      lit: 3.1.4

  '@vaadin/checkbox@24.3.15':
    dependencies:
      '@open-wc/dedupe-mixin': 1.4.0
      '@polymer/polymer': 3.5.1
      '@vaadin/a11y-base': 24.3.15
      '@vaadin/component-base': 24.3.15
      '@vaadin/field-base': 24.3.15
      '@vaadin/vaadin-lumo-styles': 24.3.15
      '@vaadin/vaadin-material-styles': 24.3.15
      '@vaadin/vaadin-themable-mixin': 24.3.15
      lit: 3.1.4

  '@vaadin/component-base@24.3.15':
    dependencies:
      '@open-wc/dedupe-mixin': 1.4.0
      '@polymer/polymer': 3.5.1
      '@vaadin/vaadin-development-mode-detector': 2.0.7
      '@vaadin/vaadin-usage-statistics': 2.1.2
      lit: 3.1.4

  '@vaadin/field-base@24.3.15':
    dependencies:
      '@open-wc/dedupe-mixin': 1.4.0
      '@polymer/polymer': 3.5.1
      '@vaadin/a11y-base': 24.3.15
      '@vaadin/component-base': 24.3.15
      lit: 3.1.4

  '@vaadin/grid@24.3.15':
    dependencies:
      '@open-wc/dedupe-mixin': 1.4.0
      '@polymer/polymer': 3.5.1
      '@vaadin/a11y-base': 24.3.15
      '@vaadin/checkbox': 24.3.15
      '@vaadin/component-base': 24.3.15
      '@vaadin/lit-renderer': 24.3.15
      '@vaadin/text-field': 24.3.15
      '@vaadin/vaadin-lumo-styles': 24.3.15
      '@vaadin/vaadin-material-styles': 24.3.15
      '@vaadin/vaadin-themable-mixin': 24.3.15

  '@vaadin/icon@24.3.15':
    dependencies:
      '@open-wc/dedupe-mixin': 1.4.0
      '@polymer/polymer': 3.5.1
      '@vaadin/component-base': 24.3.15
      '@vaadin/vaadin-lumo-styles': 24.3.15
      '@vaadin/vaadin-themable-mixin': 24.3.15
      lit: 3.1.4

  '@vaadin/input-container@24.3.15':
    dependencies:
      '@polymer/polymer': 3.5.1
      '@vaadin/component-base': 24.3.15
      '@vaadin/vaadin-lumo-styles': 24.3.15
      '@vaadin/vaadin-material-styles': 24.3.15
      '@vaadin/vaadin-themable-mixin': 24.3.15
      lit: 3.1.4

  '@vaadin/lit-renderer@24.3.15':
    dependencies:
      lit: 3.1.4

  '@vaadin/text-field@24.3.15':
    dependencies:
      '@open-wc/dedupe-mixin': 1.4.0
      '@polymer/polymer': 3.5.1
      '@vaadin/a11y-base': 24.3.15
      '@vaadin/component-base': 24.3.15
      '@vaadin/field-base': 24.3.15
      '@vaadin/input-container': 24.3.15
      '@vaadin/vaadin-lumo-styles': 24.3.15
      '@vaadin/vaadin-material-styles': 24.3.15
      '@vaadin/vaadin-themable-mixin': 24.3.15
      lit: 3.1.4

  '@vaadin/vaadin-development-mode-detector@2.0.7': {}

  '@vaadin/vaadin-lumo-styles@24.3.15':
    dependencies:
      '@polymer/polymer': 3.5.1
      '@vaadin/component-base': 24.3.15
      '@vaadin/icon': 24.3.15
      '@vaadin/vaadin-themable-mixin': 24.3.15

  '@vaadin/vaadin-material-styles@24.3.15':
    dependencies:
      '@polymer/polymer': 3.5.1
      '@vaadin/component-base': 24.3.15
      '@vaadin/vaadin-themable-mixin': 24.3.15

  '@vaadin/vaadin-themable-mixin@24.3.15':
    dependencies:
      '@open-wc/dedupe-mixin': 1.4.0
      lit: 3.1.4

  '@vaadin/vaadin-usage-statistics@2.1.2':
    dependencies:
      '@vaadin/vaadin-development-mode-detector': 2.0.7

  '@vitejs/plugin-vue@5.0.5(vite@5.4.6)(vue@3.4.31(typescript@5.5.3))':
    dependencies:
      vite: 5.4.6
      vue: 3.4.31(typescript@5.5.3)

  '@volar/language-core@2.4.0-alpha.15':
    dependencies:
      '@volar/source-map': 2.4.0-alpha.15

  '@volar/source-map@2.4.0-alpha.15': {}

  '@volar/typescript@2.4.0-alpha.15':
    dependencies:
      '@volar/language-core': 2.4.0-alpha.15
      path-browserify: 1.0.1
      vscode-uri: 3.0.8

  '@vue/compiler-core@3.4.31':
    dependencies:
      '@babel/parser': 7.24.7
      '@vue/shared': 3.4.31
      entities: 4.5.0
      estree-walker: 2.0.2
      source-map-js: 1.2.0

  '@vue/compiler-dom@3.4.31':
    dependencies:
      '@vue/compiler-core': 3.4.31
      '@vue/shared': 3.4.31

  '@vue/compiler-sfc@3.4.31':
    dependencies:
      '@babel/parser': 7.24.7
      '@vue/compiler-core': 3.4.31
      '@vue/compiler-dom': 3.4.31
      '@vue/compiler-ssr': 3.4.31
      '@vue/shared': 3.4.31
      estree-walker: 2.0.2
      magic-string: 0.30.10
      postcss: 8.4.39
      source-map-js: 1.2.0

  '@vue/compiler-ssr@3.4.31':
    dependencies:
      '@vue/compiler-dom': 3.4.31
      '@vue/shared': 3.4.31

  '@vue/language-core@2.0.26(typescript@5.5.3)':
    dependencies:
      '@volar/language-core': 2.4.0-alpha.15
      '@vue/compiler-dom': 3.4.31
      '@vue/shared': 3.4.31
      computeds: 0.0.1
      minimatch: 9.0.5
      muggle-string: 0.4.1
      path-browserify: 1.0.1
      vue-template-compiler: 2.7.16
    optionalDependencies:
      typescript: 5.5.3

  '@vue/reactivity@3.4.31':
    dependencies:
      '@vue/shared': 3.4.31

  '@vue/runtime-core@3.4.31':
    dependencies:
      '@vue/reactivity': 3.4.31
      '@vue/shared': 3.4.31

  '@vue/runtime-dom@3.4.31':
    dependencies:
      '@vue/reactivity': 3.4.31
      '@vue/runtime-core': 3.4.31
      '@vue/shared': 3.4.31
      csstype: 3.1.3

  '@vue/server-renderer@3.4.31(vue@3.4.31(typescript@5.5.3))':
    dependencies:
      '@vue/compiler-ssr': 3.4.31
      '@vue/shared': 3.4.31
      vue: 3.4.31(typescript@5.5.3)

  '@vue/shared@3.4.31': {}

  '@webcomponents/shadycss@1.11.2': {}

  '@zip.js/zip.js@2.7.45': {}

  balanced-match@1.0.2: {}

  brace-expansion@2.0.1:
    dependencies:
      balanced-match: 1.0.2

  color-convert@2.0.1:
    dependencies:
      color-name: 1.1.4

  color-name@1.1.4: {}

  color-string@1.9.1:
    dependencies:
      color-name: 1.1.4
      simple-swizzle: 0.2.2

  color@4.2.3:
    dependencies:
      color-convert: 2.0.1
      color-string: 1.9.1

  commander@2.20.3: {}

  composed-offset-position@0.0.4: {}

  computeds@0.0.1: {}

  cssfilter@0.0.10: {}

  csstype@3.1.3: {}

  dayjs@1.11.11: {}

  de-indent@1.0.2: {}

  entities@4.5.0: {}

  esbuild@0.21.5:
    optionalDependencies:
      '@esbuild/aix-ppc64': 0.21.5
      '@esbuild/android-arm': 0.21.5
      '@esbuild/android-arm64': 0.21.5
      '@esbuild/android-x64': 0.21.5
      '@esbuild/darwin-arm64': 0.21.5
      '@esbuild/darwin-x64': 0.21.5
      '@esbuild/freebsd-arm64': 0.21.5
      '@esbuild/freebsd-x64': 0.21.5
      '@esbuild/linux-arm': 0.21.5
      '@esbuild/linux-arm64': 0.21.5
      '@esbuild/linux-ia32': 0.21.5
      '@esbuild/linux-loong64': 0.21.5
      '@esbuild/linux-mips64el': 0.21.5
      '@esbuild/linux-ppc64': 0.21.5
      '@esbuild/linux-riscv64': 0.21.5
      '@esbuild/linux-s390x': 0.21.5
      '@esbuild/linux-x64': 0.21.5
      '@esbuild/netbsd-x64': 0.21.5
      '@esbuild/openbsd-x64': 0.21.5
      '@esbuild/sunos-x64': 0.21.5
      '@esbuild/win32-arm64': 0.21.5
      '@esbuild/win32-ia32': 0.21.5
      '@esbuild/win32-x64': 0.21.5

  estree-walker@2.0.2: {}

  focus-trap@7.5.4:
    dependencies:
      tabbable: 6.2.0

  fsevents@2.3.3:
    optional: true

  he@1.2.0: {}

  is-arrayish@0.3.2: {}

  lit-element@4.0.6:
    dependencies:
      '@lit-labs/ssr-dom-shim': 1.2.0
      '@lit/reactive-element': 2.0.4
      lit-html: 3.1.4

  lit-html@3.1.4:
    dependencies:
      '@types/trusted-types': 2.0.7

  lit@3.1.4:
    dependencies:
      '@lit/reactive-element': 2.0.4
      lit-element: 4.0.6
      lit-html: 3.1.4

  lodash-es@4.17.21: {}

  luxon@3.4.4: {}

  magic-string@0.30.10:
    dependencies:
      '@jridgewell/sourcemap-codec': 1.4.15

  marked@12.0.2: {}

  minimatch@9.0.5:
    dependencies:
      brace-expansion: 2.0.1

  muggle-string@0.4.1: {}

  nanoid@3.3.7: {}

  path-browserify@1.0.1: {}

  picocolors@1.0.1: {}

  picocolors@1.1.1: {}

  postcss@8.4.39:
    dependencies:
      nanoid: 3.3.7
      picocolors: 1.0.1
      source-map-js: 1.2.0

  postcss@8.4.47:
    dependencies:
      nanoid: 3.3.7
      picocolors: 1.1.1
      source-map-js: 1.2.1

  rollup@4.24.0:
    dependencies:
      '@types/estree': 1.0.6
    optionalDependencies:
      '@rollup/rollup-android-arm-eabi': 4.24.0
      '@rollup/rollup-android-arm64': 4.24.0
      '@rollup/rollup-darwin-arm64': 4.24.0
      '@rollup/rollup-darwin-x64': 4.24.0
      '@rollup/rollup-linux-arm-gnueabihf': 4.24.0
      '@rollup/rollup-linux-arm-musleabihf': 4.24.0
      '@rollup/rollup-linux-arm64-gnu': 4.24.0
      '@rollup/rollup-linux-arm64-musl': 4.24.0
      '@rollup/rollup-linux-powerpc64le-gnu': 4.24.0
      '@rollup/rollup-linux-riscv64-gnu': 4.24.0
      '@rollup/rollup-linux-s390x-gnu': 4.24.0
      '@rollup/rollup-linux-x64-gnu': 4.24.0
      '@rollup/rollup-linux-x64-musl': 4.24.0
      '@rollup/rollup-win32-arm64-msvc': 4.24.0
      '@rollup/rollup-win32-ia32-msvc': 4.24.0
      '@rollup/rollup-win32-x64-msvc': 4.24.0
      fsevents: 2.3.3

  semver@7.6.2: {}

  simple-swizzle@0.2.2:
    dependencies:
      is-arrayish: 0.3.2

  sortablejs@1.15.1: {}

  sortablejs@1.15.2: {}

  source-map-js@1.2.0: {}

  source-map-js@1.2.1: {}

  tabbable@6.2.0: {}

  timezone-groups@0.8.0: {}

  to-fast-properties@2.0.0: {}

  type-fest@4.18.2: {}

  typescript@5.5.3: {}

  vite@5.4.6:
    dependencies:
      esbuild: 0.21.5
      postcss: 8.4.47
      rollup: 4.24.0
    optionalDependencies:
      fsevents: 2.3.3

  vscode-uri@3.0.8: {}

  vue-template-compiler@2.7.16:
    dependencies:
      de-indent: 1.0.2
      he: 1.2.0

  vue-tsc@2.0.26(typescript@5.5.3):
    dependencies:
      '@volar/typescript': 2.4.0-alpha.15
      '@vue/language-core': 2.0.26(typescript@5.5.3)
      semver: 7.6.2
      typescript: 5.5.3

  vue@3.4.31(typescript@5.5.3):
    dependencies:
      '@vue/compiler-dom': 3.4.31
      '@vue/compiler-sfc': 3.4.31
      '@vue/runtime-dom': 3.4.31
      '@vue/server-renderer': 3.4.31(vue@3.4.31(typescript@5.5.3))
      '@vue/shared': 3.4.31
    optionalDependencies:
      typescript: 5.5.3

  xss@1.0.13:
    dependencies:
      commander: 2.20.3
      cssfilter: 0.0.10
