lockfileVersion: '9.0'

settings:
  autoInstallPeers: true
  excludeLinksFromLockfile: false

importers:

  .:
    dependencies:
      '@arcgis/core':
        specifier: ^4.31.6
        version: 4.31.6(@floating-ui/utils@0.2.9)
      vue:
        specifier: ^3.5.13
        version: 3.5.13(typescript@5.7.3)
    devDependencies:
      '@vitejs/plugin-vue':
        specifier: ^5.2.1
        version: 5.2.1(vite@6.0.7)(vue@3.5.13(typescript@5.7.3))
      typescript:
        specifier: ^5.7.3
        version: 5.7.3
      vite:
        specifier: ^6.0.7
        version: 6.0.7
      vue-tsc:
        specifier: ^2.2.0
        version: 2.2.0(typescript@5.7.3)

packages:

  '@arcgis/core@4.31.6':
    resolution: {integrity: sha512-+NSYtEJy/wRQcEX+f5OHBhg4MX26HeZFYghd7+VMTasalHUAD3y9PPiakLIfhahX/4EiSLuy25m1P93BBlybXg==}

  '@babel/helper-string-parser@7.25.9':
    resolution: {integrity: sha512-4A/SCr/2KLd5jrtOMFzaKjVtAei3+2r/NChoBNoZ3EyP/+GlhoaEGoWOZUmFmoITP7zOJyHIMm+DYRd8o3PvHA==}
    engines: {node: '>=6.9.0'}

  '@babel/helper-validator-identifier@7.25.9':
    resolution: {integrity: sha512-Ed61U6XJc3CVRfkERJWDz4dJwKe7iLmmJsbOGu9wSloNSFttHV0I8g6UAgb7qnK5ly5bGLPd4oXZlxCdANBOWQ==}
    engines: {node: '>=6.9.0'}

  '@babel/parser@7.26.5':
    resolution: {integrity: sha512-SRJ4jYmXRqV1/Xc+TIVG84WjHBXKlxO9sHQnA2Pf12QQEAp1LOh6kDzNHXcUnbH1QI0FDoPPVOt+vyUDucxpaw==}
    engines: {node: '>=6.0.0'}
    hasBin: true

  '@babel/types@7.26.5':
    resolution: {integrity: sha512-L6mZmwFDK6Cjh1nRCLXpa6no13ZIioJDz7mdkzHv399pThrTa/k0nUlNaenOeh2kWu/iaOQYElEpKPUswUa9Vg==}
    engines: {node: '>=6.9.0'}

  '@esbuild/aix-ppc64@0.24.2':
    resolution: {integrity: sha512-thpVCb/rhxE/BnMLQ7GReQLLN8q9qbHmI55F4489/ByVg2aQaQ6kbcLb6FHkocZzQhxc4gx0sCk0tJkKBFzDhA==}
    engines: {node: '>=18'}
    cpu: [ppc64]
    os: [aix]

  '@esbuild/android-arm64@0.24.2':
    resolution: {integrity: sha512-cNLgeqCqV8WxfcTIOeL4OAtSmL8JjcN6m09XIgro1Wi7cF4t/THaWEa7eL5CMoMBdjoHOTh/vwTO/o2TRXIyzg==}
    engines: {node: '>=18'}
    cpu: [arm64]
    os: [android]

  '@esbuild/android-arm@0.24.2':
    resolution: {integrity: sha512-tmwl4hJkCfNHwFB3nBa8z1Uy3ypZpxqxfTQOcHX+xRByyYgunVbZ9MzUUfb0RxaHIMnbHagwAxuTL+tnNM+1/Q==}
    engines: {node: '>=18'}
    cpu: [arm]
    os: [android]

  '@esbuild/android-x64@0.24.2':
    resolution: {integrity: sha512-B6Q0YQDqMx9D7rvIcsXfmJfvUYLoP722bgfBlO5cGvNVb5V/+Y7nhBE3mHV9OpxBf4eAS2S68KZztiPaWq4XYw==}
    engines: {node: '>=18'}
    cpu: [x64]
    os: [android]

  '@esbuild/darwin-arm64@0.24.2':
    resolution: {integrity: sha512-kj3AnYWc+CekmZnS5IPu9D+HWtUI49hbnyqk0FLEJDbzCIQt7hg7ucF1SQAilhtYpIujfaHr6O0UHlzzSPdOeA==}
    engines: {node: '>=18'}
    cpu: [arm64]
    os: [darwin]

  '@esbuild/darwin-x64@0.24.2':
    resolution: {integrity: sha512-WeSrmwwHaPkNR5H3yYfowhZcbriGqooyu3zI/3GGpF8AyUdsrrP0X6KumITGA9WOyiJavnGZUwPGvxvwfWPHIA==}
    engines: {node: '>=18'}
    cpu: [x64]
    os: [darwin]

  '@esbuild/freebsd-arm64@0.24.2':
    resolution: {integrity: sha512-UN8HXjtJ0k/Mj6a9+5u6+2eZ2ERD7Edt1Q9IZiB5UZAIdPnVKDoG7mdTVGhHJIeEml60JteamR3qhsr1r8gXvg==}
    engines: {node: '>=18'}
    cpu: [arm64]
    os: [freebsd]

  '@esbuild/freebsd-x64@0.24.2':
    resolution: {integrity: sha512-TvW7wE/89PYW+IevEJXZ5sF6gJRDY/14hyIGFXdIucxCsbRmLUcjseQu1SyTko+2idmCw94TgyaEZi9HUSOe3Q==}
    engines: {node: '>=18'}
    cpu: [x64]
    os: [freebsd]

  '@esbuild/linux-arm64@0.24.2':
    resolution: {integrity: sha512-7HnAD6074BW43YvvUmE/35Id9/NB7BeX5EoNkK9obndmZBUk8xmJJeU7DwmUeN7tkysslb2eSl6CTrYz6oEMQg==}
    engines: {node: '>=18'}
    cpu: [arm64]
    os: [linux]

  '@esbuild/linux-arm@0.24.2':
    resolution: {integrity: sha512-n0WRM/gWIdU29J57hJyUdIsk0WarGd6To0s+Y+LwvlC55wt+GT/OgkwoXCXvIue1i1sSNWblHEig00GBWiJgfA==}
    engines: {node: '>=18'}
    cpu: [arm]
    os: [linux]

  '@esbuild/linux-ia32@0.24.2':
    resolution: {integrity: sha512-sfv0tGPQhcZOgTKO3oBE9xpHuUqguHvSo4jl+wjnKwFpapx+vUDcawbwPNuBIAYdRAvIDBfZVvXprIj3HA+Ugw==}
    engines: {node: '>=18'}
    cpu: [ia32]
    os: [linux]

  '@esbuild/linux-loong64@0.24.2':
    resolution: {integrity: sha512-CN9AZr8kEndGooS35ntToZLTQLHEjtVB5n7dl8ZcTZMonJ7CCfStrYhrzF97eAecqVbVJ7APOEe18RPI4KLhwQ==}
    engines: {node: '>=18'}
    cpu: [loong64]
    os: [linux]

  '@esbuild/linux-mips64el@0.24.2':
    resolution: {integrity: sha512-iMkk7qr/wl3exJATwkISxI7kTcmHKE+BlymIAbHO8xanq/TjHaaVThFF6ipWzPHryoFsesNQJPE/3wFJw4+huw==}
    engines: {node: '>=18'}
    cpu: [mips64el]
    os: [linux]

  '@esbuild/linux-ppc64@0.24.2':
    resolution: {integrity: sha512-shsVrgCZ57Vr2L8mm39kO5PPIb+843FStGt7sGGoqiiWYconSxwTiuswC1VJZLCjNiMLAMh34jg4VSEQb+iEbw==}
    engines: {node: '>=18'}
    cpu: [ppc64]
    os: [linux]

  '@esbuild/linux-riscv64@0.24.2':
    resolution: {integrity: sha512-4eSFWnU9Hhd68fW16GD0TINewo1L6dRrB+oLNNbYyMUAeOD2yCK5KXGK1GH4qD/kT+bTEXjsyTCiJGHPZ3eM9Q==}
    engines: {node: '>=18'}
    cpu: [riscv64]
    os: [linux]

  '@esbuild/linux-s390x@0.24.2':
    resolution: {integrity: sha512-S0Bh0A53b0YHL2XEXC20bHLuGMOhFDO6GN4b3YjRLK//Ep3ql3erpNcPlEFed93hsQAjAQDNsvcK+hV90FubSw==}
    engines: {node: '>=18'}
    cpu: [s390x]
    os: [linux]

  '@esbuild/linux-x64@0.24.2':
    resolution: {integrity: sha512-8Qi4nQcCTbLnK9WoMjdC9NiTG6/E38RNICU6sUNqK0QFxCYgoARqVqxdFmWkdonVsvGqWhmm7MO0jyTqLqwj0Q==}
    engines: {node: '>=18'}
    cpu: [x64]
    os: [linux]

  '@esbuild/netbsd-arm64@0.24.2':
    resolution: {integrity: sha512-wuLK/VztRRpMt9zyHSazyCVdCXlpHkKm34WUyinD2lzK07FAHTq0KQvZZlXikNWkDGoT6x3TD51jKQ7gMVpopw==}
    engines: {node: '>=18'}
    cpu: [arm64]
    os: [netbsd]

  '@esbuild/netbsd-x64@0.24.2':
    resolution: {integrity: sha512-VefFaQUc4FMmJuAxmIHgUmfNiLXY438XrL4GDNV1Y1H/RW3qow68xTwjZKfj/+Plp9NANmzbH5R40Meudu8mmw==}
    engines: {node: '>=18'}
    cpu: [x64]
    os: [netbsd]

  '@esbuild/openbsd-arm64@0.24.2':
    resolution: {integrity: sha512-YQbi46SBct6iKnszhSvdluqDmxCJA+Pu280Av9WICNwQmMxV7nLRHZfjQzwbPs3jeWnuAhE9Jy0NrnJ12Oz+0A==}
    engines: {node: '>=18'}
    cpu: [arm64]
    os: [openbsd]

  '@esbuild/openbsd-x64@0.24.2':
    resolution: {integrity: sha512-+iDS6zpNM6EnJyWv0bMGLWSWeXGN/HTaF/LXHXHwejGsVi+ooqDfMCCTerNFxEkM3wYVcExkeGXNqshc9iMaOA==}
    engines: {node: '>=18'}
    cpu: [x64]
    os: [openbsd]

  '@esbuild/sunos-x64@0.24.2':
    resolution: {integrity: sha512-hTdsW27jcktEvpwNHJU4ZwWFGkz2zRJUz8pvddmXPtXDzVKTTINmlmga3ZzwcuMpUvLw7JkLy9QLKyGpD2Yxig==}
    engines: {node: '>=18'}
    cpu: [x64]
    os: [sunos]

  '@esbuild/win32-arm64@0.24.2':
    resolution: {integrity: sha512-LihEQ2BBKVFLOC9ZItT9iFprsE9tqjDjnbulhHoFxYQtQfai7qfluVODIYxt1PgdoyQkz23+01rzwNwYfutxUQ==}
    engines: {node: '>=18'}
    cpu: [arm64]
    os: [win32]

  '@esbuild/win32-ia32@0.24.2':
    resolution: {integrity: sha512-q+iGUwfs8tncmFC9pcnD5IvRHAzmbwQ3GPS5/ceCyHdjXubwQWI12MKWSNSMYLJMq23/IUCvJMS76PDqXe1fxA==}
    engines: {node: '>=18'}
    cpu: [ia32]
    os: [win32]

  '@esbuild/win32-x64@0.24.2':
    resolution: {integrity: sha512-7VTgWzgMGvup6aSqDPLiW5zHaxYJGTO4OokMjIlrCtf+VpEL+cXKtCvg723iguPYI5oaUNdS+/V7OU2gvXVWEg==}
    engines: {node: '>=18'}
    cpu: [x64]
    os: [win32]

  '@esri/arcgis-html-sanitizer@4.1.0':
    resolution: {integrity: sha512-einEveDJ/k1180NOp78PB/4Hje9eBy3dyOGLLtLn6bSkizpUfCwuYBIXOA7Y3F/k/BsTQXgKqUVwQ0eiscWMdA==}
    engines: {node: '>=18.0.0'}

  '@esri/calcite-colors@6.1.0':
    resolution: {integrity: sha512-wHQYWFtDa6c328EraXEVZvgOiaQyYr0yuaaZ0G3cB4C3lSkWefW34L/e5TLAhtuG3zJ/wR6pl5X1YYNfBc0/4Q==}

  '@esri/calcite-components@2.13.2':
    resolution: {integrity: sha512-90v4H8zs2wEzUXQGmZ+joHhP7ulFUHmQjDlIwXylJiDvoChhnEm38iv7eeG+X8im06biIHEDGRB8LLszlQQ7jw==}

  '@esri/calcite-ui-icons@3.32.0':
    resolution: {integrity: sha512-2UEddEeSnpXVWp/uNrgym3mrb8lZ5+vXFbtmvXv5NiE32nQGw2MFZD52L5Z+FsxqHJ9vVrtl/X6pTIgkd0c8jA==}
    hasBin: true

  '@floating-ui/core@1.6.9':
    resolution: {integrity: sha512-uMXCuQ3BItDUbAMhIXw7UPXRfAlOAvZzdK9BWpE60MCn+Svt3aLn9jsPTi/WNGlRUu2uI0v5S7JiIUsbsvh3fw==}

  '@floating-ui/dom@1.6.11':
    resolution: {integrity: sha512-qkMCxSR24v2vGkhYDo/UzxfJN3D4syqSjyuTFz6C7XcpU1pASPRieNI0Kj5VP3/503mOfYiGY891ugBX1GlABQ==}

  '@floating-ui/utils@0.2.9':
    resolution: {integrity: sha512-MDWhGtE+eHw5JW7lq4qhc5yRLS11ERl1c7Z6Xd0a58DozHES6EnNNwUWbMiG4J9Cgj053Bhk8zvlhFYKVhULwg==}

  '@interactjs/types@1.10.27':
    resolution: {integrity: sha512-BUdv0cvs4H5ODuwft2Xp4eL8Vmi3LcihK42z0Ft/FbVJZoRioBsxH+LlsBdK4tAie7PqlKGy+1oyOncu1nQ6eA==}

  '@jridgewell/sourcemap-codec@1.5.0':
    resolution: {integrity: sha512-gv3ZRaISU3fjPAgNsriBRqGWQL6quFx04YMPW/zD8XMLsU32mhCCbfbO6KZFLjvYpCZ8zyDEgqsgf+PwPaM7GQ==}

  '@lit-labs/ssr-dom-shim@1.3.0':
    resolution: {integrity: sha512-nQIWonJ6eFAvUUrSlwyHDm/aE8PBDu5kRpL0vHMg6K8fK3Diq1xdPjTnsJSwxABhaZ+5eBi1btQB5ShUTKo4nQ==}

  '@lit/reactive-element@2.0.4':
    resolution: {integrity: sha512-GFn91inaUa2oHLak8awSIigYz0cU0Payr1rcFsrkf5OJ5eSPxElyZfKh0f2p9FsTiZWXQdWGJeXZICEfXXYSXQ==}

  '@open-wc/dedupe-mixin@1.4.0':
    resolution: {integrity: sha512-Sj7gKl1TLcDbF7B6KUhtvr+1UCxdhMbNY5KxdU5IfMFWqL8oy1ZeAcCANjoB1TL0AJTcPmcCFsCbHf8X2jGDUA==}

  '@polymer/polymer@3.5.2':
    resolution: {integrity: sha512-fWwImY/UH4bb2534DVSaX+Azs2yKg8slkMBHOyGeU2kKx7Xmxp6Lee0jP8p6B3d7c1gFUPB2Z976dTUtX81pQA==}

  '@rollup/rollup-android-arm-eabi@4.30.1':
    resolution: {integrity: sha512-pSWY+EVt3rJ9fQ3IqlrEUtXh3cGqGtPDH1FQlNZehO2yYxCHEX1SPsz1M//NXwYfbTlcKr9WObLnJX9FsS9K1Q==}
    cpu: [arm]
    os: [android]

  '@rollup/rollup-android-arm64@4.30.1':
    resolution: {integrity: sha512-/NA2qXxE3D/BRjOJM8wQblmArQq1YoBVJjrjoTSBS09jgUisq7bqxNHJ8kjCHeV21W/9WDGwJEWSN0KQ2mtD/w==}
    cpu: [arm64]
    os: [android]

  '@rollup/rollup-darwin-arm64@4.30.1':
    resolution: {integrity: sha512-r7FQIXD7gB0WJ5mokTUgUWPl0eYIH0wnxqeSAhuIwvnnpjdVB8cRRClyKLQr7lgzjctkbp5KmswWszlwYln03Q==}
    cpu: [arm64]
    os: [darwin]

  '@rollup/rollup-darwin-x64@4.30.1':
    resolution: {integrity: sha512-x78BavIwSH6sqfP2xeI1hd1GpHL8J4W2BXcVM/5KYKoAD3nNsfitQhvWSw+TFtQTLZ9OmlF+FEInEHyubut2OA==}
    cpu: [x64]
    os: [darwin]

  '@rollup/rollup-freebsd-arm64@4.30.1':
    resolution: {integrity: sha512-HYTlUAjbO1z8ywxsDFWADfTRfTIIy/oUlfIDmlHYmjUP2QRDTzBuWXc9O4CXM+bo9qfiCclmHk1x4ogBjOUpUQ==}
    cpu: [arm64]
    os: [freebsd]

  '@rollup/rollup-freebsd-x64@4.30.1':
    resolution: {integrity: sha512-1MEdGqogQLccphhX5myCJqeGNYTNcmTyaic9S7CG3JhwuIByJ7J05vGbZxsizQthP1xpVx7kd3o31eOogfEirw==}
    cpu: [x64]
    os: [freebsd]

  '@rollup/rollup-linux-arm-gnueabihf@4.30.1':
    resolution: {integrity: sha512-PaMRNBSqCx7K3Wc9QZkFx5+CX27WFpAMxJNiYGAXfmMIKC7jstlr32UhTgK6T07OtqR+wYlWm9IxzennjnvdJg==}
    cpu: [arm]
    os: [linux]
    libc: [glibc]

  '@rollup/rollup-linux-arm-musleabihf@4.30.1':
    resolution: {integrity: sha512-B8Rcyj9AV7ZlEFqvB5BubG5iO6ANDsRKlhIxySXcF1axXYUyqwBok+XZPgIYGBgs7LDXfWfifxhw0Ik57T0Yug==}
    cpu: [arm]
    os: [linux]
    libc: [musl]

  '@rollup/rollup-linux-arm64-gnu@4.30.1':
    resolution: {integrity: sha512-hqVyueGxAj3cBKrAI4aFHLV+h0Lv5VgWZs9CUGqr1z0fZtlADVV1YPOij6AhcK5An33EXaxnDLmJdQikcn5NEw==}
    cpu: [arm64]
    os: [linux]
    libc: [glibc]

  '@rollup/rollup-linux-arm64-musl@4.30.1':
    resolution: {integrity: sha512-i4Ab2vnvS1AE1PyOIGp2kXni69gU2DAUVt6FSXeIqUCPIR3ZlheMW3oP2JkukDfu3PsexYRbOiJrY+yVNSk9oA==}
    cpu: [arm64]
    os: [linux]
    libc: [musl]

  '@rollup/rollup-linux-loongarch64-gnu@4.30.1':
    resolution: {integrity: sha512-fARcF5g296snX0oLGkVxPmysetwUk2zmHcca+e9ObOovBR++9ZPOhqFUM61UUZ2EYpXVPN1redgqVoBB34nTpQ==}
    cpu: [loong64]
    os: [linux]
    libc: [glibc]

  '@rollup/rollup-linux-powerpc64le-gnu@4.30.1':
    resolution: {integrity: sha512-GLrZraoO3wVT4uFXh67ElpwQY0DIygxdv0BNW9Hkm3X34wu+BkqrDrkcsIapAY+N2ATEbvak0XQ9gxZtCIA5Rw==}
    cpu: [ppc64]
    os: [linux]
    libc: [glibc]

  '@rollup/rollup-linux-riscv64-gnu@4.30.1':
    resolution: {integrity: sha512-0WKLaAUUHKBtll0wvOmh6yh3S0wSU9+yas923JIChfxOaaBarmb/lBKPF0w/+jTVozFnOXJeRGZ8NvOxvk/jcw==}
    cpu: [riscv64]
    os: [linux]
    libc: [glibc]

  '@rollup/rollup-linux-s390x-gnu@4.30.1':
    resolution: {integrity: sha512-GWFs97Ruxo5Bt+cvVTQkOJ6TIx0xJDD/bMAOXWJg8TCSTEK8RnFeOeiFTxKniTc4vMIaWvCplMAFBt9miGxgkA==}
    cpu: [s390x]
    os: [linux]
    libc: [glibc]

  '@rollup/rollup-linux-x64-gnu@4.30.1':
    resolution: {integrity: sha512-UtgGb7QGgXDIO+tqqJ5oZRGHsDLO8SlpE4MhqpY9Llpzi5rJMvrK6ZGhsRCST2abZdBqIBeXW6WPD5fGK5SDwg==}
    cpu: [x64]
    os: [linux]
    libc: [glibc]

  '@rollup/rollup-linux-x64-musl@4.30.1':
    resolution: {integrity: sha512-V9U8Ey2UqmQsBT+xTOeMzPzwDzyXmnAoO4edZhL7INkwQcaW1Ckv3WJX3qrrp/VHaDkEWIBWhRwP47r8cdrOow==}
    cpu: [x64]
    os: [linux]
    libc: [musl]

  '@rollup/rollup-win32-arm64-msvc@4.30.1':
    resolution: {integrity: sha512-WabtHWiPaFF47W3PkHnjbmWawnX/aE57K47ZDT1BXTS5GgrBUEpvOzq0FI0V/UYzQJgdb8XlhVNH8/fwV8xDjw==}
    cpu: [arm64]
    os: [win32]

  '@rollup/rollup-win32-ia32-msvc@4.30.1':
    resolution: {integrity: sha512-pxHAU+Zv39hLUTdQQHUVHf4P+0C47y/ZloorHpzs2SXMRqeAWmGghzAhfOlzFHHwjvgokdFAhC4V+6kC1lRRfw==}
    cpu: [ia32]
    os: [win32]

  '@rollup/rollup-win32-x64-msvc@4.30.1':
    resolution: {integrity: sha512-D6qjsXGcvhTjv0kI4fU8tUuBDF/Ueee4SVX79VfNDXZa64TfCW1Slkb6Z7O1p7vflqZjcmOVdZlqf8gvJxc6og==}
    cpu: [x64]
    os: [win32]

  '@stencil/core@4.20.0':
    resolution: {integrity: sha512-WPrTHFngvN081RY+dJPneKQLwnOFD60OMCOQGmmSHfCW0f4ujPMzzhwWU1gcSwXPWXz5O+8cBiiCaxAbJU7kAg==}
    engines: {node: '>=16.0.0', npm: '>=7.10.0'}
    hasBin: true

  '@types/color-convert@2.0.4':
    resolution: {integrity: sha512-Ub1MmDdyZ7mX//g25uBAoH/mWGd9swVbt8BseymnaE18SU4po/PjmCrHxqIIRjBo3hV/vh1KGr0eMxUhp+t+dQ==}

  '@types/color-name@1.1.5':
    resolution: {integrity: sha512-j2K5UJqGTxeesj6oQuGpMgifpT5k9HprgQd8D1Y0lOFqKHl3PJu5GMeS4Y5EgjS55AE6OQxf8mPED9uaGbf4Cg==}

  '@types/color@3.0.6':
    resolution: {integrity: sha512-NMiNcZFRUAiUUCCf7zkAelY8eV3aKqfbzyFQlXpPIEeoNDbsEHGpb854V3gzTsGKYj830I5zPuOwU/TP5/cW6A==}

  '@types/estree@1.0.6':
    resolution: {integrity: sha512-AYnb1nQyY49te+VRAVgmzfcgjYS91mY5P0TKUDCLEM+gNnA+3T6rWITXRLYCpahpqSQbN5cE+gHpnPyXjHWxcw==}

  '@types/sortablejs@1.15.8':
    resolution: {integrity: sha512-b79830lW+RZfwaztgs1aVPgbasJ8e7AXtZYHTELNXZPsERt4ymJdjV4OccDbHQAvHrCcFpbF78jkm0R6h/pZVg==}

  '@types/trusted-types@2.0.7':
    resolution: {integrity: sha512-ScaPdn1dQczgbl0QFTeTOmVHFULt394XJgOQNoyVhZ6r2vLnMLJfBPd53SB52T/3G36VI1/g2MZaX0cwDuXsfw==}

  '@vaadin/a11y-base@24.5.7':
    resolution: {integrity: sha512-XDqQ/negHPp/FO82fKz89y68UqLZMDLTfExG33Hch4c/LuGvCyd8jfjn4FImHEeTD4GyImOk5zai1IHMmS3yPQ==}

  '@vaadin/checkbox@24.5.7':
    resolution: {integrity: sha512-8CL1x/9KcFwNAejqgjQT3kgS5PbKZDojA+pQEVx+L2W5VL2AltWQkEO+k28FZky3+EvCWC537ljLLxuP40WlDA==}

  '@vaadin/component-base@24.5.7':
    resolution: {integrity: sha512-WmgSHWL0NkRNPh3gxacBgcPMi8YekQdjVfQGxwqgaSrha+qNJyPjphLRD8yd1rb/Pf9Pr9sgtYJ6aFL8fM26Iw==}

  '@vaadin/field-base@24.5.7':
    resolution: {integrity: sha512-sKKAsZipFX24g+uIPyAcNwM38wCuYHo+YRH0pRsdxnG3/z2xFWX2ez0HnsoAl78+ykieaHSKVmOUbaasI3PUUw==}

  '@vaadin/grid@24.5.7':
    resolution: {integrity: sha512-ruyYrvKgeeTzTGj4BCla4Jxa60bedncOnTcGb5V7T8WAtxiY3ATaij2vtMGayFoTch7QdO+WaZadFz0dZ86CIw==}

  '@vaadin/icon@24.5.7':
    resolution: {integrity: sha512-UYwQOg9027hSqqzpeMR4/e6219/RLmFRNenk6g7gtZs5zK6xc9q+7giZwFVO+EcT+LaUYuoIXVaQT04RBo8d3w==}

  '@vaadin/input-container@24.5.7':
    resolution: {integrity: sha512-zh0iisAUYh1e0cKYEkTKF4L113PluWwlkkjJE2MvJDuXh+klhoOEK+HQRNRgEJV6iA4UrvLXluFRsC4Cf8DGaw==}

  '@vaadin/lit-renderer@24.5.7':
    resolution: {integrity: sha512-xTCLwFnbLl2E1giXdTdUeFobUJyVc2Xepgw1Tie3Oh6E/UbXQnw1LCcw/ISDUal7+7I/RaYpt/RPsnu4fwzwrA==}

  '@vaadin/text-field@24.5.7':
    resolution: {integrity: sha512-r3MUtKiZeTc7XDQWLfaBZ6Wp7ujPueHqo4w9WUyzDOzp6ENu9R+wDT1wUHNwNdxDYBleOz0X9vNoApHbucbjcw==}

  '@vaadin/vaadin-development-mode-detector@2.0.7':
    resolution: {integrity: sha512-9FhVhr0ynSR3X2ao+vaIEttcNU5XfzCbxtmYOV8uIRnUCtNgbvMOIcyGBvntsX9I5kvIP2dV3cFAOG9SILJzEA==}

  '@vaadin/vaadin-lumo-styles@24.5.7':
    resolution: {integrity: sha512-T1fCKBLK8trsFRBJ9t3rTcUlb2rXVsV3DUY9HLZTN7YqS77a0JO/oePv+A5WNrjqGmjbLGH95isOJnUulpINqA==}

  '@vaadin/vaadin-material-styles@24.5.7':
    resolution: {integrity: sha512-lPHv42w6CkHnwrpUAwWbBo0ah+Fh503gTF+vKEO6M1ofMvQ4V1HtKAqh35Jftc8QxXgCzrvlENiOsBc1gUrG+g==}

  '@vaadin/vaadin-themable-mixin@24.5.7':
    resolution: {integrity: sha512-mF60JIWdMsVx2LkdbXP7tO3+TyPc7StqaJGz7PgH34aDCVh0V3GD/H1o0qaIM9rnKfFCluPACdNnTNIIhT9MDg==}

  '@vaadin/vaadin-usage-statistics@2.1.3':
    resolution: {integrity: sha512-8r4TNknD7OJQADe3VygeofFR7UNAXZ2/jjBFP5dgI8+2uMfnuGYgbuHivasKr9WSQ64sPej6m8rDoM1uSllXjQ==}
    engines: {node: ^12.20.0 || ^14.13.1 || >=16.0.0}

  '@vitejs/plugin-vue@5.2.1':
    resolution: {integrity: sha512-cxh314tzaWwOLqVes2gnnCtvBDcM1UMdn+iFR+UjAn411dPT3tOmqrJjbMd7koZpMAmBM/GqeV4n9ge7JSiJJQ==}
    engines: {node: ^18.0.0 || >=20.0.0}
    peerDependencies:
      vite: ^5.0.0 || ^6.0.0
      vue: ^3.2.25

  '@volar/language-core@2.4.11':
    resolution: {integrity: sha512-lN2C1+ByfW9/JRPpqScuZt/4OrUUse57GLI6TbLgTIqBVemdl1wNcZ1qYGEo2+Gw8coYLgCy7SuKqn6IrQcQgg==}

  '@volar/source-map@2.4.11':
    resolution: {integrity: sha512-ZQpmafIGvaZMn/8iuvCFGrW3smeqkq/IIh9F1SdSx9aUl0J4Iurzd6/FhmjNO5g2ejF3rT45dKskgXWiofqlZQ==}

  '@volar/typescript@2.4.11':
    resolution: {integrity: sha512-2DT+Tdh88Spp5PyPbqhyoYavYCPDsqbHLFwcUI9K1NlY1YgUJvujGdrqUp0zWxnW7KWNTr3xSpMuv2WnaTKDAw==}

  '@vue/compiler-core@3.5.13':
    resolution: {integrity: sha512-oOdAkwqUfW1WqpwSYJce06wvt6HljgY3fGeM9NcVA1HaYOij3mZG9Rkysn0OHuyUAGMbEbARIpsG+LPVlBJ5/Q==}

  '@vue/compiler-dom@3.5.13':
    resolution: {integrity: sha512-ZOJ46sMOKUjO3e94wPdCzQ6P1Lx/vhp2RSvfaab88Ajexs0AHeV0uasYhi99WPaogmBlRHNRuly8xV75cNTMDA==}

  '@vue/compiler-sfc@3.5.13':
    resolution: {integrity: sha512-6VdaljMpD82w6c2749Zhf5T9u5uLBWKnVue6XWxprDobftnletJ8+oel7sexFfM3qIxNmVE7LSFGTpv6obNyaQ==}

  '@vue/compiler-ssr@3.5.13':
    resolution: {integrity: sha512-wMH6vrYHxQl/IybKJagqbquvxpWCuVYpoUJfCqFZwa/JY1GdATAQ+TgVtgrwwMZ0D07QhA99rs/EAAWfvG6KpA==}

  '@vue/compiler-vue2@2.7.16':
    resolution: {integrity: sha512-qYC3Psj9S/mfu9uVi5WvNZIzq+xnXMhOwbTFKKDD7b1lhpnn71jXSFdTQ+WsIEk0ONCd7VV2IMm7ONl6tbQ86A==}

  '@vue/language-core@2.2.0':
    resolution: {integrity: sha512-O1ZZFaaBGkKbsRfnVH1ifOK1/1BUkyK+3SQsfnh6PmMmD4qJcTU8godCeA96jjDRTL6zgnK7YzCHfaUlH2r0Mw==}
    peerDependencies:
      typescript: '*'
    peerDependenciesMeta:
      typescript:
        optional: true

  '@vue/reactivity@3.5.13':
    resolution: {integrity: sha512-NaCwtw8o48B9I6L1zl2p41OHo/2Z4wqYGGIK1Khu5T7yxrn+ATOixn/Udn2m+6kZKB/J7cuT9DbWWhRxqixACg==}

  '@vue/runtime-core@3.5.13':
    resolution: {integrity: sha512-Fj4YRQ3Az0WTZw1sFe+QDb0aXCerigEpw418pw1HBUKFtnQHWzwojaukAs2X/c9DQz4MQ4bsXTGlcpGxU/RCIw==}

  '@vue/runtime-dom@3.5.13':
    resolution: {integrity: sha512-dLaj94s93NYLqjLiyFzVs9X6dWhTdAlEAciC3Moq7gzAc13VJUdCnjjRurNM6uTLFATRHexHCTu/Xp3eW6yoog==}

  '@vue/server-renderer@3.5.13':
    resolution: {integrity: sha512-wAi4IRJV/2SAW3htkTlB+dHeRmpTiVIK1OGLWV1yeStVSebSQQOwGwIq0D3ZIoBj2C2qpgz5+vX9iEBkTdk5YA==}
    peerDependencies:
      vue: 3.5.13

  '@vue/shared@3.5.13':
    resolution: {integrity: sha512-/hnE/qP5ZoGpol0a5mDi45bOd7t3tjYJBjsgCsivow7D48cJeV5l05RD82lPqi7gRiphZM37rnhW1l6ZoCNNnQ==}

  '@webcomponents/shadycss@1.11.2':
    resolution: {integrity: sha512-vRq+GniJAYSBmTRnhCYPAPq6THYqovJ/gzGThWbgEZUQaBccndGTi1hdiUP15HzEco0I6t4RCtXyX0rsSmwgPw==}

  '@zip.js/zip.js@2.7.54':
    resolution: {integrity: sha512-qMrJVg2hoEsZJjMJez9yI2+nZlBUxgYzGV3mqcb2B/6T1ihXp0fWBDYlVHlHquuorgNUQP5a8qSmX6HF5rFJNg==}
    engines: {bun: '>=0.7.0', deno: '>=1.0.0', node: '>=16.5.0'}

  alien-signals@0.4.14:
    resolution: {integrity: sha512-itUAVzhczTmP2U5yX67xVpsbbOiquusbWVyA9N+sy6+r6YVbFkahXvNCeEPWEOMhwDYwbVbGHFkVL03N9I5g+Q==}

  balanced-match@1.0.2:
    resolution: {integrity: sha512-3oSeUO0TMV67hN1AmbXsK4yaqU7tjiHlbxRDZOpH0KW9+CeX4bRAaX0Anxt0tx2MrpRpWwQaPwIlISEJhYU5Pw==}

  brace-expansion@2.0.1:
    resolution: {integrity: sha512-XnAIvQ8eM+kC6aULx6wuQiwVsnzsi9d3WxzV3FpWTGA19F621kwdbsAcFKXgKUHZWsy+mY6iL1sHTxWEFCytDA==}

  color-convert@2.0.1:
    resolution: {integrity: sha512-RRECPsj7iu/xb5oKYcsFHSppFNnsj/52OVTRKb4zP5onXwVF3zVmmToNcOfGC+CRDpfK/U584fMg38ZHCaElKQ==}
    engines: {node: '>=7.0.0'}

  color-name@1.1.4:
    resolution: {integrity: sha512-dOy+3AuW3a2wNbZHIuMZpTcgjGuLU/uBL/ubcZF9OXbDo8ff4O8yVp5Bf0efS8uEoYo5q4Fx7dY9OgQGXgAsQA==}

  color-string@1.9.1:
    resolution: {integrity: sha512-shrVawQFojnZv6xM40anx4CkoDP+fZsw/ZerEMsW/pyzsRbElpsL/DBVW7q3ExxwusdNXI3lXpuhEZkzs8p5Eg==}

  color@4.2.3:
    resolution: {integrity: sha512-1rXeuUUiGGrykh+CeBdu5Ie7OJwinCgQY0bc7GCRxy5xVHy+moaqkpL/jqQq0MtQOeYcrqEz4abc5f0KtU7W4A==}
    engines: {node: '>=12.5.0'}

  commander@2.20.3:
    resolution: {integrity: sha512-GpVkmM8vF2vQUkj2LvZmD35JxeJOLCwJ9cUkugyk2nuhbv3+mJvpLYYt+0+USMxE+oj+ey/lJEnhZw75x/OMcQ==}

  composed-offset-position@0.0.6:
    resolution: {integrity: sha512-Q7dLompI6lUwd7LWyIcP66r4WcS9u7AL2h8HaeipiRfCRPLMWqRx8fYsjb4OHi6UQFifO7XtNC2IlEJ1ozIFxw==}
    peerDependencies:
      '@floating-ui/utils': ^0.2.5

  cssfilter@0.0.10:
    resolution: {integrity: sha512-FAaLDaplstoRsDR8XGYH51znUN0UY7nMc6Z9/fvE8EXGwvJE9hu7W2vHwx1+bd6gCYnln9nLbzxFTrcO9YQDZw==}

  csstype@3.1.3:
    resolution: {integrity: sha512-M1uQkMl8rQK/szD0LNhtqxIPLpimGm8sOBwU7lLnCpSbTyY3yeU1Vc7l4KT5zT4s/yOxHH5O7tIuuLOCnLADRw==}

  dayjs@1.11.13:
    resolution: {integrity: sha512-oaMBel6gjolK862uaPQOVTA7q3TZhuSvuMQAAglQDOWYO9A91IrAOUJEyKVlqJlHE0vq5p5UXxzdPfMH/x6xNg==}

  de-indent@1.0.2:
    resolution: {integrity: sha512-e/1zu3xH5MQryN2zdVaF0OrdNLUbvWxzMbi+iNA6Bky7l1RoP8a2fIbRocyHclXt/arDrrR6lL3TqFD9pMQTsg==}

  entities@4.5.0:
    resolution: {integrity: sha512-V0hjH4dGPh9Ao5p0MoRY6BVqtwCjhz6vI5LT8AJ55H+4g9/4vbHx1I54fS0XuclLhDHArPQCiMjDxjaL8fPxhw==}
    engines: {node: '>=0.12'}

  esbuild@0.24.2:
    resolution: {integrity: sha512-+9egpBW8I3CD5XPe0n6BfT5fxLzxrlDzqydF3aviG+9ni1lDC/OvMHcxqEFV0+LANZG5R1bFMWfUrjVsdwxJvA==}
    engines: {node: '>=18'}
    hasBin: true

  estree-walker@2.0.2:
    resolution: {integrity: sha512-Rfkk/Mp/DL7JVje3u18FxFujQlTNR2q6QfMSMB7AvCBx91NGj/ba3kCfza0f6dVDbw7YlRf/nDrn7pQrCCyQ/w==}

  focus-trap@7.6.0:
    resolution: {integrity: sha512-1td0l3pMkWJLFipobUcGaf+5DTY4PLDDrcqoSaKP8ediO/CoWCCYk/fT/Y2A4e6TNB+Sh6clRJCjOPPnKoNHnQ==}

  fsevents@2.3.3:
    resolution: {integrity: sha512-5xoDfX+fL7faATnagmWPpbFtwh/R77WmMMqqHGS65C3vvB0YHrgF+B1YmZ3441tMj5n63k0212XNoJwzlhffQw==}
    engines: {node: ^8.16.0 || ^10.6.0 || >=11.0.0}
    os: [darwin]

  he@1.2.0:
    resolution: {integrity: sha512-F/1DnUGPopORZi0ni+CvrCgHQ5FyEAHRLSApuYWMmrbSwoN2Mn/7k+Gl38gJnR7yyDZk6WLXwiGod1JOWNDKGw==}
    hasBin: true

  interactjs@1.10.27:
    resolution: {integrity: sha512-y/8RcCftGAF24gSp76X2JS3XpHiUvDQyhF8i7ujemBz77hwiHDuJzftHx7thY8cxGogwGiPJ+o97kWB6eAXnsA==}

  is-arrayish@0.3.2:
    resolution: {integrity: sha512-eVRqCvVlZbuw3GrM63ovNSNAeA1K16kaR/LRY/92w0zxQ5/1YzwblUX652i4Xs9RwAGjW9d9y6X88t8OaAJfWQ==}

  lit-element@4.1.1:
    resolution: {integrity: sha512-HO9Tkkh34QkTeUmEdNYhMT8hzLid7YlMlATSi1q4q17HE5d9mrrEHJ/o8O2D0cMi182zK1F3v7x0PWFjrhXFew==}

  lit-html@3.2.1:
    resolution: {integrity: sha512-qI/3lziaPMSKsrwlxH/xMgikhQ0EGOX2ICU73Bi/YHFvz2j/yMCIrw4+puF2IpQ4+upd3EWbvnHM9+PnJn48YA==}

  lit@3.2.1:
    resolution: {integrity: sha512-1BBa1E/z0O9ye5fZprPtdqnc0BFzxIxTTOO/tQFmyC/hj1O3jL4TfmLBw0WEwjAokdLwpclkvGgDJwTIh0/22w==}

  lodash-es@4.17.21:
    resolution: {integrity: sha512-mKnC+QJ9pWVzv+C4/U3rRsHapFfHvQFoFB92e52xeyGMcX6/OlIl78je1u8vePzYZSkkogMPJ2yjxxsb89cxyw==}

  luxon@3.5.0:
    resolution: {integrity: sha512-rh+Zjr6DNfUYR3bPwJEnuwDdqMbxZW7LOQfUN4B54+Cl+0o5zaU9RJ6bcidfDtC1cWCZXQ+nvX8bf6bAji37QQ==}
    engines: {node: '>=12'}

  magic-string@0.30.17:
    resolution: {integrity: sha512-sNPKHvyjVf7gyjwS4xGTaW/mCnF8wnjtifKBEhxfZ7E/S8tQ0rssrwGNn6q8JH/ohItJfSQp9mBtQYuTlH5QnA==}

  marked@14.1.4:
    resolution: {integrity: sha512-vkVZ8ONmUdPnjCKc5uTRvmkRbx4EAi2OkTOXmfTDhZz3OFqMNBM1oTTWwTr4HY4uAEojhzPf+Fy8F1DWa3Sndg==}
    engines: {node: '>= 18'}
    hasBin: true

  minimatch@9.0.5:
    resolution: {integrity: sha512-G6T0ZX48xgozx7587koeX9Ys2NYy6Gmv//P89sEte9V9whIapMNF4idKxnW2QtCcLiTWlb/wfCabAtAFWhhBow==}
    engines: {node: '>=16 || 14 >=14.17'}

  muggle-string@0.4.1:
    resolution: {integrity: sha512-VNTrAak/KhO2i8dqqnqnAHOa3cYBwXEZe9h+D5h/1ZqFSTEFHdM65lR7RoIqq3tBBYavsOXV84NoHXZ0AkPyqQ==}

  nanoid@3.3.8:
    resolution: {integrity: sha512-WNLf5Sd8oZxOm+TzppcYk8gVOgP+l58xNy58D0nbUnOxOWRWvlcCV4kUF7ltmI6PsrLl/BgKEyS4mqsGChFN0w==}
    engines: {node: ^10 || ^12 || ^13.7 || ^14 || >=15.0.1}
    hasBin: true

  path-browserify@1.0.1:
    resolution: {integrity: sha512-b7uo2UCUOYZcnF/3ID0lulOJi/bafxa1xPe7ZPsammBSpjSWQkjNxlt635YGS2MiR9GjvuXCtz2emr3jbsz98g==}

  picocolors@1.1.1:
    resolution: {integrity: sha512-xceH2snhtb5M9liqDsmEw56le376mTZkEX/jEb/RxNFyegNul7eNslCXP9FDj/Lcu0X8KEyMceP2ntpaHrDEVA==}

  postcss@8.5.1:
    resolution: {integrity: sha512-6oz2beyjc5VMn/KV1pPw8fliQkhBXrVn1Z3TVyqZxU8kZpzEKhBdmCFqI6ZbmGtamQvQGuU1sgPTk8ZrXDD7jQ==}
    engines: {node: ^10 || ^12 || >=14}

  rollup@4.30.1:
    resolution: {integrity: sha512-mlJ4glW020fPuLi7DkM/lN97mYEZGWeqBnrljzN0gs7GLctqX3lNWxKQ7Gl712UAX+6fog/L3jh4gb7R6aVi3w==}
    engines: {node: '>=18.0.0', npm: '>=8.0.0'}
    hasBin: true

  simple-swizzle@0.2.2:
    resolution: {integrity: sha512-JA//kQgZtbuY83m+xT+tXJkmJncGMTFT+C+g2h2R9uxkYIrE2yy9sgmcLhCnw57/WSD+Eh3J97FPEDFnbXnDUg==}

  sortablejs@1.15.3:
    resolution: {integrity: sha512-zdK3/kwwAK1cJgy1rwl1YtNTbRmc8qW/+vgXf75A7NHag5of4pyI6uK86ktmQETyWRH7IGaE73uZOOBcGxgqZg==}

  sortablejs@1.15.6:
    resolution: {integrity: sha512-aNfiuwMEpfBM/CN6LY0ibyhxPfPbyFeBTYJKCvzkJ2GkUpazIt3H+QIPAMHwqQ7tMKaHz1Qj+rJJCqljnf4p3A==}

  source-map-js@1.2.1:
    resolution: {integrity: sha512-UXWMKhLOwVKb728IUtQPXxfYU+usdybtUrK/8uGE8CQMvrhOpwvzDBwj0QhSL7MQc7vIsISBG8VQ8+IDQxpfQA==}
    engines: {node: '>=0.10.0'}

  tabbable@6.2.0:
    resolution: {integrity: sha512-Cat63mxsVJlzYvN51JmVXIgNoUokrIaT2zLclCXjRd8boZ0004U4KCs/sToJ75C6sdlByWxpYnb5Boif1VSFew==}

  timezone-groups@0.10.2:
    resolution: {integrity: sha512-01G9JdlIybA9Njp0wJcGenXKWAw+woWbv6W/oMexWyPs7Nr/S2p2n1NRrMHbHaFzdf+PNNStQp1WILdnAGjYXQ==}
    engines: {node: '>=18.12.0'}

  type-fest@4.18.2:
    resolution: {integrity: sha512-+suCYpfJLAe4OXS6+PPXjW3urOS4IoP9waSiLuXfLgqZODKw/aWwASvzqE886wA0kQgGy0mIWyhd87VpqIy6Xg==}
    engines: {node: '>=16'}

  typescript@5.7.3:
    resolution: {integrity: sha512-84MVSjMEHP+FQRPy3pX9sTVV/INIex71s9TL2Gm5FG/WG1SqXeKyZ0k7/blY/4FdOzI12CBy1vGc4og/eus0fw==}
    engines: {node: '>=14.17'}
    hasBin: true

  vite@6.0.7:
    resolution: {integrity: sha512-RDt8r/7qx9940f8FcOIAH9PTViRrghKaK2K1jY3RaAURrEUbm9Du1mJ72G+jlhtG3WwodnfzY8ORQZbBavZEAQ==}
    engines: {node: ^18.0.0 || ^20.0.0 || >=22.0.0}
    hasBin: true
    peerDependencies:
      '@types/node': ^18.0.0 || ^20.0.0 || >=22.0.0
      jiti: '>=1.21.0'
      less: '*'
      lightningcss: ^1.21.0
      sass: '*'
      sass-embedded: '*'
      stylus: '*'
      sugarss: '*'
      terser: ^5.16.0
      tsx: ^4.8.1
      yaml: ^2.4.2
    peerDependenciesMeta:
      '@types/node':
        optional: true
      jiti:
        optional: true
      less:
        optional: true
      lightningcss:
        optional: true
      sass:
        optional: true
      sass-embedded:
        optional: true
      stylus:
        optional: true
      sugarss:
        optional: true
      terser:
        optional: true
      tsx:
        optional: true
      yaml:
        optional: true

  vscode-uri@3.0.8:
    resolution: {integrity: sha512-AyFQ0EVmsOZOlAnxoFOGOq1SQDWAB7C6aqMGS23svWAllfOaxbuFvcT8D1i8z3Gyn8fraVeZNNmN6e9bxxXkKw==}

  vue-tsc@2.2.0:
    resolution: {integrity: sha512-gtmM1sUuJ8aSb0KoAFmK9yMxb8TxjewmxqTJ1aKphD5Cbu0rULFY6+UQT51zW7SpUcenfPUuflKyVwyx9Qdnxg==}
    hasBin: true
    peerDependencies:
      typescript: '>=5.0.0'

  vue@3.5.13:
    resolution: {integrity: sha512-wmeiSMxkZCSc+PM2w2VRsOYAZC8GdipNFRTsLSfodVqI9mbejKeXEGr8SckuLnrQPGe3oJN5c3K0vpoU9q/wCQ==}
    peerDependencies:
      typescript: '*'
    peerDependenciesMeta:
      typescript:
        optional: true

  xss@1.0.13:
    resolution: {integrity: sha512-clu7dxTm1e8Mo5fz3n/oW3UCXBfV89xZ72jM8yzo1vR/pIS0w3sgB3XV2H8Vm6zfGnHL0FzvLJPJEBhd86/z4Q==}
    engines: {node: '>= 0.10.0'}
    hasBin: true

snapshots:

  '@arcgis/core@4.31.6(@floating-ui/utils@0.2.9)':
    dependencies:
      '@esri/arcgis-html-sanitizer': 4.1.0
      '@esri/calcite-colors': 6.1.0
      '@esri/calcite-components': 2.13.2(@floating-ui/utils@0.2.9)
      '@vaadin/grid': 24.5.7
      '@zip.js/zip.js': 2.7.54
      luxon: 3.5.0
      marked: 14.1.4
      sortablejs: 1.15.6
    transitivePeerDependencies:
      - '@floating-ui/utils'

  '@babel/helper-string-parser@7.25.9': {}

  '@babel/helper-validator-identifier@7.25.9': {}

  '@babel/parser@7.26.5':
    dependencies:
      '@babel/types': 7.26.5

  '@babel/types@7.26.5':
    dependencies:
      '@babel/helper-string-parser': 7.25.9
      '@babel/helper-validator-identifier': 7.25.9

  '@esbuild/aix-ppc64@0.24.2':
    optional: true

  '@esbuild/android-arm64@0.24.2':
    optional: true

  '@esbuild/android-arm@0.24.2':
    optional: true

  '@esbuild/android-x64@0.24.2':
    optional: true

  '@esbuild/darwin-arm64@0.24.2':
    optional: true

  '@esbuild/darwin-x64@0.24.2':
    optional: true

  '@esbuild/freebsd-arm64@0.24.2':
    optional: true

  '@esbuild/freebsd-x64@0.24.2':
    optional: true

  '@esbuild/linux-arm64@0.24.2':
    optional: true

  '@esbuild/linux-arm@0.24.2':
    optional: true

  '@esbuild/linux-ia32@0.24.2':
    optional: true

  '@esbuild/linux-loong64@0.24.2':
    optional: true

  '@esbuild/linux-mips64el@0.24.2':
    optional: true

  '@esbuild/linux-ppc64@0.24.2':
    optional: true

  '@esbuild/linux-riscv64@0.24.2':
    optional: true

  '@esbuild/linux-s390x@0.24.2':
    optional: true

  '@esbuild/linux-x64@0.24.2':
    optional: true

  '@esbuild/netbsd-arm64@0.24.2':
    optional: true

  '@esbuild/netbsd-x64@0.24.2':
    optional: true

  '@esbuild/openbsd-arm64@0.24.2':
    optional: true

  '@esbuild/openbsd-x64@0.24.2':
    optional: true

  '@esbuild/sunos-x64@0.24.2':
    optional: true

  '@esbuild/win32-arm64@0.24.2':
    optional: true

  '@esbuild/win32-ia32@0.24.2':
    optional: true

  '@esbuild/win32-x64@0.24.2':
    optional: true

  '@esri/arcgis-html-sanitizer@4.1.0':
    dependencies:
      xss: 1.0.13

  '@esri/calcite-colors@6.1.0': {}

  '@esri/calcite-components@2.13.2(@floating-ui/utils@0.2.9)':
    dependencies:
      '@esri/calcite-ui-icons': 3.32.0
      '@floating-ui/dom': 1.6.11
      '@stencil/core': 4.20.0
      '@types/color': 3.0.6
      '@types/sortablejs': 1.15.8
      color: 4.2.3
      composed-offset-position: 0.0.6(@floating-ui/utils@0.2.9)
      dayjs: 1.11.13
      focus-trap: 7.6.0
      interactjs: 1.10.27
      lodash-es: 4.17.21
      sortablejs: 1.15.3
      timezone-groups: 0.10.2
      type-fest: 4.18.2
    transitivePeerDependencies:
      - '@floating-ui/utils'

  '@esri/calcite-ui-icons@3.32.0': {}

  '@floating-ui/core@1.6.9':
    dependencies:
      '@floating-ui/utils': 0.2.9

  '@floating-ui/dom@1.6.11':
    dependencies:
      '@floating-ui/core': 1.6.9
      '@floating-ui/utils': 0.2.9

  '@floating-ui/utils@0.2.9': {}

  '@interactjs/types@1.10.27': {}

  '@jridgewell/sourcemap-codec@1.5.0': {}

  '@lit-labs/ssr-dom-shim@1.3.0': {}

  '@lit/reactive-element@2.0.4':
    dependencies:
      '@lit-labs/ssr-dom-shim': 1.3.0

  '@open-wc/dedupe-mixin@1.4.0': {}

  '@polymer/polymer@3.5.2':
    dependencies:
      '@webcomponents/shadycss': 1.11.2

  '@rollup/rollup-android-arm-eabi@4.30.1':
    optional: true

  '@rollup/rollup-android-arm64@4.30.1':
    optional: true

  '@rollup/rollup-darwin-arm64@4.30.1':
    optional: true

  '@rollup/rollup-darwin-x64@4.30.1':
    optional: true

  '@rollup/rollup-freebsd-arm64@4.30.1':
    optional: true

  '@rollup/rollup-freebsd-x64@4.30.1':
    optional: true

  '@rollup/rollup-linux-arm-gnueabihf@4.30.1':
    optional: true

  '@rollup/rollup-linux-arm-musleabihf@4.30.1':
    optional: true

  '@rollup/rollup-linux-arm64-gnu@4.30.1':
    optional: true

  '@rollup/rollup-linux-arm64-musl@4.30.1':
    optional: true

  '@rollup/rollup-linux-loongarch64-gnu@4.30.1':
    optional: true

  '@rollup/rollup-linux-powerpc64le-gnu@4.30.1':
    optional: true

  '@rollup/rollup-linux-riscv64-gnu@4.30.1':
    optional: true

  '@rollup/rollup-linux-s390x-gnu@4.30.1':
    optional: true

  '@rollup/rollup-linux-x64-gnu@4.30.1':
    optional: true

  '@rollup/rollup-linux-x64-musl@4.30.1':
    optional: true

  '@rollup/rollup-win32-arm64-msvc@4.30.1':
    optional: true

  '@rollup/rollup-win32-ia32-msvc@4.30.1':
    optional: true

  '@rollup/rollup-win32-x64-msvc@4.30.1':
    optional: true

  '@stencil/core@4.20.0': {}

  '@types/color-convert@2.0.4':
    dependencies:
      '@types/color-name': 1.1.5

  '@types/color-name@1.1.5': {}

  '@types/color@3.0.6':
    dependencies:
      '@types/color-convert': 2.0.4

  '@types/estree@1.0.6': {}

  '@types/sortablejs@1.15.8': {}

  '@types/trusted-types@2.0.7': {}

  '@vaadin/a11y-base@24.5.7':
    dependencies:
      '@open-wc/dedupe-mixin': 1.4.0
      '@polymer/polymer': 3.5.2
      '@vaadin/component-base': 24.5.7
      lit: 3.2.1

  '@vaadin/checkbox@24.5.7':
    dependencies:
      '@open-wc/dedupe-mixin': 1.4.0
      '@polymer/polymer': 3.5.2
      '@vaadin/a11y-base': 24.5.7
      '@vaadin/component-base': 24.5.7
      '@vaadin/field-base': 24.5.7
      '@vaadin/vaadin-lumo-styles': 24.5.7
      '@vaadin/vaadin-material-styles': 24.5.7
      '@vaadin/vaadin-themable-mixin': 24.5.7
      lit: 3.2.1

  '@vaadin/component-base@24.5.7':
    dependencies:
      '@open-wc/dedupe-mixin': 1.4.0
      '@polymer/polymer': 3.5.2
      '@vaadin/vaadin-development-mode-detector': 2.0.7
      '@vaadin/vaadin-usage-statistics': 2.1.3
      lit: 3.2.1

  '@vaadin/field-base@24.5.7':
    dependencies:
      '@open-wc/dedupe-mixin': 1.4.0
      '@polymer/polymer': 3.5.2
      '@vaadin/a11y-base': 24.5.7
      '@vaadin/component-base': 24.5.7
      lit: 3.2.1

  '@vaadin/grid@24.5.7':
    dependencies:
      '@open-wc/dedupe-mixin': 1.4.0
      '@polymer/polymer': 3.5.2
      '@vaadin/a11y-base': 24.5.7
      '@vaadin/checkbox': 24.5.7
      '@vaadin/component-base': 24.5.7
      '@vaadin/lit-renderer': 24.5.7
      '@vaadin/text-field': 24.5.7
      '@vaadin/vaadin-lumo-styles': 24.5.7
      '@vaadin/vaadin-material-styles': 24.5.7
      '@vaadin/vaadin-themable-mixin': 24.5.7
      lit: 3.2.1

  '@vaadin/icon@24.5.7':
    dependencies:
      '@open-wc/dedupe-mixin': 1.4.0
      '@polymer/polymer': 3.5.2
      '@vaadin/component-base': 24.5.7
      '@vaadin/vaadin-lumo-styles': 24.5.7
      '@vaadin/vaadin-themable-mixin': 24.5.7
      lit: 3.2.1

  '@vaadin/input-container@24.5.7':
    dependencies:
      '@polymer/polymer': 3.5.2
      '@vaadin/component-base': 24.5.7
      '@vaadin/vaadin-lumo-styles': 24.5.7
      '@vaadin/vaadin-material-styles': 24.5.7
      '@vaadin/vaadin-themable-mixin': 24.5.7
      lit: 3.2.1

  '@vaadin/lit-renderer@24.5.7':
    dependencies:
      lit: 3.2.1

  '@vaadin/text-field@24.5.7':
    dependencies:
      '@open-wc/dedupe-mixin': 1.4.0
      '@polymer/polymer': 3.5.2
      '@vaadin/a11y-base': 24.5.7
      '@vaadin/component-base': 24.5.7
      '@vaadin/field-base': 24.5.7
      '@vaadin/input-container': 24.5.7
      '@vaadin/vaadin-lumo-styles': 24.5.7
      '@vaadin/vaadin-material-styles': 24.5.7
      '@vaadin/vaadin-themable-mixin': 24.5.7
      lit: 3.2.1

  '@vaadin/vaadin-development-mode-detector@2.0.7': {}

  '@vaadin/vaadin-lumo-styles@24.5.7':
    dependencies:
      '@polymer/polymer': 3.5.2
      '@vaadin/component-base': 24.5.7
      '@vaadin/icon': 24.5.7
      '@vaadin/vaadin-themable-mixin': 24.5.7

  '@vaadin/vaadin-material-styles@24.5.7':
    dependencies:
      '@polymer/polymer': 3.5.2
      '@vaadin/component-base': 24.5.7
      '@vaadin/vaadin-themable-mixin': 24.5.7

  '@vaadin/vaadin-themable-mixin@24.5.7':
    dependencies:
      '@open-wc/dedupe-mixin': 1.4.0
      lit: 3.2.1

  '@vaadin/vaadin-usage-statistics@2.1.3':
    dependencies:
      '@vaadin/vaadin-development-mode-detector': 2.0.7

  '@vitejs/plugin-vue@5.2.1(vite@6.0.7)(vue@3.5.13(typescript@5.7.3))':
    dependencies:
      vite: 6.0.7
      vue: 3.5.13(typescript@5.7.3)

  '@volar/language-core@2.4.11':
    dependencies:
      '@volar/source-map': 2.4.11

  '@volar/source-map@2.4.11': {}

  '@volar/typescript@2.4.11':
    dependencies:
      '@volar/language-core': 2.4.11
      path-browserify: 1.0.1
      vscode-uri: 3.0.8

  '@vue/compiler-core@3.5.13':
    dependencies:
      '@babel/parser': 7.26.5
      '@vue/shared': 3.5.13
      entities: 4.5.0
      estree-walker: 2.0.2
      source-map-js: 1.2.1

  '@vue/compiler-dom@3.5.13':
    dependencies:
      '@vue/compiler-core': 3.5.13
      '@vue/shared': 3.5.13

  '@vue/compiler-sfc@3.5.13':
    dependencies:
      '@babel/parser': 7.26.5
      '@vue/compiler-core': 3.5.13
      '@vue/compiler-dom': 3.5.13
      '@vue/compiler-ssr': 3.5.13
      '@vue/shared': 3.5.13
      estree-walker: 2.0.2
      magic-string: 0.30.17
      postcss: 8.5.1
      source-map-js: 1.2.1

  '@vue/compiler-ssr@3.5.13':
    dependencies:
      '@vue/compiler-dom': 3.5.13
      '@vue/shared': 3.5.13

  '@vue/compiler-vue2@2.7.16':
    dependencies:
      de-indent: 1.0.2
      he: 1.2.0

  '@vue/language-core@2.2.0(typescript@5.7.3)':
    dependencies:
      '@volar/language-core': 2.4.11
      '@vue/compiler-dom': 3.5.13
      '@vue/compiler-vue2': 2.7.16
      '@vue/shared': 3.5.13
      alien-signals: 0.4.14
      minimatch: 9.0.5
      muggle-string: 0.4.1
      path-browserify: 1.0.1
    optionalDependencies:
      typescript: 5.7.3

  '@vue/reactivity@3.5.13':
    dependencies:
      '@vue/shared': 3.5.13

  '@vue/runtime-core@3.5.13':
    dependencies:
      '@vue/reactivity': 3.5.13
      '@vue/shared': 3.5.13

  '@vue/runtime-dom@3.5.13':
    dependencies:
      '@vue/reactivity': 3.5.13
      '@vue/runtime-core': 3.5.13
      '@vue/shared': 3.5.13
      csstype: 3.1.3

  '@vue/server-renderer@3.5.13(vue@3.5.13(typescript@5.7.3))':
    dependencies:
      '@vue/compiler-ssr': 3.5.13
      '@vue/shared': 3.5.13
      vue: 3.5.13(typescript@5.7.3)

  '@vue/shared@3.5.13': {}

  '@webcomponents/shadycss@1.11.2': {}

  '@zip.js/zip.js@2.7.54': {}

  alien-signals@0.4.14: {}

  balanced-match@1.0.2: {}

  brace-expansion@2.0.1:
    dependencies:
      balanced-match: 1.0.2

  color-convert@2.0.1:
    dependencies:
      color-name: 1.1.4

  color-name@1.1.4: {}

  color-string@1.9.1:
    dependencies:
      color-name: 1.1.4
      simple-swizzle: 0.2.2

  color@4.2.3:
    dependencies:
      color-convert: 2.0.1
      color-string: 1.9.1

  commander@2.20.3: {}

  composed-offset-position@0.0.6(@floating-ui/utils@0.2.9):
    dependencies:
      '@floating-ui/utils': 0.2.9

  cssfilter@0.0.10: {}

  csstype@3.1.3: {}

  dayjs@1.11.13: {}

  de-indent@1.0.2: {}

  entities@4.5.0: {}

  esbuild@0.24.2:
    optionalDependencies:
      '@esbuild/aix-ppc64': 0.24.2
      '@esbuild/android-arm': 0.24.2
      '@esbuild/android-arm64': 0.24.2
      '@esbuild/android-x64': 0.24.2
      '@esbuild/darwin-arm64': 0.24.2
      '@esbuild/darwin-x64': 0.24.2
      '@esbuild/freebsd-arm64': 0.24.2
      '@esbuild/freebsd-x64': 0.24.2
      '@esbuild/linux-arm': 0.24.2
      '@esbuild/linux-arm64': 0.24.2
      '@esbuild/linux-ia32': 0.24.2
      '@esbuild/linux-loong64': 0.24.2
      '@esbuild/linux-mips64el': 0.24.2
      '@esbuild/linux-ppc64': 0.24.2
      '@esbuild/linux-riscv64': 0.24.2
      '@esbuild/linux-s390x': 0.24.2
      '@esbuild/linux-x64': 0.24.2
      '@esbuild/netbsd-arm64': 0.24.2
      '@esbuild/netbsd-x64': 0.24.2
      '@esbuild/openbsd-arm64': 0.24.2
      '@esbuild/openbsd-x64': 0.24.2
      '@esbuild/sunos-x64': 0.24.2
      '@esbuild/win32-arm64': 0.24.2
      '@esbuild/win32-ia32': 0.24.2
      '@esbuild/win32-x64': 0.24.2

  estree-walker@2.0.2: {}

  focus-trap@7.6.0:
    dependencies:
      tabbable: 6.2.0

  fsevents@2.3.3:
    optional: true

  he@1.2.0: {}

  interactjs@1.10.27:
    dependencies:
      '@interactjs/types': 1.10.27

  is-arrayish@0.3.2: {}

  lit-element@4.1.1:
    dependencies:
      '@lit-labs/ssr-dom-shim': 1.3.0
      '@lit/reactive-element': 2.0.4
      lit-html: 3.2.1

  lit-html@3.2.1:
    dependencies:
      '@types/trusted-types': 2.0.7

  lit@3.2.1:
    dependencies:
      '@lit/reactive-element': 2.0.4
      lit-element: 4.1.1
      lit-html: 3.2.1

  lodash-es@4.17.21: {}

  luxon@3.5.0: {}

  magic-string@0.30.17:
    dependencies:
      '@jridgewell/sourcemap-codec': 1.5.0

  marked@14.1.4: {}

  minimatch@9.0.5:
    dependencies:
      brace-expansion: 2.0.1

  muggle-string@0.4.1: {}

  nanoid@3.3.8: {}

  path-browserify@1.0.1: {}

  picocolors@1.1.1: {}

  postcss@8.5.1:
    dependencies:
      nanoid: 3.3.8
      picocolors: 1.1.1
      source-map-js: 1.2.1

  rollup@4.30.1:
    dependencies:
      '@types/estree': 1.0.6
    optionalDependencies:
      '@rollup/rollup-android-arm-eabi': 4.30.1
      '@rollup/rollup-android-arm64': 4.30.1
      '@rollup/rollup-darwin-arm64': 4.30.1
      '@rollup/rollup-darwin-x64': 4.30.1
      '@rollup/rollup-freebsd-arm64': 4.30.1
      '@rollup/rollup-freebsd-x64': 4.30.1
      '@rollup/rollup-linux-arm-gnueabihf': 4.30.1
      '@rollup/rollup-linux-arm-musleabihf': 4.30.1
      '@rollup/rollup-linux-arm64-gnu': 4.30.1
      '@rollup/rollup-linux-arm64-musl': 4.30.1
      '@rollup/rollup-linux-loongarch64-gnu': 4.30.1
      '@rollup/rollup-linux-powerpc64le-gnu': 4.30.1
      '@rollup/rollup-linux-riscv64-gnu': 4.30.1
      '@rollup/rollup-linux-s390x-gnu': 4.30.1
      '@rollup/rollup-linux-x64-gnu': 4.30.1
      '@rollup/rollup-linux-x64-musl': 4.30.1
      '@rollup/rollup-win32-arm64-msvc': 4.30.1
      '@rollup/rollup-win32-ia32-msvc': 4.30.1
      '@rollup/rollup-win32-x64-msvc': 4.30.1
      fsevents: 2.3.3

  simple-swizzle@0.2.2:
    dependencies:
      is-arrayish: 0.3.2

  sortablejs@1.15.3: {}

  sortablejs@1.15.6: {}

  source-map-js@1.2.1: {}

  tabbable@6.2.0: {}

  timezone-groups@0.10.2: {}

  type-fest@4.18.2: {}

  typescript@5.7.3: {}

  vite@6.0.7:
    dependencies:
      esbuild: 0.24.2
      postcss: 8.5.1
      rollup: 4.30.1
    optionalDependencies:
      fsevents: 2.3.3

  vscode-uri@3.0.8: {}

  vue-tsc@2.2.0(typescript@5.7.3):
    dependencies:
      '@volar/typescript': 2.4.11
      '@vue/language-core': 2.2.0(typescript@5.7.3)
      typescript: 5.7.3

  vue@3.5.13(typescript@5.7.3):
    dependencies:
      '@vue/compiler-dom': 3.5.13
      '@vue/compiler-sfc': 3.5.13
      '@vue/runtime-dom': 3.5.13
      '@vue/server-renderer': 3.5.13(vue@3.5.13(typescript@5.7.3))
      '@vue/shared': 3.5.13
    optionalDependencies:
      typescript: 5.7.3

  xss@1.0.13:
    dependencies:
      commander: 2.20.3
      cssfilter: 0.0.10
